PODS:
  - PromisedFuture (1.0.1)
  - PromiseKit (6.13.1):
    - PromiseKit/CorePromise (= 6.13.1)
    - PromiseKit/Foundation (= 6.13.1)
    - PromiseKit/UIKit (= 6.13.1)
  - PromiseKit/CorePromise (6.13.1)
  - PromiseKit/Foundation (6.13.1):
    - PromiseKit/CorePromise
  - PromiseKit/UIKit (6.13.1):
    - PromiseKit/CorePromise
  - SearchTextField (1.2.4)
  - Sourcery (0.17.0)

DEPENDENCIES:
  - PromisedFuture
  - PromiseKit
  - SearchTextField
  - Sourcery

SPEC REPOS:
  https://github.com/cocoapods/specs.git:
    - PromisedFuture
    - PromiseKit
    - SearchTextField
    - Sourcery

SPEC CHECKSUMS:
  PromisedFuture: 3f863d17c047c3474c85045b254bb1c94743ed0f
  PromiseKit: 28fda91c973cc377875d8c0ea4f973013c05b6db
  SearchTextField: 40dc3cc57def5a211f263cac263622c163bbc25a
  Sourcery: 3ed61be7c8a1218fce349266139379dba477efe0

PODFILE CHECKSUM: 402a2718a06bdac03c0db3c49580172b355cbec4

COCOAPODS: 1.6.0
