// !$*UTF8*$!
{
	archiveVersion = 1;
	classes = {
	};
	objectVersion = 50;
	objects = {

/* Begin PBXBuildFile section */
		3C043F33214D5E6A00A91AE3 /* ErrorViewModel.swift in Sources */ = {isa = PBXBuildFile; fileRef = 3C043F32214D5E6A00A91AE3 /* ErrorViewModel.swift */; };
		3C043F37214D5E8B00A91AE3 /* ErrorPresenter.swift in Sources */ = {isa = PBXBuildFile; fileRef = 3C043F36214D5E8B00A91AE3 /* ErrorPresenter.swift */; };
		3C0DD7A82125FFA500F8FBDC /* RootViewController.swift in Sources */ = {isa = PBXBuildFile; fileRef = 3C0DD79A2125FFA500F8FBDC /* RootViewController.swift */; };
		3C18E52D215B9751009523AC /* TasksTabViewCell.swift in Sources */ = {isa = PBXBuildFile; fileRef = 3C18E52C215B9751009523AC /* TasksTabViewCell.swift */; };
		3C18E52F215B97C0009523AC /* TasksTabViewHeader.swift in Sources */ = {isa = PBXBuildFile; fileRef = 3C18E52E215B97C0009523AC /* TasksTabViewHeader.swift */; };
		3C230AA821558BA5004477A3 /* Statuses.swift in Sources */ = {isa = PBXBuildFile; fileRef = 3C230AA721558BA5004477A3 /* Statuses.swift */; };
		3C24BAEC215613AB00E28966 /* String+Extensions.swift in Sources */ = {isa = PBXBuildFile; fileRef = 3C24BAEB215613AB00E28966 /* String+Extensions.swift */; };
		3C2D8FDC21270AF100BDEA18 /* MainTabBarVwController.swift in Sources */ = {isa = PBXBuildFile; fileRef = 3C2D8FDB21270AF100BDEA18 /* MainTabBarVwController.swift */; };
		3C2D8FE3212819E200BDEA18 /* UserDefaults+Extension.swift in Sources */ = {isa = PBXBuildFile; fileRef = 3C2D8FE2212819E200BDEA18 /* UserDefaults+Extension.swift */; };
		3C40AED8212D8C090077DDC5 /* Events.swift in Sources */ = {isa = PBXBuildFile; fileRef = 3C40AED7212D8C090077DDC5 /* Events.swift */; };
		3C40AEDC212D8C1F0077DDC5 /* Pagination.swift in Sources */ = {isa = PBXBuildFile; fileRef = 3C40AEDB212D8C1F0077DDC5 /* Pagination.swift */; };
		3C40AEE0212D8C2F0077DDC5 /* Event.swift in Sources */ = {isa = PBXBuildFile; fileRef = 3C40AEDF212D8C2F0077DDC5 /* Event.swift */; };
		3C40AEE9212D8E550077DDC5 /* EventsTabPresenter.swift in Sources */ = {isa = PBXBuildFile; fileRef = 3C40AEE3212D8E550077DDC5 /* EventsTabPresenter.swift */; };
		3C40AEEC212D8E550077DDC5 /* EventsTabWorker.swift in Sources */ = {isa = PBXBuildFile; fileRef = 3C40AEE4212D8E550077DDC5 /* EventsTabWorker.swift */; };
		3C40AEEF212D8E550077DDC5 /* EventsTabRouter.swift in Sources */ = {isa = PBXBuildFile; fileRef = 3C40AEE5212D8E550077DDC5 /* EventsTabRouter.swift */; };
		3C40AEF2212D8E550077DDC5 /* EventsTabModels.swift in Sources */ = {isa = PBXBuildFile; fileRef = 3C40AEE6212D8E550077DDC5 /* EventsTabModels.swift */; };
		3C40AEF5212D8E550077DDC5 /* EventsTabViewController.swift in Sources */ = {isa = PBXBuildFile; fileRef = 3C40AEE7212D8E550077DDC5 /* EventsTabViewController.swift */; };
		3C40AEF8212D8E550077DDC5 /* EventsTabInteractor.swift in Sources */ = {isa = PBXBuildFile; fileRef = 3C40AEE8212D8E550077DDC5 /* EventsTabInteractor.swift */; };
		3C40AEFD212D8E920077DDC5 /* EventsTabView.swift in Sources */ = {isa = PBXBuildFile; fileRef = 3C40AEFC212D8E920077DDC5 /* EventsTabView.swift */; };
		3C40AF02212D8EB90077DDC5 /* EventsTabViewCell.swift in Sources */ = {isa = PBXBuildFile; fileRef = 3C40AF01212D8EB90077DDC5 /* EventsTabViewCell.swift */; };
		3C40AF06212D8EE50077DDC5 /* EventsTabViewHeader.swift in Sources */ = {isa = PBXBuildFile; fileRef = 3C40AF05212D8EE50077DDC5 /* EventsTabViewHeader.swift */; };
		3C40AF14212D917B0077DDC5 /* User.swift in Sources */ = {isa = PBXBuildFile; fileRef = 3C40AF13212D917B0077DDC5 /* User.swift */; };
		3C40AF1D212D91F30077DDC5 /* UserTabPresenter.swift in Sources */ = {isa = PBXBuildFile; fileRef = 3C40AF17212D91F30077DDC5 /* UserTabPresenter.swift */; };
		3C40AF20212D91F30077DDC5 /* UserTabWorker.swift in Sources */ = {isa = PBXBuildFile; fileRef = 3C40AF18212D91F30077DDC5 /* UserTabWorker.swift */; };
		3C40AF23212D91F30077DDC5 /* UserTabRouter.swift in Sources */ = {isa = PBXBuildFile; fileRef = 3C40AF19212D91F30077DDC5 /* UserTabRouter.swift */; };
		3C40AF26212D91F30077DDC5 /* UserTabModels.swift in Sources */ = {isa = PBXBuildFile; fileRef = 3C40AF1A212D91F30077DDC5 /* UserTabModels.swift */; };
		3C40AF29212D91F30077DDC5 /* UserTabViewController.swift in Sources */ = {isa = PBXBuildFile; fileRef = 3C40AF1B212D91F30077DDC5 /* UserTabViewController.swift */; };
		3C40AF2C212D91F30077DDC5 /* UserTabInteractor.swift in Sources */ = {isa = PBXBuildFile; fileRef = 3C40AF1C212D91F30077DDC5 /* UserTabInteractor.swift */; };
		3C40AF31212D92610077DDC5 /* Usergroup.swift in Sources */ = {isa = PBXBuildFile; fileRef = 3C40AF30212D92610077DDC5 /* Usergroup.swift */; };
		3C40AF37212DAE8E0077DDC5 /* Base.swift in Sources */ = {isa = PBXBuildFile; fileRef = 3C40AF36212DAE8E0077DDC5 /* Base.swift */; };
		3C41E924212D723E00C2E242 /* Basic.swift in Sources */ = {isa = PBXBuildFile; fileRef = 3C41E923212D723E00C2E242 /* Basic.swift */; };
		3C570A46216552E100154B93 /* ToDosTabView.swift in Sources */ = {isa = PBXBuildFile; fileRef = 3C570A45216552E100154B93 /* ToDosTabView.swift */; };
		3C570A492165533300154B93 /* ToDosTabViewCell.swift in Sources */ = {isa = PBXBuildFile; fileRef = 3C570A482165533300154B93 /* ToDosTabViewCell.swift */; };
		3C570A4B2165537900154B93 /* ToDosTabViewHeader.swift in Sources */ = {isa = PBXBuildFile; fileRef = 3C570A4A2165537900154B93 /* ToDosTabViewHeader.swift */; };
		3C570A4D2165587500154B93 /* ToDosTabViewController+Extensions.swift in Sources */ = {isa = PBXBuildFile; fileRef = 3C570A4C2165587500154B93 /* ToDosTabViewController+Extensions.swift */; };
		3C570A502165589100154B93 /* ToDosTabViewCell+Extensions.swift in Sources */ = {isa = PBXBuildFile; fileRef = 3C570A4F2165589100154B93 /* ToDosTabViewCell+Extensions.swift */; };
		3C6AC89321260EEC0010DFA5 /* SplashViewController.swift in Sources */ = {isa = PBXBuildFile; fileRef = 3C6AC88521260EEC0010DFA5 /* SplashViewController.swift */; };
		3C6AC8A0212703050010DFA5 /* LaunchScreen.storyboard in Resources */ = {isa = PBXBuildFile; fileRef = 3C6AC89F212703040010DFA5 /* LaunchScreen.storyboard */; };
		3C70E1812154EAC1009F640D /* PureLayout.framework in Frameworks */ = {isa = PBXBuildFile; fileRef = 3C70E1802154EAC1009F640D /* PureLayout.framework */; };
		3C7337A92150427C0045F9E1 /* EventsTabViewController+Extensions.swift in Sources */ = {isa = PBXBuildFile; fileRef = 3C7337A82150427C0045F9E1 /* EventsTabViewController+Extensions.swift */; };
		3C7337AE21504E730045F9E1 /* Kingfisher.framework in Frameworks */ = {isa = PBXBuildFile; fileRef = 3CFAD96E213BF0CD003BAC1C /* Kingfisher.framework */; };
		3C7337AF21504E730045F9E1 /* Stevia.framework in Frameworks */ = {isa = PBXBuildFile; fileRef = 3CFAD96C213BF0B7003BAC1C /* Stevia.framework */; };
		3C7337B221504F310045F9E1 /* Alamofire.framework in Frameworks */ = {isa = PBXBuildFile; fileRef = 3CBE94A0212D757900CE518C /* Alamofire.framework */; };
		3C7337B321504F310045F9E1 /* Arrow.framework in Frameworks */ = {isa = PBXBuildFile; fileRef = 3CBE949E212D756A00CE518C /* Arrow.framework */; };
		3C7337B421504F310045F9E1 /* then.framework in Frameworks */ = {isa = PBXBuildFile; fileRef = 3CBE949C212D756000CE518C /* then.framework */; };
		3C7337B521504F310045F9E1 /* ws.framework in Frameworks */ = {isa = PBXBuildFile; fileRef = 3CBE949A212D755500CE518C /* ws.framework */; };
		3C862BF62157C1DB00428BF9 /* Profile.swift in Sources */ = {isa = PBXBuildFile; fileRef = 3C862BF52157C1DB00428BF9 /* Profile.swift */; };
		3C862BF82157C2F700428BF9 /* Profiles.swift in Sources */ = {isa = PBXBuildFile; fileRef = 3C862BF72157C2F700428BF9 /* Profiles.swift */; };
		3C9A5B6A2167E2CD00A5D35B /* Settings.bundle in Resources */ = {isa = PBXBuildFile; fileRef = 3C9A5B692167E2CD00A5D35B /* Settings.bundle */; };
		3CB468C121479A330088A8B8 /* LoginView.swift in Sources */ = {isa = PBXBuildFile; fileRef = 3CB468C021479A330088A8B8 /* LoginView.swift */; };
		3CB59E61213FC4D900B6E458 /* EventsTabViewCell+Extensions.swift in Sources */ = {isa = PBXBuildFile; fileRef = 3CB59E60213FC4D900B6E458 /* EventsTabViewCell+Extensions.swift */; };
		3CB59E6A2140794800B6E458 /* MainTabBarRouter.swift in Sources */ = {isa = PBXBuildFile; fileRef = 3CB59E692140794800B6E458 /* MainTabBarRouter.swift */; };
		3CB59E6E2140797D00B6E458 /* MainTabBarInteractor.swift in Sources */ = {isa = PBXBuildFile; fileRef = 3CB59E6D2140797D00B6E458 /* MainTabBarInteractor.swift */; };
		3CB59E72214079AD00B6E458 /* MainTabBarModels.swift in Sources */ = {isa = PBXBuildFile; fileRef = 3CB59E71214079AD00B6E458 /* MainTabBarModels.swift */; };
		3CB59E77214079D300B6E458 /* MainTabBarWorker.swift in Sources */ = {isa = PBXBuildFile; fileRef = 3CB59E76214079D300B6E458 /* MainTabBarWorker.swift */; };
		3CB59E7B214079E000B6E458 /* MainTabBarPresenter.swift in Sources */ = {isa = PBXBuildFile; fileRef = 3CB59E7A214079E000B6E458 /* MainTabBarPresenter.swift */; };
		3CBE94A3212D75C700CE518C /* Api.swift in Sources */ = {isa = PBXBuildFile; fileRef = 3CBE94A2212D75C700CE518C /* Api.swift */; };
		3CC3774321688D870020236D /* AppConfig.swift in Sources */ = {isa = PBXBuildFile; fileRef = 3CC3774221688D870020236D /* AppConfig.swift */; };
		3CC3774521688E720020236D /* Notifications+Util.swift in Sources */ = {isa = PBXBuildFile; fileRef = 3CC3774421688E720020236D /* Notifications+Util.swift */; };
		3CC377472168BD480020236D /* TeamplannerTabView.swift in Sources */ = {isa = PBXBuildFile; fileRef = 3CC377462168BD480020236D /* TeamplannerTabView.swift */; };
		3CC3774A2168BDB90020236D /* TeamplannerTabViewCell.swift in Sources */ = {isa = PBXBuildFile; fileRef = 3CC377492168BDB90020236D /* TeamplannerTabViewCell.swift */; };
		3CC3774C2168BDF80020236D /* TeamplannerTabViewHeader.swift in Sources */ = {isa = PBXBuildFile; fileRef = 3CC3774B2168BDF80020236D /* TeamplannerTabViewHeader.swift */; };
		3CC3774E2168C2BE0020236D /* Resourcebooking.swift in Sources */ = {isa = PBXBuildFile; fileRef = 3CC3774D2168C2BE0020236D /* Resourcebooking.swift */; };
		3CC377502168CB010020236D /* Resourcebookings.swift in Sources */ = {isa = PBXBuildFile; fileRef = 3CC3774F2168CB010020236D /* Resourcebookings.swift */; };
		3CC377522168CFEE0020236D /* TeamplannerTabViewCell+Extensions.swift in Sources */ = {isa = PBXBuildFile; fileRef = 3CC377512168CFEE0020236D /* TeamplannerTabViewCell+Extensions.swift */; };
		3CC377552168D0450020236D /* TeamplannerTabViewController+Extensions.swift in Sources */ = {isa = PBXBuildFile; fileRef = 3CC377542168D0450020236D /* TeamplannerTabViewController+Extensions.swift */; };
		3CC37757216946810020236D /* Resource.swift in Sources */ = {isa = PBXBuildFile; fileRef = 3CC37756216946810020236D /* Resource.swift */; };
		3CC377592169E59C0020236D /* Costmodel.swift in Sources */ = {isa = PBXBuildFile; fileRef = 3CC377582169E59C0020236D /* Costmodel.swift */; };
		3CC3775C2169E6270020236D /* BulkResource.swift in Sources */ = {isa = PBXBuildFile; fileRef = 3CC3775B2169E6270020236D /* BulkResource.swift */; };
		3CC3775E2169E8290020236D /* AdHocResource.swift in Sources */ = {isa = PBXBuildFile; fileRef = 3CC3775D2169E8290020236D /* AdHocResource.swift */; };
		3CC377602169E8BE0020236D /* InstantiableResource.swift in Sources */ = {isa = PBXBuildFile; fileRef = 3CC3775F2169E8BE0020236D /* InstantiableResource.swift */; };
		3CC377622169E94E0020236D /* Resourceinstance.swift in Sources */ = {isa = PBXBuildFile; fileRef = 3CC377612169E94E0020236D /* Resourceinstance.swift */; };
		3CC377662169F0090020236D /* ResourceSet.swift in Sources */ = {isa = PBXBuildFile; fileRef = 3CC377652169F0090020236D /* ResourceSet.swift */; };
		3CC37769216A124B0020236D /* InstantiableResourceUse.swift in Sources */ = {isa = PBXBuildFile; fileRef = 3CC37768216A124B0020236D /* InstantiableResourceUse.swift */; };
		3CC3776B216A12A50020236D /* InstantiableResourceUseGroup.swift in Sources */ = {isa = PBXBuildFile; fileRef = 3CC3776A216A12A50020236D /* InstantiableResourceUseGroup.swift */; };
		3CC3776D216A20F30020236D /* ResourceSetUse.swift in Sources */ = {isa = PBXBuildFile; fileRef = 3CC3776C216A20F30020236D /* ResourceSetUse.swift */; };
		3CC3776F216A2DC80020236D /* FreeFormResourceUse.swift in Sources */ = {isa = PBXBuildFile; fileRef = 3CC3776E216A2DC80020236D /* FreeFormResourceUse.swift */; };
		3CC37771216A2FB90020236D /* BulkResourceUse.swift in Sources */ = {isa = PBXBuildFile; fileRef = 3CC37770216A2FB90020236D /* BulkResourceUse.swift */; };
		3CC425B32132140200DCD981 /* ArrowParsable+Extension.swift in Sources */ = {isa = PBXBuildFile; fileRef = 3CC425B22132140200DCD981 /* ArrowParsable+Extension.swift */; };
		3CD59298212AC57B005BBF71 /* LogoutPresenter.swift in Sources */ = {isa = PBXBuildFile; fileRef = 3CD59292212AC57B005BBF71 /* LogoutPresenter.swift */; };
		3CD5929B212AC57B005BBF71 /* LogoutWorker.swift in Sources */ = {isa = PBXBuildFile; fileRef = 3CD59293212AC57B005BBF71 /* LogoutWorker.swift */; };
		3CD5929E212AC57B005BBF71 /* LogoutRouter.swift in Sources */ = {isa = PBXBuildFile; fileRef = 3CD59294212AC57B005BBF71 /* LogoutRouter.swift */; };
		3CD592A1212AC57B005BBF71 /* LogoutModels.swift in Sources */ = {isa = PBXBuildFile; fileRef = 3CD59295212AC57B005BBF71 /* LogoutModels.swift */; };
		3CD592A4212AC57B005BBF71 /* LogoutViewController.swift in Sources */ = {isa = PBXBuildFile; fileRef = 3CD59296212AC57B005BBF71 /* LogoutViewController.swift */; };
		3CD592A7212AC57B005BBF71 /* LogoutInteractor.swift in Sources */ = {isa = PBXBuildFile; fileRef = 3CD59297212AC57B005BBF71 /* LogoutInteractor.swift */; };
		3CD714F42163C26800CC370A /* Task.swift in Sources */ = {isa = PBXBuildFile; fileRef = 3CD714F32163C26800CC370A /* Task.swift */; };
		3CD714F62163E8DE00CC370A /* Tasks.swift in Sources */ = {isa = PBXBuildFile; fileRef = 3CD714F52163E8DE00CC370A /* Tasks.swift */; };
		3CD714F82164038A00CC370A /* TasksTabViewController+Extensions.swift in Sources */ = {isa = PBXBuildFile; fileRef = 3CD714F72164038A00CC370A /* TasksTabViewController+Extensions.swift */; };
		3CD7DBAC21332379001C1B6E /* RestResource.swift in Sources */ = {isa = PBXBuildFile; fileRef = 3CD7DBAB21332379001C1B6E /* RestResource.swift */; };
		3CE7101F2121827900EBF6A5 /* AppDelegate.swift in Sources */ = {isa = PBXBuildFile; fileRef = 3CE7101E2121827900EBF6A5 /* AppDelegate.swift */; };
		3CE710272121827900EBF6A5 /* YesplanVIP.xcdatamodeld in Sources */ = {isa = PBXBuildFile; fileRef = 3CE710252121827900EBF6A5 /* YesplanVIP.xcdatamodeld */; };
		3CE710292121827A00EBF6A5 /* Assets.xcassets in Resources */ = {isa = PBXBuildFile; fileRef = 3CE710282121827A00EBF6A5 /* Assets.xcassets */; };
		3CE710752121A76400EBF6A5 /* TeamplannerPresenter.swift in Sources */ = {isa = PBXBuildFile; fileRef = 3CE7106F2121A76400EBF6A5 /* TeamplannerPresenter.swift */; };
		3CE710782121A76400EBF6A5 /* TeamplannerWorker.swift in Sources */ = {isa = PBXBuildFile; fileRef = 3CE710702121A76400EBF6A5 /* TeamplannerWorker.swift */; };
		3CE7107B2121A76400EBF6A5 /* TeamplannerRouter.swift in Sources */ = {isa = PBXBuildFile; fileRef = 3CE710712121A76400EBF6A5 /* TeamplannerRouter.swift */; };
		3CE7107E2121A76400EBF6A5 /* TeamplannerModels.swift in Sources */ = {isa = PBXBuildFile; fileRef = 3CE710722121A76400EBF6A5 /* TeamplannerModels.swift */; };
		3CE710812121A76400EBF6A5 /* TeamplannerViewController.swift in Sources */ = {isa = PBXBuildFile; fileRef = 3CE710732121A76400EBF6A5 /* TeamplannerViewController.swift */; };
		3CE710842121A76400EBF6A5 /* TeamplannerInteractor.swift in Sources */ = {isa = PBXBuildFile; fileRef = 3CE710742121A76400EBF6A5 /* TeamplannerInteractor.swift */; };
		3CE7108E2121A78800EBF6A5 /* TasksPresenter.swift in Sources */ = {isa = PBXBuildFile; fileRef = 3CE710882121A78800EBF6A5 /* TasksPresenter.swift */; };
		3CE710912121A78800EBF6A5 /* TasksWorker.swift in Sources */ = {isa = PBXBuildFile; fileRef = 3CE710892121A78800EBF6A5 /* TasksWorker.swift */; };
		3CE710942121A78800EBF6A5 /* TasksRouter.swift in Sources */ = {isa = PBXBuildFile; fileRef = 3CE7108A2121A78800EBF6A5 /* TasksRouter.swift */; };
		3CE710972121A78800EBF6A5 /* TasksModels.swift in Sources */ = {isa = PBXBuildFile; fileRef = 3CE7108B2121A78800EBF6A5 /* TasksModels.swift */; };
		3CE7109A2121A78800EBF6A5 /* TasksViewController.swift in Sources */ = {isa = PBXBuildFile; fileRef = 3CE7108C2121A78800EBF6A5 /* TasksViewController.swift */; };
		3CE7109D2121A78800EBF6A5 /* TasksInteractor.swift in Sources */ = {isa = PBXBuildFile; fileRef = 3CE7108D2121A78800EBF6A5 /* TasksInteractor.swift */; };
		3CE710A72121A7A900EBF6A5 /* ContactsPresenter.swift in Sources */ = {isa = PBXBuildFile; fileRef = 3CE710A12121A7A900EBF6A5 /* ContactsPresenter.swift */; };
		3CE710AA2121A7A900EBF6A5 /* ContactsWorker.swift in Sources */ = {isa = PBXBuildFile; fileRef = 3CE710A22121A7A900EBF6A5 /* ContactsWorker.swift */; };
		3CE710AD2121A7A900EBF6A5 /* ContactsRouter.swift in Sources */ = {isa = PBXBuildFile; fileRef = 3CE710A32121A7A900EBF6A5 /* ContactsRouter.swift */; };
		3CE710B02121A7A900EBF6A5 /* ContactsModels.swift in Sources */ = {isa = PBXBuildFile; fileRef = 3CE710A42121A7A900EBF6A5 /* ContactsModels.swift */; };
		3CE710B32121A7A900EBF6A5 /* ContactsViewController.swift in Sources */ = {isa = PBXBuildFile; fileRef = 3CE710A52121A7A900EBF6A5 /* ContactsViewController.swift */; };
		3CE710B62121A7A900EBF6A5 /* ContactsInteractor.swift in Sources */ = {isa = PBXBuildFile; fileRef = 3CE710A62121A7A900EBF6A5 /* ContactsInteractor.swift */; };
		3CE710C02121A7E300EBF6A5 /* ToDosPresenter.swift in Sources */ = {isa = PBXBuildFile; fileRef = 3CE710BA2121A7E300EBF6A5 /* ToDosPresenter.swift */; };
		3CE710C32121A7E300EBF6A5 /* ToDosWorker.swift in Sources */ = {isa = PBXBuildFile; fileRef = 3CE710BB2121A7E300EBF6A5 /* ToDosWorker.swift */; };
		3CE710C62121A7E300EBF6A5 /* ToDosRouter.swift in Sources */ = {isa = PBXBuildFile; fileRef = 3CE710BC2121A7E300EBF6A5 /* ToDosRouter.swift */; };
		3CE710C92121A7E300EBF6A5 /* ToDosModels.swift in Sources */ = {isa = PBXBuildFile; fileRef = 3CE710BD2121A7E300EBF6A5 /* ToDosModels.swift */; };
		3CE710CC2121A7E300EBF6A5 /* ToDosViewController.swift in Sources */ = {isa = PBXBuildFile; fileRef = 3CE710BE2121A7E300EBF6A5 /* ToDosViewController.swift */; };
		3CE710CF2121A7E300EBF6A5 /* ToDosInteractor.swift in Sources */ = {isa = PBXBuildFile; fileRef = 3CE710BF2121A7E300EBF6A5 /* ToDosInteractor.swift */; };
		3CE710F22121A84400EBF6A5 /* HelpPresenter.swift in Sources */ = {isa = PBXBuildFile; fileRef = 3CE710EC2121A84400EBF6A5 /* HelpPresenter.swift */; };
		3CE710F52121A84400EBF6A5 /* HelpWorker.swift in Sources */ = {isa = PBXBuildFile; fileRef = 3CE710ED2121A84400EBF6A5 /* HelpWorker.swift */; };
		3CE710F82121A84400EBF6A5 /* HelpRouter.swift in Sources */ = {isa = PBXBuildFile; fileRef = 3CE710EE2121A84400EBF6A5 /* HelpRouter.swift */; };
		3CE710FB2121A84400EBF6A5 /* HelpModels.swift in Sources */ = {isa = PBXBuildFile; fileRef = 3CE710EF2121A84400EBF6A5 /* HelpModels.swift */; };
		3CE710FE2121A84400EBF6A5 /* HelpViewController.swift in Sources */ = {isa = PBXBuildFile; fileRef = 3CE710F02121A84400EBF6A5 /* HelpViewController.swift */; };
		3CE711012121A84400EBF6A5 /* HelpInteractor.swift in Sources */ = {isa = PBXBuildFile; fileRef = 3CE710F12121A84400EBF6A5 /* HelpInteractor.swift */; };
		3CE711062121AD7100EBF6A5 /* Dictionary+Extension.swift in Sources */ = {isa = PBXBuildFile; fileRef = 3CE711052121AD7100EBF6A5 /* Dictionary+Extension.swift */; };
		3CE9D1B921237C1800BFA730 /* LoginPresenter.swift in Sources */ = {isa = PBXBuildFile; fileRef = 3CE9D1B321237C1800BFA730 /* LoginPresenter.swift */; };
		3CE9D1BC21237C1800BFA730 /* LoginWorker.swift in Sources */ = {isa = PBXBuildFile; fileRef = 3CE9D1B421237C1800BFA730 /* LoginWorker.swift */; };
		3CE9D1BF21237C1800BFA730 /* LoginRouter.swift in Sources */ = {isa = PBXBuildFile; fileRef = 3CE9D1B521237C1800BFA730 /* LoginRouter.swift */; };
		3CE9D1C221237C1800BFA730 /* LoginModels.swift in Sources */ = {isa = PBXBuildFile; fileRef = 3CE9D1B621237C1800BFA730 /* LoginModels.swift */; };
		3CE9D1C521237C1800BFA730 /* LoginViewController.swift in Sources */ = {isa = PBXBuildFile; fileRef = 3CE9D1B721237C1800BFA730 /* LoginViewController.swift */; };
		3CE9D1C821237C1800BFA730 /* LoginInteractor.swift in Sources */ = {isa = PBXBuildFile; fileRef = 3CE9D1B821237C1800BFA730 /* LoginInteractor.swift */; };
		3CE9D1D2212382B100BFA730 /* UIStackView+Extension.swift in Sources */ = {isa = PBXBuildFile; fileRef = 3CE9D1D1212382B100BFA730 /* UIStackView+Extension.swift */; };
		3CE9D1D72123830900BFA730 /* SafeAreaLayout+Extension.swift in Sources */ = {isa = PBXBuildFile; fileRef = 3CE9D1D62123830900BFA730 /* SafeAreaLayout+Extension.swift */; };
		3CE9D1DB2123832900BFA730 /* UITextField+Extension.swift in Sources */ = {isa = PBXBuildFile; fileRef = 3CE9D1DA2123832900BFA730 /* UITextField+Extension.swift */; };
		3CE9D1DF2123834100BFA730 /* UIButton+Extension.swift in Sources */ = {isa = PBXBuildFile; fileRef = 3CE9D1DE2123834100BFA730 /* UIButton+Extension.swift */; };
		3CE9D1E32123835600BFA730 /* UIColor+Extension.swift in Sources */ = {isa = PBXBuildFile; fileRef = 3CE9D1E22123835600BFA730 /* UIColor+Extension.swift */; };
		3CF142DF212DDFF9001FC532 /* Status.swift in Sources */ = {isa = PBXBuildFile; fileRef = 3CF142DE212DDFF9001FC532 /* Status.swift */; };
		3CF142E3212DE257001FC532 /* Groups.swift in Sources */ = {isa = PBXBuildFile; fileRef = 3CF142E2212DE257001FC532 /* Groups.swift */; };
		3CF142E7212DE2AE001FC532 /* Group.swift in Sources */ = {isa = PBXBuildFile; fileRef = 3CF142E6212DE2AE001FC532 /* Group.swift */; };
		3CF142EB212DE32A001FC532 /* Children.swift in Sources */ = {isa = PBXBuildFile; fileRef = 3CF142EA212DE32A001FC532 /* Children.swift */; };
		3CF142EF212E0422001FC532 /* ApiError.swift in Sources */ = {isa = PBXBuildFile; fileRef = 3CF142EE212E0422001FC532 /* ApiError.swift */; };
		3CF2CA70215F588A00636180 /* TasksTabViewCell+Extensions.swift in Sources */ = {isa = PBXBuildFile; fileRef = 3CF2CA6F215F588A00636180 /* TasksTabViewCell+Extensions.swift */; };
		3CF8F617215A4B340016EDC7 /* TasksTabView.swift in Sources */ = {isa = PBXBuildFile; fileRef = 3CF8F616215A4B340016EDC7 /* TasksTabView.swift */; };
		3D8BE849237EFC48A7A8C9D2 /* Pods_YesplanVIP.framework in Frameworks */ = {isa = PBXBuildFile; fileRef = 9FC66D9D0DD6457301B22EBF /* Pods_YesplanVIP.framework */; };
/* End PBXBuildFile section */

/* Begin PBXFileReference section */
		17917393575B47EDCD19EE33 /* Pods_YesplanVIPTests.framework */ = {isa = PBXFileReference; explicitFileType = wrapper.framework; includeInIndex = 0; path = Pods_YesplanVIPTests.framework; sourceTree = BUILT_PRODUCTS_DIR; };
		3C043F32214D5E6A00A91AE3 /* ErrorViewModel.swift */ = {isa = PBXFileReference; lastKnownFileType = sourcecode.swift; path = ErrorViewModel.swift; sourceTree = "<group>"; };
		3C043F36214D5E8B00A91AE3 /* ErrorPresenter.swift */ = {isa = PBXFileReference; lastKnownFileType = sourcecode.swift; path = ErrorPresenter.swift; sourceTree = "<group>"; };
		3C0DD79A2125FFA500F8FBDC /* RootViewController.swift */ = {isa = PBXFileReference; lastKnownFileType = sourcecode.swift; path = RootViewController.swift; sourceTree = "<group>"; };
		3C18E52C215B9751009523AC /* TasksTabViewCell.swift */ = {isa = PBXFileReference; lastKnownFileType = sourcecode.swift; path = TasksTabViewCell.swift; sourceTree = "<group>"; };
		3C18E52E215B97C0009523AC /* TasksTabViewHeader.swift */ = {isa = PBXFileReference; lastKnownFileType = sourcecode.swift; path = TasksTabViewHeader.swift; sourceTree = "<group>"; };
		3C230AA721558BA5004477A3 /* Statuses.swift */ = {isa = PBXFileReference; lastKnownFileType = sourcecode.swift; path = Statuses.swift; sourceTree = "<group>"; };
		3C24BAEB215613AB00E28966 /* String+Extensions.swift */ = {isa = PBXFileReference; lastKnownFileType = sourcecode.swift; path = "String+Extensions.swift"; sourceTree = "<group>"; };
		3C2D8FDB21270AF100BDEA18 /* MainTabBarVwController.swift */ = {isa = PBXFileReference; lastKnownFileType = sourcecode.swift; path = MainTabBarVwController.swift; sourceTree = "<group>"; };
		3C2D8FE2212819E200BDEA18 /* UserDefaults+Extension.swift */ = {isa = PBXFileReference; lastKnownFileType = sourcecode.swift; path = "UserDefaults+Extension.swift"; sourceTree = "<group>"; };
		3C40AED7212D8C090077DDC5 /* Events.swift */ = {isa = PBXFileReference; lastKnownFileType = sourcecode.swift; path = Events.swift; sourceTree = "<group>"; };
		3C40AEDB212D8C1F0077DDC5 /* Pagination.swift */ = {isa = PBXFileReference; lastKnownFileType = sourcecode.swift; path = Pagination.swift; sourceTree = "<group>"; };
		3C40AEDF212D8C2F0077DDC5 /* Event.swift */ = {isa = PBXFileReference; lastKnownFileType = sourcecode.swift; path = Event.swift; sourceTree = "<group>"; };
		3C40AEE3212D8E550077DDC5 /* EventsTabPresenter.swift */ = {isa = PBXFileReference; lastKnownFileType = sourcecode.swift; path = EventsTabPresenter.swift; sourceTree = "<group>"; };
		3C40AEE4212D8E550077DDC5 /* EventsTabWorker.swift */ = {isa = PBXFileReference; lastKnownFileType = sourcecode.swift; path = EventsTabWorker.swift; sourceTree = "<group>"; };
		3C40AEE5212D8E550077DDC5 /* EventsTabRouter.swift */ = {isa = PBXFileReference; lastKnownFileType = sourcecode.swift; path = EventsTabRouter.swift; sourceTree = "<group>"; };
		3C40AEE6212D8E550077DDC5 /* EventsTabModels.swift */ = {isa = PBXFileReference; lastKnownFileType = sourcecode.swift; path = EventsTabModels.swift; sourceTree = "<group>"; };
		3C40AEE7212D8E550077DDC5 /* EventsTabViewController.swift */ = {isa = PBXFileReference; lastKnownFileType = sourcecode.swift; path = EventsTabViewController.swift; sourceTree = "<group>"; };
		3C40AEE8212D8E550077DDC5 /* EventsTabInteractor.swift */ = {isa = PBXFileReference; lastKnownFileType = sourcecode.swift; path = EventsTabInteractor.swift; sourceTree = "<group>"; };
		3C40AEFC212D8E920077DDC5 /* EventsTabView.swift */ = {isa = PBXFileReference; lastKnownFileType = sourcecode.swift; path = EventsTabView.swift; sourceTree = "<group>"; };
		3C40AF01212D8EB90077DDC5 /* EventsTabViewCell.swift */ = {isa = PBXFileReference; lastKnownFileType = sourcecode.swift; path = EventsTabViewCell.swift; sourceTree = "<group>"; };
		3C40AF05212D8EE50077DDC5 /* EventsTabViewHeader.swift */ = {isa = PBXFileReference; lastKnownFileType = sourcecode.swift; path = EventsTabViewHeader.swift; sourceTree = "<group>"; };
		3C40AF13212D917B0077DDC5 /* User.swift */ = {isa = PBXFileReference; lastKnownFileType = sourcecode.swift; path = User.swift; sourceTree = "<group>"; };
		3C40AF17212D91F30077DDC5 /* UserTabPresenter.swift */ = {isa = PBXFileReference; lastKnownFileType = sourcecode.swift; path = UserTabPresenter.swift; sourceTree = "<group>"; };
		3C40AF18212D91F30077DDC5 /* UserTabWorker.swift */ = {isa = PBXFileReference; lastKnownFileType = sourcecode.swift; path = UserTabWorker.swift; sourceTree = "<group>"; };
		3C40AF19212D91F30077DDC5 /* UserTabRouter.swift */ = {isa = PBXFileReference; lastKnownFileType = sourcecode.swift; path = UserTabRouter.swift; sourceTree = "<group>"; };
		3C40AF1A212D91F30077DDC5 /* UserTabModels.swift */ = {isa = PBXFileReference; lastKnownFileType = sourcecode.swift; path = UserTabModels.swift; sourceTree = "<group>"; };
		3C40AF1B212D91F30077DDC5 /* UserTabViewController.swift */ = {isa = PBXFileReference; lastKnownFileType = sourcecode.swift; path = UserTabViewController.swift; sourceTree = "<group>"; };
		3C40AF1C212D91F30077DDC5 /* UserTabInteractor.swift */ = {isa = PBXFileReference; lastKnownFileType = sourcecode.swift; path = UserTabInteractor.swift; sourceTree = "<group>"; };
		3C40AF30212D92610077DDC5 /* Usergroup.swift */ = {isa = PBXFileReference; lastKnownFileType = sourcecode.swift; path = Usergroup.swift; sourceTree = "<group>"; };
		3C40AF36212DAE8E0077DDC5 /* Base.swift */ = {isa = PBXFileReference; lastKnownFileType = sourcecode.swift; path = Base.swift; sourceTree = "<group>"; };
		3C41E923212D723E00C2E242 /* Basic.swift */ = {isa = PBXFileReference; lastKnownFileType = sourcecode.swift; path = Basic.swift; sourceTree = "<group>"; };
		3C570A45216552E100154B93 /* ToDosTabView.swift */ = {isa = PBXFileReference; lastKnownFileType = sourcecode.swift; path = ToDosTabView.swift; sourceTree = "<group>"; };
		3C570A482165533300154B93 /* ToDosTabViewCell.swift */ = {isa = PBXFileReference; lastKnownFileType = sourcecode.swift; path = ToDosTabViewCell.swift; sourceTree = "<group>"; };
		3C570A4A2165537900154B93 /* ToDosTabViewHeader.swift */ = {isa = PBXFileReference; lastKnownFileType = sourcecode.swift; path = ToDosTabViewHeader.swift; sourceTree = "<group>"; };
		3C570A4C2165587500154B93 /* ToDosTabViewController+Extensions.swift */ = {isa = PBXFileReference; lastKnownFileType = sourcecode.swift; path = "ToDosTabViewController+Extensions.swift"; sourceTree = "<group>"; };
		3C570A4F2165589100154B93 /* ToDosTabViewCell+Extensions.swift */ = {isa = PBXFileReference; lastKnownFileType = sourcecode.swift; path = "ToDosTabViewCell+Extensions.swift"; sourceTree = "<group>"; };
		3C6AC88521260EEC0010DFA5 /* SplashViewController.swift */ = {isa = PBXFileReference; lastKnownFileType = sourcecode.swift; path = SplashViewController.swift; sourceTree = "<group>"; };
		3C6AC89F212703040010DFA5 /* LaunchScreen.storyboard */ = {isa = PBXFileReference; fileEncoding = 4; lastKnownFileType = file.storyboard; path = LaunchScreen.storyboard; sourceTree = "<group>"; };
		3C70E1802154EAC1009F640D /* PureLayout.framework */ = {isa = PBXFileReference; lastKnownFileType = wrapper.framework; name = PureLayout.framework; path = Carthage/Build/iOS/PureLayout.framework; sourceTree = "<group>"; };
		3C7337A82150427C0045F9E1 /* EventsTabViewController+Extensions.swift */ = {isa = PBXFileReference; lastKnownFileType = sourcecode.swift; path = "EventsTabViewController+Extensions.swift"; sourceTree = "<group>"; };
		3C862BF52157C1DB00428BF9 /* Profile.swift */ = {isa = PBXFileReference; lastKnownFileType = sourcecode.swift; path = Profile.swift; sourceTree = "<group>"; };
		3C862BF72157C2F700428BF9 /* Profiles.swift */ = {isa = PBXFileReference; lastKnownFileType = sourcecode.swift; path = Profiles.swift; sourceTree = "<group>"; };
		3C9A5B692167E2CD00A5D35B /* Settings.bundle */ = {isa = PBXFileReference; lastKnownFileType = "wrapper.plug-in"; path = Settings.bundle; sourceTree = "<group>"; };
		3CB468C021479A330088A8B8 /* LoginView.swift */ = {isa = PBXFileReference; lastKnownFileType = sourcecode.swift; path = LoginView.swift; sourceTree = "<group>"; };
		3CB59E60213FC4D900B6E458 /* EventsTabViewCell+Extensions.swift */ = {isa = PBXFileReference; lastKnownFileType = sourcecode.swift; path = "EventsTabViewCell+Extensions.swift"; sourceTree = "<group>"; };
		3CB59E692140794800B6E458 /* MainTabBarRouter.swift */ = {isa = PBXFileReference; lastKnownFileType = sourcecode.swift; path = MainTabBarRouter.swift; sourceTree = "<group>"; };
		3CB59E6D2140797D00B6E458 /* MainTabBarInteractor.swift */ = {isa = PBXFileReference; lastKnownFileType = sourcecode.swift; path = MainTabBarInteractor.swift; sourceTree = "<group>"; };
		3CB59E71214079AD00B6E458 /* MainTabBarModels.swift */ = {isa = PBXFileReference; lastKnownFileType = sourcecode.swift; path = MainTabBarModels.swift; sourceTree = "<group>"; };
		3CB59E76214079D300B6E458 /* MainTabBarWorker.swift */ = {isa = PBXFileReference; lastKnownFileType = sourcecode.swift; path = MainTabBarWorker.swift; sourceTree = "<group>"; };
		3CB59E7A214079E000B6E458 /* MainTabBarPresenter.swift */ = {isa = PBXFileReference; lastKnownFileType = sourcecode.swift; path = MainTabBarPresenter.swift; sourceTree = "<group>"; };
		3CBE949A212D755500CE518C /* ws.framework */ = {isa = PBXFileReference; lastKnownFileType = wrapper.framework; name = ws.framework; path = Carthage/Build/iOS/ws.framework; sourceTree = "<group>"; };
		3CBE949C212D756000CE518C /* then.framework */ = {isa = PBXFileReference; lastKnownFileType = wrapper.framework; name = then.framework; path = Carthage/Build/iOS/then.framework; sourceTree = "<group>"; };
		3CBE949E212D756A00CE518C /* Arrow.framework */ = {isa = PBXFileReference; lastKnownFileType = wrapper.framework; name = Arrow.framework; path = Carthage/Build/iOS/Arrow.framework; sourceTree = "<group>"; };
		3CBE94A0212D757900CE518C /* Alamofire.framework */ = {isa = PBXFileReference; lastKnownFileType = wrapper.framework; name = Alamofire.framework; path = Carthage/Build/iOS/Alamofire.framework; sourceTree = "<group>"; };
		3CBE94A2212D75C700CE518C /* Api.swift */ = {isa = PBXFileReference; lastKnownFileType = sourcecode.swift; path = Api.swift; sourceTree = "<group>"; };
		3CC3774221688D870020236D /* AppConfig.swift */ = {isa = PBXFileReference; lastKnownFileType = sourcecode.swift; path = AppConfig.swift; sourceTree = "<group>"; };
		3CC3774421688E720020236D /* Notifications+Util.swift */ = {isa = PBXFileReference; lastKnownFileType = sourcecode.swift; path = "Notifications+Util.swift"; sourceTree = "<group>"; };
		3CC377462168BD480020236D /* TeamplannerTabView.swift */ = {isa = PBXFileReference; lastKnownFileType = sourcecode.swift; path = TeamplannerTabView.swift; sourceTree = "<group>"; };
		3CC377492168BDB90020236D /* TeamplannerTabViewCell.swift */ = {isa = PBXFileReference; lastKnownFileType = sourcecode.swift; path = TeamplannerTabViewCell.swift; sourceTree = "<group>"; };
		3CC3774B2168BDF80020236D /* TeamplannerTabViewHeader.swift */ = {isa = PBXFileReference; lastKnownFileType = sourcecode.swift; path = TeamplannerTabViewHeader.swift; sourceTree = "<group>"; };
		3CC3774D2168C2BE0020236D /* Resourcebooking.swift */ = {isa = PBXFileReference; lastKnownFileType = sourcecode.swift; path = Resourcebooking.swift; sourceTree = "<group>"; };
		3CC3774F2168CB010020236D /* Resourcebookings.swift */ = {isa = PBXFileReference; lastKnownFileType = sourcecode.swift; path = Resourcebookings.swift; sourceTree = "<group>"; };
		3CC377512168CFEE0020236D /* TeamplannerTabViewCell+Extensions.swift */ = {isa = PBXFileReference; lastKnownFileType = sourcecode.swift; path = "TeamplannerTabViewCell+Extensions.swift"; sourceTree = "<group>"; };
		3CC377542168D0450020236D /* TeamplannerTabViewController+Extensions.swift */ = {isa = PBXFileReference; lastKnownFileType = sourcecode.swift; path = "TeamplannerTabViewController+Extensions.swift"; sourceTree = "<group>"; };
		3CC37756216946810020236D /* Resource.swift */ = {isa = PBXFileReference; lastKnownFileType = sourcecode.swift; path = Resource.swift; sourceTree = "<group>"; };
		3CC377582169E59C0020236D /* Costmodel.swift */ = {isa = PBXFileReference; lastKnownFileType = sourcecode.swift; path = Costmodel.swift; sourceTree = "<group>"; };
		3CC3775B2169E6270020236D /* BulkResource.swift */ = {isa = PBXFileReference; lastKnownFileType = sourcecode.swift; path = BulkResource.swift; sourceTree = "<group>"; };
		3CC3775D2169E8290020236D /* AdHocResource.swift */ = {isa = PBXFileReference; lastKnownFileType = sourcecode.swift; path = AdHocResource.swift; sourceTree = "<group>"; };
		3CC3775F2169E8BE0020236D /* InstantiableResource.swift */ = {isa = PBXFileReference; lastKnownFileType = sourcecode.swift; path = InstantiableResource.swift; sourceTree = "<group>"; };
		3CC377612169E94E0020236D /* Resourceinstance.swift */ = {isa = PBXFileReference; lastKnownFileType = sourcecode.swift; path = Resourceinstance.swift; sourceTree = "<group>"; };
		3CC377652169F0090020236D /* ResourceSet.swift */ = {isa = PBXFileReference; lastKnownFileType = sourcecode.swift; path = ResourceSet.swift; sourceTree = "<group>"; };
		3CC37768216A124B0020236D /* InstantiableResourceUse.swift */ = {isa = PBXFileReference; lastKnownFileType = sourcecode.swift; path = InstantiableResourceUse.swift; sourceTree = "<group>"; };
		3CC3776A216A12A50020236D /* InstantiableResourceUseGroup.swift */ = {isa = PBXFileReference; lastKnownFileType = sourcecode.swift; path = InstantiableResourceUseGroup.swift; sourceTree = "<group>"; };
		3CC3776C216A20F30020236D /* ResourceSetUse.swift */ = {isa = PBXFileReference; lastKnownFileType = sourcecode.swift; path = ResourceSetUse.swift; sourceTree = "<group>"; };
		3CC3776E216A2DC80020236D /* FreeFormResourceUse.swift */ = {isa = PBXFileReference; lastKnownFileType = sourcecode.swift; path = FreeFormResourceUse.swift; sourceTree = "<group>"; };
		3CC37770216A2FB90020236D /* BulkResourceUse.swift */ = {isa = PBXFileReference; lastKnownFileType = sourcecode.swift; path = BulkResourceUse.swift; sourceTree = "<group>"; };
		3CC425B22132140200DCD981 /* ArrowParsable+Extension.swift */ = {isa = PBXFileReference; lastKnownFileType = sourcecode.swift; path = "ArrowParsable+Extension.swift"; sourceTree = "<group>"; };
		3CD59292212AC57B005BBF71 /* LogoutPresenter.swift */ = {isa = PBXFileReference; lastKnownFileType = sourcecode.swift; path = LogoutPresenter.swift; sourceTree = "<group>"; };
		3CD59293212AC57B005BBF71 /* LogoutWorker.swift */ = {isa = PBXFileReference; lastKnownFileType = sourcecode.swift; path = LogoutWorker.swift; sourceTree = "<group>"; };
		3CD59294212AC57B005BBF71 /* LogoutRouter.swift */ = {isa = PBXFileReference; lastKnownFileType = sourcecode.swift; path = LogoutRouter.swift; sourceTree = "<group>"; };
		3CD59295212AC57B005BBF71 /* LogoutModels.swift */ = {isa = PBXFileReference; lastKnownFileType = sourcecode.swift; path = LogoutModels.swift; sourceTree = "<group>"; };
		3CD59296212AC57B005BBF71 /* LogoutViewController.swift */ = {isa = PBXFileReference; lastKnownFileType = sourcecode.swift; path = LogoutViewController.swift; sourceTree = "<group>"; };
		3CD59297212AC57B005BBF71 /* LogoutInteractor.swift */ = {isa = PBXFileReference; lastKnownFileType = sourcecode.swift; path = LogoutInteractor.swift; sourceTree = "<group>"; };
		3CD714F32163C26800CC370A /* Task.swift */ = {isa = PBXFileReference; lastKnownFileType = sourcecode.swift; path = Task.swift; sourceTree = "<group>"; };
		3CD714F52163E8DE00CC370A /* Tasks.swift */ = {isa = PBXFileReference; lastKnownFileType = sourcecode.swift; path = Tasks.swift; sourceTree = "<group>"; };
		3CD714F72164038A00CC370A /* TasksTabViewController+Extensions.swift */ = {isa = PBXFileReference; lastKnownFileType = sourcecode.swift; path = "TasksTabViewController+Extensions.swift"; sourceTree = "<group>"; };
		3CD7DBAB21332379001C1B6E /* RestResource.swift */ = {isa = PBXFileReference; lastKnownFileType = sourcecode.swift; path = RestResource.swift; sourceTree = "<group>"; };
		3CE7101B2121827900EBF6A5 /* YesplanVIP.app */ = {isa = PBXFileReference; explicitFileType = wrapper.application; includeInIndex = 0; path = YesplanVIP.app; sourceTree = BUILT_PRODUCTS_DIR; };
		3CE7101E2121827900EBF6A5 /* AppDelegate.swift */ = {isa = PBXFileReference; lastKnownFileType = sourcecode.swift; path = AppDelegate.swift; sourceTree = "<group>"; };
		3CE710262121827900EBF6A5 /* YesplanVIP.xcdatamodel */ = {isa = PBXFileReference; lastKnownFileType = wrapper.xcdatamodel; path = YesplanVIP.xcdatamodel; sourceTree = "<group>"; };
		3CE710282121827A00EBF6A5 /* Assets.xcassets */ = {isa = PBXFileReference; lastKnownFileType = folder.assetcatalog; path = Assets.xcassets; sourceTree = "<group>"; };
		3CE7102D2121827A00EBF6A5 /* Info.plist */ = {isa = PBXFileReference; lastKnownFileType = text.plist.xml; path = Info.plist; sourceTree = "<group>"; };
		3CE710362121827A00EBF6A5 /* YesplanVIPTests.swift */ = {isa = PBXFileReference; lastKnownFileType = sourcecode.swift; path = YesplanVIPTests.swift; sourceTree = "<group>"; };
		3CE710382121827A00EBF6A5 /* Info.plist */ = {isa = PBXFileReference; lastKnownFileType = text.plist.xml; path = Info.plist; sourceTree = "<group>"; };
		3CE710412121827A00EBF6A5 /* YesplanVIPUITests.swift */ = {isa = PBXFileReference; lastKnownFileType = sourcecode.swift; path = YesplanVIPUITests.swift; sourceTree = "<group>"; };
		3CE710432121827A00EBF6A5 /* Info.plist */ = {isa = PBXFileReference; lastKnownFileType = text.plist.xml; path = Info.plist; sourceTree = "<group>"; };
		3CE7106F2121A76400EBF6A5 /* TeamplannerPresenter.swift */ = {isa = PBXFileReference; lastKnownFileType = sourcecode.swift; path = TeamplannerPresenter.swift; sourceTree = "<group>"; };
		3CE710702121A76400EBF6A5 /* TeamplannerWorker.swift */ = {isa = PBXFileReference; lastKnownFileType = sourcecode.swift; path = TeamplannerWorker.swift; sourceTree = "<group>"; };
		3CE710712121A76400EBF6A5 /* TeamplannerRouter.swift */ = {isa = PBXFileReference; lastKnownFileType = sourcecode.swift; path = TeamplannerRouter.swift; sourceTree = "<group>"; };
		3CE710722121A76400EBF6A5 /* TeamplannerModels.swift */ = {isa = PBXFileReference; lastKnownFileType = sourcecode.swift; path = TeamplannerModels.swift; sourceTree = "<group>"; };
		3CE710732121A76400EBF6A5 /* TeamplannerViewController.swift */ = {isa = PBXFileReference; lastKnownFileType = sourcecode.swift; path = TeamplannerViewController.swift; sourceTree = "<group>"; };
		3CE710742121A76400EBF6A5 /* TeamplannerInteractor.swift */ = {isa = PBXFileReference; lastKnownFileType = sourcecode.swift; path = TeamplannerInteractor.swift; sourceTree = "<group>"; };
		3CE710882121A78800EBF6A5 /* TasksPresenter.swift */ = {isa = PBXFileReference; lastKnownFileType = sourcecode.swift; path = TasksPresenter.swift; sourceTree = "<group>"; };
		3CE710892121A78800EBF6A5 /* TasksWorker.swift */ = {isa = PBXFileReference; lastKnownFileType = sourcecode.swift; path = TasksWorker.swift; sourceTree = "<group>"; };
		3CE7108A2121A78800EBF6A5 /* TasksRouter.swift */ = {isa = PBXFileReference; lastKnownFileType = sourcecode.swift; path = TasksRouter.swift; sourceTree = "<group>"; };
		3CE7108B2121A78800EBF6A5 /* TasksModels.swift */ = {isa = PBXFileReference; lastKnownFileType = sourcecode.swift; path = TasksModels.swift; sourceTree = "<group>"; };
		3CE7108C2121A78800EBF6A5 /* TasksViewController.swift */ = {isa = PBXFileReference; lastKnownFileType = sourcecode.swift; path = TasksViewController.swift; sourceTree = "<group>"; };
		3CE7108D2121A78800EBF6A5 /* TasksInteractor.swift */ = {isa = PBXFileReference; lastKnownFileType = sourcecode.swift; path = TasksInteractor.swift; sourceTree = "<group>"; };
		3CE710A12121A7A900EBF6A5 /* ContactsPresenter.swift */ = {isa = PBXFileReference; lastKnownFileType = sourcecode.swift; path = ContactsPresenter.swift; sourceTree = "<group>"; };
		3CE710A22121A7A900EBF6A5 /* ContactsWorker.swift */ = {isa = PBXFileReference; lastKnownFileType = sourcecode.swift; path = ContactsWorker.swift; sourceTree = "<group>"; };
		3CE710A32121A7A900EBF6A5 /* ContactsRouter.swift */ = {isa = PBXFileReference; lastKnownFileType = sourcecode.swift; path = ContactsRouter.swift; sourceTree = "<group>"; };
		3CE710A42121A7A900EBF6A5 /* ContactsModels.swift */ = {isa = PBXFileReference; lastKnownFileType = sourcecode.swift; path = ContactsModels.swift; sourceTree = "<group>"; };
		3CE710A52121A7A900EBF6A5 /* ContactsViewController.swift */ = {isa = PBXFileReference; lastKnownFileType = sourcecode.swift; path = ContactsViewController.swift; sourceTree = "<group>"; };
		3CE710A62121A7A900EBF6A5 /* ContactsInteractor.swift */ = {isa = PBXFileReference; lastKnownFileType = sourcecode.swift; path = ContactsInteractor.swift; sourceTree = "<group>"; };
		3CE710BA2121A7E300EBF6A5 /* ToDosPresenter.swift */ = {isa = PBXFileReference; lastKnownFileType = sourcecode.swift; path = ToDosPresenter.swift; sourceTree = "<group>"; };
		3CE710BB2121A7E300EBF6A5 /* ToDosWorker.swift */ = {isa = PBXFileReference; lastKnownFileType = sourcecode.swift; path = ToDosWorker.swift; sourceTree = "<group>"; };
		3CE710BC2121A7E300EBF6A5 /* ToDosRouter.swift */ = {isa = PBXFileReference; lastKnownFileType = sourcecode.swift; path = ToDosRouter.swift; sourceTree = "<group>"; };
		3CE710BD2121A7E300EBF6A5 /* ToDosModels.swift */ = {isa = PBXFileReference; lastKnownFileType = sourcecode.swift; path = ToDosModels.swift; sourceTree = "<group>"; };
		3CE710BE2121A7E300EBF6A5 /* ToDosViewController.swift */ = {isa = PBXFileReference; lastKnownFileType = sourcecode.swift; path = ToDosViewController.swift; sourceTree = "<group>"; };
		3CE710BF2121A7E300EBF6A5 /* ToDosInteractor.swift */ = {isa = PBXFileReference; lastKnownFileType = sourcecode.swift; path = ToDosInteractor.swift; sourceTree = "<group>"; };
		3CE710EC2121A84400EBF6A5 /* HelpPresenter.swift */ = {isa = PBXFileReference; lastKnownFileType = sourcecode.swift; path = HelpPresenter.swift; sourceTree = "<group>"; };
		3CE710ED2121A84400EBF6A5 /* HelpWorker.swift */ = {isa = PBXFileReference; lastKnownFileType = sourcecode.swift; path = HelpWorker.swift; sourceTree = "<group>"; };
		3CE710EE2121A84400EBF6A5 /* HelpRouter.swift */ = {isa = PBXFileReference; lastKnownFileType = sourcecode.swift; path = HelpRouter.swift; sourceTree = "<group>"; };
		3CE710EF2121A84400EBF6A5 /* HelpModels.swift */ = {isa = PBXFileReference; lastKnownFileType = sourcecode.swift; path = HelpModels.swift; sourceTree = "<group>"; };
		3CE710F02121A84400EBF6A5 /* HelpViewController.swift */ = {isa = PBXFileReference; lastKnownFileType = sourcecode.swift; path = HelpViewController.swift; sourceTree = "<group>"; };
		3CE710F12121A84400EBF6A5 /* HelpInteractor.swift */ = {isa = PBXFileReference; lastKnownFileType = sourcecode.swift; path = HelpInteractor.swift; sourceTree = "<group>"; };
		3CE711052121AD7100EBF6A5 /* Dictionary+Extension.swift */ = {isa = PBXFileReference; lastKnownFileType = sourcecode.swift; path = "Dictionary+Extension.swift"; sourceTree = "<group>"; };
		3CE9D1B321237C1800BFA730 /* LoginPresenter.swift */ = {isa = PBXFileReference; lastKnownFileType = sourcecode.swift; path = LoginPresenter.swift; sourceTree = "<group>"; };
		3CE9D1B421237C1800BFA730 /* LoginWorker.swift */ = {isa = PBXFileReference; lastKnownFileType = sourcecode.swift; path = LoginWorker.swift; sourceTree = "<group>"; };
		3CE9D1B521237C1800BFA730 /* LoginRouter.swift */ = {isa = PBXFileReference; lastKnownFileType = sourcecode.swift; path = LoginRouter.swift; sourceTree = "<group>"; };
		3CE9D1B621237C1800BFA730 /* LoginModels.swift */ = {isa = PBXFileReference; lastKnownFileType = sourcecode.swift; path = LoginModels.swift; sourceTree = "<group>"; };
		3CE9D1B721237C1800BFA730 /* LoginViewController.swift */ = {isa = PBXFileReference; lastKnownFileType = sourcecode.swift; path = LoginViewController.swift; sourceTree = "<group>"; };
		3CE9D1B821237C1800BFA730 /* LoginInteractor.swift */ = {isa = PBXFileReference; lastKnownFileType = sourcecode.swift; path = LoginInteractor.swift; sourceTree = "<group>"; };
		3CE9D1D1212382B100BFA730 /* UIStackView+Extension.swift */ = {isa = PBXFileReference; lastKnownFileType = sourcecode.swift; path = "UIStackView+Extension.swift"; sourceTree = "<group>"; };
		3CE9D1D62123830900BFA730 /* SafeAreaLayout+Extension.swift */ = {isa = PBXFileReference; lastKnownFileType = sourcecode.swift; path = "SafeAreaLayout+Extension.swift"; sourceTree = "<group>"; };
		3CE9D1DA2123832900BFA730 /* UITextField+Extension.swift */ = {isa = PBXFileReference; lastKnownFileType = sourcecode.swift; path = "UITextField+Extension.swift"; sourceTree = "<group>"; };
		3CE9D1DE2123834100BFA730 /* UIButton+Extension.swift */ = {isa = PBXFileReference; lastKnownFileType = sourcecode.swift; path = "UIButton+Extension.swift"; sourceTree = "<group>"; };
		3CE9D1E22123835600BFA730 /* UIColor+Extension.swift */ = {isa = PBXFileReference; lastKnownFileType = sourcecode.swift; path = "UIColor+Extension.swift"; sourceTree = "<group>"; };
		3CF142DE212DDFF9001FC532 /* Status.swift */ = {isa = PBXFileReference; lastKnownFileType = sourcecode.swift; path = Status.swift; sourceTree = "<group>"; };
		3CF142E2212DE257001FC532 /* Groups.swift */ = {isa = PBXFileReference; lastKnownFileType = sourcecode.swift; path = Groups.swift; sourceTree = "<group>"; };
		3CF142E6212DE2AE001FC532 /* Group.swift */ = {isa = PBXFileReference; lastKnownFileType = sourcecode.swift; path = Group.swift; sourceTree = "<group>"; };
		3CF142EA212DE32A001FC532 /* Children.swift */ = {isa = PBXFileReference; lastKnownFileType = sourcecode.swift; path = Children.swift; sourceTree = "<group>"; };
		3CF142EE212E0422001FC532 /* ApiError.swift */ = {isa = PBXFileReference; lastKnownFileType = sourcecode.swift; path = ApiError.swift; sourceTree = "<group>"; };
		3CF2CA6F215F588A00636180 /* TasksTabViewCell+Extensions.swift */ = {isa = PBXFileReference; lastKnownFileType = sourcecode.swift; path = "TasksTabViewCell+Extensions.swift"; sourceTree = "<group>"; };
		3CF8F616215A4B340016EDC7 /* TasksTabView.swift */ = {isa = PBXFileReference; lastKnownFileType = sourcecode.swift; path = TasksTabView.swift; sourceTree = "<group>"; };
		3CFAD96C213BF0B7003BAC1C /* Stevia.framework */ = {isa = PBXFileReference; lastKnownFileType = wrapper.framework; name = Stevia.framework; path = Carthage/Build/iOS/Stevia.framework; sourceTree = "<group>"; };
		3CFAD96E213BF0CD003BAC1C /* Kingfisher.framework */ = {isa = PBXFileReference; lastKnownFileType = wrapper.framework; name = Kingfisher.framework; path = Carthage/Build/iOS/Kingfisher.framework; sourceTree = "<group>"; };
		6FE5CE4C7D32C7169114F61E /* Pods-YesplanVIP.debug.xcconfig */ = {isa = PBXFileReference; includeInIndex = 1; lastKnownFileType = text.xcconfig; name = "Pods-YesplanVIP.debug.xcconfig"; path = "Pods/Target Support Files/Pods-YesplanVIP/Pods-YesplanVIP.debug.xcconfig"; sourceTree = "<group>"; };
		75E8E8DE73CA0BD5E92077AC /* Pods-YesplanVIP.release.xcconfig */ = {isa = PBXFileReference; includeInIndex = 1; lastKnownFileType = text.xcconfig; name = "Pods-YesplanVIP.release.xcconfig"; path = "Pods/Target Support Files/Pods-YesplanVIP/Pods-YesplanVIP.release.xcconfig"; sourceTree = "<group>"; };
		9FC66D9D0DD6457301B22EBF /* Pods_YesplanVIP.framework */ = {isa = PBXFileReference; explicitFileType = wrapper.framework; includeInIndex = 0; path = Pods_YesplanVIP.framework; sourceTree = BUILT_PRODUCTS_DIR; };
		A895A2BFC4C2DFA42EB7607F /* Pods_YesplanVIPUITests.framework */ = {isa = PBXFileReference; explicitFileType = wrapper.framework; includeInIndex = 0; path = Pods_YesplanVIPUITests.framework; sourceTree = BUILT_PRODUCTS_DIR; };
/* End PBXFileReference section */

/* Begin PBXFrameworksBuildPhase section */
		3CE710182121827900EBF6A5 /* Frameworks */ = {
			isa = PBXFrameworksBuildPhase;
			buildActionMask = 2147483647;
			files = (
				3C7337B221504F310045F9E1 /* Alamofire.framework in Frameworks */,
				3C7337B321504F310045F9E1 /* Arrow.framework in Frameworks */,
				3C7337AE21504E730045F9E1 /* Kingfisher.framework in Frameworks */,
				3C7337AF21504E730045F9E1 /* Stevia.framework in Frameworks */,
				3C7337B421504F310045F9E1 /* then.framework in Frameworks */,
				3C7337B521504F310045F9E1 /* ws.framework in Frameworks */,
				3C70E1812154EAC1009F640D /* PureLayout.framework in Frameworks */,
				3D8BE849237EFC48A7A8C9D2 /* Pods_YesplanVIP.framework in Frameworks */,
			);
			runOnlyForDeploymentPostprocessing = 0;
		};
/* End PBXFrameworksBuildPhase section */

/* Begin PBXGroup section */
		067B5A996D35E6233F0B75A4 /* Frameworks */ = {
			isa = PBXGroup;
			children = (
				3C70E1802154EAC1009F640D /* PureLayout.framework */,
				3CFAD96E213BF0CD003BAC1C /* Kingfisher.framework */,
				3CFAD96C213BF0B7003BAC1C /* Stevia.framework */,
				3CBE94A0212D757900CE518C /* Alamofire.framework */,
				3CBE949E212D756A00CE518C /* Arrow.framework */,
				3CBE949C212D756000CE518C /* then.framework */,
				3CBE949A212D755500CE518C /* ws.framework */,
				9FC66D9D0DD6457301B22EBF /* Pods_YesplanVIP.framework */,
				17917393575B47EDCD19EE33 /* Pods_YesplanVIPTests.framework */,
				A895A2BFC4C2DFA42EB7607F /* Pods_YesplanVIPUITests.framework */,
			);
			name = Frameworks;
			sourceTree = "<group>";
		};
		3C2D8FE121270C8000BDEA18 /* AppFlow */ = {
			isa = PBXGroup;
			children = (
				3C6AC89F212703040010DFA5 /* LaunchScreen.storyboard */,
				3CE7101E2121827900EBF6A5 /* AppDelegate.swift */,
				3CC3774221688D870020236D /* AppConfig.swift */,
				3C0DD79A2125FFA500F8FBDC /* RootViewController.swift */,
				3C6AC88521260EEC0010DFA5 /* SplashViewController.swift */,
				3CB59E75214079B700B6E458 /* MainTabBar */,
			);
			path = AppFlow;
			sourceTree = "<group>";
		};
		3C40AEC8212D825B0077DDC5 /* Models */ = {
			isa = PBXGroup;
			children = (
				3C40AF34212D95690077DDC5 /* Multiples */,
				3C40AF35212D95760077DDC5 /* Singles */,
			);
			path = Models;
			sourceTree = "<group>";
		};
		3C40AEFB212D8E5F0077DDC5 /* EventsTab */ = {
			isa = PBXGroup;
			children = (
				3C40AF00212D8E9A0077DDC5 /* Views */,
				3C40AEE3212D8E550077DDC5 /* EventsTabPresenter.swift */,
				3C40AEE4212D8E550077DDC5 /* EventsTabWorker.swift */,
				3C40AEE5212D8E550077DDC5 /* EventsTabRouter.swift */,
				3C40AEE6212D8E550077DDC5 /* EventsTabModels.swift */,
				3C40AEE7212D8E550077DDC5 /* EventsTabViewController.swift */,
				3C40AEE8212D8E550077DDC5 /* EventsTabInteractor.swift */,
			);
			path = EventsTab;
			sourceTree = "<group>";
		};
		3C40AF00212D8E9A0077DDC5 /* Views */ = {
			isa = PBXGroup;
			children = (
				3C40AEFC212D8E920077DDC5 /* EventsTabView.swift */,
				3C40AF01212D8EB90077DDC5 /* EventsTabViewCell.swift */,
				3C40AF05212D8EE50077DDC5 /* EventsTabViewHeader.swift */,
				3CB59E64213FC4DE00B6E458 /* Extensions */,
			);
			path = Views;
			sourceTree = "<group>";
		};
		3C40AF2F212D921E0077DDC5 /* UserTab */ = {
			isa = PBXGroup;
			children = (
				3C40AF17212D91F30077DDC5 /* UserTabPresenter.swift */,
				3C40AF18212D91F30077DDC5 /* UserTabWorker.swift */,
				3C40AF19212D91F30077DDC5 /* UserTabRouter.swift */,
				3C40AF1A212D91F30077DDC5 /* UserTabModels.swift */,
				3C40AF1B212D91F30077DDC5 /* UserTabViewController.swift */,
				3C40AF1C212D91F30077DDC5 /* UserTabInteractor.swift */,
			);
			path = UserTab;
			sourceTree = "<group>";
		};
		3C40AF34212D95690077DDC5 /* Multiples */ = {
			isa = PBXGroup;
			children = (
				3C40AED7212D8C090077DDC5 /* Events.swift */,
				3CD714F52163E8DE00CC370A /* Tasks.swift */,
				3CF142E2212DE257001FC532 /* Groups.swift */,
				3C230AA721558BA5004477A3 /* Statuses.swift */,
				3C862BF72157C2F700428BF9 /* Profiles.swift */,
				3CC3774F2168CB010020236D /* Resourcebookings.swift */,
			);
			path = Multiples;
			sourceTree = "<group>";
		};
		3C40AF35212D95760077DDC5 /* Singles */ = {
			isa = PBXGroup;
			children = (
				3C40AEDB212D8C1F0077DDC5 /* Pagination.swift */,
				3C40AEDF212D8C2F0077DDC5 /* Event.swift */,
				3CF142E6212DE2AE001FC532 /* Group.swift */,
				3CF142EA212DE32A001FC532 /* Children.swift */,
				3C40AF13212D917B0077DDC5 /* User.swift */,
				3C40AF30212D92610077DDC5 /* Usergroup.swift */,
				3C40AF36212DAE8E0077DDC5 /* Base.swift */,
				3CF142DE212DDFF9001FC532 /* Status.swift */,
				3C862BF52157C1DB00428BF9 /* Profile.swift */,
				3CD714F32163C26800CC370A /* Task.swift */,
				3CC37767216A122A0020236D /* Resourcebooking */,
				3CC3775A2169E5EC0020236D /* Resource */,
			);
			path = Singles;
			sourceTree = "<group>";
		};
		3C41E927212D724A00C2E242 /* Api Implementation */ = {
			isa = PBXGroup;
			children = (
				3C41E923212D723E00C2E242 /* Basic.swift */,
			);
			path = "Api Implementation";
			sourceTree = "<group>";
		};
		3C46D4E4212B61EF00430D20 /* Network */ = {
			isa = PBXGroup;
			children = (
				3CF142EE212E0422001FC532 /* ApiError.swift */,
				3C043F32214D5E6A00A91AE3 /* ErrorViewModel.swift */,
				3C043F36214D5E8B00A91AE3 /* ErrorPresenter.swift */,
			);
			path = Network;
			sourceTree = "<group>";
		};
		3C570A47216552E600154B93 /* Views */ = {
			isa = PBXGroup;
			children = (
				3C570A45216552E100154B93 /* ToDosTabView.swift */,
				3C570A482165533300154B93 /* ToDosTabViewCell.swift */,
				3C570A4A2165537900154B93 /* ToDosTabViewHeader.swift */,
				3C570A4E2165587B00154B93 /* Extensions */,
			);
			path = Views;
			sourceTree = "<group>";
		};
		3C570A4E2165587B00154B93 /* Extensions */ = {
			isa = PBXGroup;
			children = (
				3C570A4F2165589100154B93 /* ToDosTabViewCell+Extensions.swift */,
				3C570A4C2165587500154B93 /* ToDosTabViewController+Extensions.swift */,
			);
			path = Extensions;
			sourceTree = "<group>";
		};
		3CB59E64213FC4DE00B6E458 /* Extensions */ = {
			isa = PBXGroup;
			children = (
				3CB59E60213FC4D900B6E458 /* EventsTabViewCell+Extensions.swift */,
				3C7337A82150427C0045F9E1 /* EventsTabViewController+Extensions.swift */,
			);
			path = Extensions;
			sourceTree = "<group>";
		};
		3CB59E75214079B700B6E458 /* MainTabBar */ = {
			isa = PBXGroup;
			children = (
				3C2D8FDB21270AF100BDEA18 /* MainTabBarVwController.swift */,
				3CB59E692140794800B6E458 /* MainTabBarRouter.swift */,
				3CB59E6D2140797D00B6E458 /* MainTabBarInteractor.swift */,
				3CB59E71214079AD00B6E458 /* MainTabBarModels.swift */,
				3CB59E76214079D300B6E458 /* MainTabBarWorker.swift */,
				3CB59E7A214079E000B6E458 /* MainTabBarPresenter.swift */,
			);
			path = MainTabBar;
			sourceTree = "<group>";
		};
		3CBE94A6212D75FB00CE518C /* Api */ = {
			isa = PBXGroup;
			children = (
				3CBE94A2212D75C700CE518C /* Api.swift */,
				3CD7DBAB21332379001C1B6E /* RestResource.swift */,
			);
			path = Api;
			sourceTree = "<group>";
		};
		3CC377482168BD520020236D /* Views */ = {
			isa = PBXGroup;
			children = (
				3CC377462168BD480020236D /* TeamplannerTabView.swift */,
				3CC377492168BDB90020236D /* TeamplannerTabViewCell.swift */,
				3CC3774B2168BDF80020236D /* TeamplannerTabViewHeader.swift */,
				3CC377532168D0130020236D /* Extensions */,
			);
			path = Views;
			sourceTree = "<group>";
		};
		3CC377532168D0130020236D /* Extensions */ = {
			isa = PBXGroup;
			children = (
				3CC377512168CFEE0020236D /* TeamplannerTabViewCell+Extensions.swift */,
				3CC377542168D0450020236D /* TeamplannerTabViewController+Extensions.swift */,
			);
			path = Extensions;
			sourceTree = "<group>";
		};
		3CC3775A2169E5EC0020236D /* Resource */ = {
			isa = PBXGroup;
			children = (
				3CC37756216946810020236D /* Resource.swift */,
				3CC3775B2169E6270020236D /* BulkResource.swift */,
				3CC3775D2169E8290020236D /* AdHocResource.swift */,
				3CC3775F2169E8BE0020236D /* InstantiableResource.swift */,
				3CC377652169F0090020236D /* ResourceSet.swift */,
				3CC377612169E94E0020236D /* Resourceinstance.swift */,
				3CC377582169E59C0020236D /* Costmodel.swift */,
			);
			path = Resource;
			sourceTree = "<group>";
		};
		3CC37767216A122A0020236D /* Resourcebooking */ = {
			isa = PBXGroup;
			children = (
				3CC3774D2168C2BE0020236D /* Resourcebooking.swift */,
				3CC37768216A124B0020236D /* InstantiableResourceUse.swift */,
				3CC3776A216A12A50020236D /* InstantiableResourceUseGroup.swift */,
				3CC3776C216A20F30020236D /* ResourceSetUse.swift */,
				3CC3776E216A2DC80020236D /* FreeFormResourceUse.swift */,
				3CC37770216A2FB90020236D /* BulkResourceUse.swift */,
			);
			path = Resourcebooking;
			sourceTree = "<group>";
		};
		3CD592AA212AC6D2005BBF71 /* Logout */ = {
			isa = PBXGroup;
			children = (
				3CD59292212AC57B005BBF71 /* LogoutPresenter.swift */,
				3CD59293212AC57B005BBF71 /* LogoutWorker.swift */,
				3CD59294212AC57B005BBF71 /* LogoutRouter.swift */,
				3CD59295212AC57B005BBF71 /* LogoutModels.swift */,
				3CD59296212AC57B005BBF71 /* LogoutViewController.swift */,
				3CD59297212AC57B005BBF71 /* LogoutInteractor.swift */,
			);
			path = Logout;
			sourceTree = "<group>";
		};
		3CE710122121827900EBF6A5 = {
			isa = PBXGroup;
			children = (
				3CE7101D2121827900EBF6A5 /* YesplanVIP */,
				3CE710352121827A00EBF6A5 /* YesplanVIPTests */,
				3CE710402121827A00EBF6A5 /* YesplanVIPUITests */,
				3CE7101C2121827900EBF6A5 /* Products */,
				8270B23A3095913C66C9DB3C /* Pods */,
				067B5A996D35E6233F0B75A4 /* Frameworks */,
			);
			sourceTree = "<group>";
		};
		3CE7101C2121827900EBF6A5 /* Products */ = {
			isa = PBXGroup;
			children = (
				3CE7101B2121827900EBF6A5 /* YesplanVIP.app */,
			);
			name = Products;
			sourceTree = "<group>";
		};
		3CE7101D2121827900EBF6A5 /* YesplanVIP */ = {
			isa = PBXGroup;
			children = (
				3C2D8FE121270C8000BDEA18 /* AppFlow */,
				3CBE94A6212D75FB00CE518C /* Api */,
				3C41E927212D724A00C2E242 /* Api Implementation */,
				3C46D4E4212B61EF00430D20 /* Network */,
				3CE7106E2121A74600EBF6A5 /* Scenes */,
				3CE710282121827A00EBF6A5 /* Assets.xcassets */,
				3CE7102D2121827A00EBF6A5 /* Info.plist */,
				3CE710252121827900EBF6A5 /* YesplanVIP.xcdatamodeld */,
				3CE9D1D5212382B700BFA730 /* Extensions */,
				3C40AEC8212D825B0077DDC5 /* Models */,
				3C9A5B692167E2CD00A5D35B /* Settings.bundle */,
			);
			path = YesplanVIP;
			sourceTree = "<group>";
		};
		3CE710352121827A00EBF6A5 /* YesplanVIPTests */ = {
			isa = PBXGroup;
			children = (
				3CE710362121827A00EBF6A5 /* YesplanVIPTests.swift */,
				3CE710382121827A00EBF6A5 /* Info.plist */,
			);
			path = YesplanVIPTests;
			sourceTree = "<group>";
		};
		3CE710402121827A00EBF6A5 /* YesplanVIPUITests */ = {
			isa = PBXGroup;
			children = (
				3CE710412121827A00EBF6A5 /* YesplanVIPUITests.swift */,
				3CE710432121827A00EBF6A5 /* Info.plist */,
			);
			path = YesplanVIPUITests;
			sourceTree = "<group>";
		};
		3CE7106E2121A74600EBF6A5 /* Scenes */ = {
			isa = PBXGroup;
			children = (
				3CE9D1CB21237C2700BFA730 /* Login */,
				3C40AEFB212D8E5F0077DDC5 /* EventsTab */,
				3CE710872121A76B00EBF6A5 /* Teamplanner */,
				3CE710A02121A79200EBF6A5 /* Tasks */,
				3CE710B92121A7B200EBF6A5 /* Contacts */,
				3CE710D22121A7EB00EBF6A5 /* ToDo */,
				3C40AF2F212D921E0077DDC5 /* UserTab */,
				3CE711042121A84C00EBF6A5 /* Help */,
				3CD592AA212AC6D2005BBF71 /* Logout */,
			);
			path = Scenes;
			sourceTree = "<group>";
		};
		3CE710872121A76B00EBF6A5 /* Teamplanner */ = {
			isa = PBXGroup;
			children = (
				3CC377482168BD520020236D /* Views */,
				3CE7106F2121A76400EBF6A5 /* TeamplannerPresenter.swift */,
				3CE710702121A76400EBF6A5 /* TeamplannerWorker.swift */,
				3CE710712121A76400EBF6A5 /* TeamplannerRouter.swift */,
				3CE710722121A76400EBF6A5 /* TeamplannerModels.swift */,
				3CE710732121A76400EBF6A5 /* TeamplannerViewController.swift */,
				3CE710742121A76400EBF6A5 /* TeamplannerInteractor.swift */,
			);
			path = Teamplanner;
			sourceTree = "<group>";
		};
		3CE710A02121A79200EBF6A5 /* Tasks */ = {
			isa = PBXGroup;
			children = (
				3CF8F618215A4BFD0016EDC7 /* Views */,
				3CE710882121A78800EBF6A5 /* TasksPresenter.swift */,
				3CE710892121A78800EBF6A5 /* TasksWorker.swift */,
				3CE7108A2121A78800EBF6A5 /* TasksRouter.swift */,
				3CE7108B2121A78800EBF6A5 /* TasksModels.swift */,
				3CE7108C2121A78800EBF6A5 /* TasksViewController.swift */,
				3CE7108D2121A78800EBF6A5 /* TasksInteractor.swift */,
			);
			path = Tasks;
			sourceTree = "<group>";
		};
		3CE710B92121A7B200EBF6A5 /* Contacts */ = {
			isa = PBXGroup;
			children = (
				3CE710A12121A7A900EBF6A5 /* ContactsPresenter.swift */,
				3CE710A22121A7A900EBF6A5 /* ContactsWorker.swift */,
				3CE710A32121A7A900EBF6A5 /* ContactsRouter.swift */,
				3CE710A42121A7A900EBF6A5 /* ContactsModels.swift */,
				3CE710A52121A7A900EBF6A5 /* ContactsViewController.swift */,
				3CE710A62121A7A900EBF6A5 /* ContactsInteractor.swift */,
			);
			path = Contacts;
			sourceTree = "<group>";
		};
		3CE710D22121A7EB00EBF6A5 /* ToDo */ = {
			isa = PBXGroup;
			children = (
				3C570A47216552E600154B93 /* Views */,
				3CE710BA2121A7E300EBF6A5 /* ToDosPresenter.swift */,
				3CE710BB2121A7E300EBF6A5 /* ToDosWorker.swift */,
				3CE710BC2121A7E300EBF6A5 /* ToDosRouter.swift */,
				3CE710BD2121A7E300EBF6A5 /* ToDosModels.swift */,
				3CE710BE2121A7E300EBF6A5 /* ToDosViewController.swift */,
				3CE710BF2121A7E300EBF6A5 /* ToDosInteractor.swift */,
			);
			path = ToDo;
			sourceTree = "<group>";
		};
		3CE711042121A84C00EBF6A5 /* Help */ = {
			isa = PBXGroup;
			children = (
				3CE710EC2121A84400EBF6A5 /* HelpPresenter.swift */,
				3CE710ED2121A84400EBF6A5 /* HelpWorker.swift */,
				3CE710EE2121A84400EBF6A5 /* HelpRouter.swift */,
				3CE710EF2121A84400EBF6A5 /* HelpModels.swift */,
				3CE710F02121A84400EBF6A5 /* HelpViewController.swift */,
				3CE710F12121A84400EBF6A5 /* HelpInteractor.swift */,
			);
			path = Help;
			sourceTree = "<group>";
		};
		3CE9D1CB21237C2700BFA730 /* Login */ = {
			isa = PBXGroup;
			children = (
				3CE9D1D021237DC000BFA730 /* Views */,
				3CE9D1B321237C1800BFA730 /* LoginPresenter.swift */,
				3CE9D1B421237C1800BFA730 /* LoginWorker.swift */,
				3CE9D1B521237C1800BFA730 /* LoginRouter.swift */,
				3CE9D1B621237C1800BFA730 /* LoginModels.swift */,
				3CE9D1B721237C1800BFA730 /* LoginViewController.swift */,
				3CE9D1B821237C1800BFA730 /* LoginInteractor.swift */,
			);
			path = Login;
			sourceTree = "<group>";
		};
		3CE9D1D021237DC000BFA730 /* Views */ = {
			isa = PBXGroup;
			children = (
				3CB468C021479A330088A8B8 /* LoginView.swift */,
			);
			path = Views;
			sourceTree = "<group>";
		};
		3CE9D1D5212382B700BFA730 /* Extensions */ = {
			isa = PBXGroup;
			children = (
				3CE711052121AD7100EBF6A5 /* Dictionary+Extension.swift */,
				3CE9D1D1212382B100BFA730 /* UIStackView+Extension.swift */,
				3CE9D1D62123830900BFA730 /* SafeAreaLayout+Extension.swift */,
				3CE9D1DA2123832900BFA730 /* UITextField+Extension.swift */,
				3CE9D1DE2123834100BFA730 /* UIButton+Extension.swift */,
				3CE9D1E22123835600BFA730 /* UIColor+Extension.swift */,
				3C2D8FE2212819E200BDEA18 /* UserDefaults+Extension.swift */,
				3CC425B22132140200DCD981 /* ArrowParsable+Extension.swift */,
				3C24BAEB215613AB00E28966 /* String+Extensions.swift */,
				3CC3774421688E720020236D /* Notifications+Util.swift */,
			);
			path = Extensions;
			sourceTree = "<group>";
		};
		3CF2CA71215F589000636180 /* Extensions */ = {
			isa = PBXGroup;
			children = (
				3CF2CA6F215F588A00636180 /* TasksTabViewCell+Extensions.swift */,
				3CD714F72164038A00CC370A /* TasksTabViewController+Extensions.swift */,
			);
			path = Extensions;
			sourceTree = "<group>";
		};
		3CF8F618215A4BFD0016EDC7 /* Views */ = {
			isa = PBXGroup;
			children = (
				3CF8F616215A4B340016EDC7 /* TasksTabView.swift */,
				3C18E52C215B9751009523AC /* TasksTabViewCell.swift */,
				3C18E52E215B97C0009523AC /* TasksTabViewHeader.swift */,
				3CF2CA71215F589000636180 /* Extensions */,
			);
			path = Views;
			sourceTree = "<group>";
		};
		8270B23A3095913C66C9DB3C /* Pods */ = {
			isa = PBXGroup;
			children = (
				6FE5CE4C7D32C7169114F61E /* Pods-YesplanVIP.debug.xcconfig */,
				75E8E8DE73CA0BD5E92077AC /* Pods-YesplanVIP.release.xcconfig */,
			);
			name = Pods;
			sourceTree = "<group>";
		};
/* End PBXGroup section */

/* Begin PBXNativeTarget section */
		3CE7101A2121827900EBF6A5 /* YesplanVIP */ = {
			isa = PBXNativeTarget;
			buildConfigurationList = 3CE710462121827A00EBF6A5 /* Build configuration list for PBXNativeTarget "YesplanVIP" */;
			buildPhases = (
				E9250E09F3080259DD52CD7D /* [CP] Check Pods Manifest.lock */,
				3CE710172121827900EBF6A5 /* Sources */,
				3CE710182121827900EBF6A5 /* Frameworks */,
				3CE710192121827900EBF6A5 /* Resources */,
				E8F285C3B0DF587AD00060E5 /* [CP] Embed Pods Frameworks */,
				565C71D73C785F6F43099377 /* [CP] Copy Pods Resources */,
				3C41E928212D742700C2E242 /* ShellScript */,
			);
			buildRules = (
			);
			dependencies = (
			);
			name = YesplanVIP;
			productName = YesplanVIP;
			productReference = 3CE7101B2121827900EBF6A5 /* YesplanVIP.app */;
			productType = "com.apple.product-type.application";
		};
/* End PBXNativeTarget section */

/* Begin PBXProject section */
		3CE710132121827900EBF6A5 /* Project object */ = {
			isa = PBXProject;
			attributes = {
				LastSwiftUpdateCheck = 0940;
				LastUpgradeCheck = 0940;
				ORGANIZATIONNAME = Yesplan;
				TargetAttributes = {
					3CE7101A2121827900EBF6A5 = {
						CreatedOnToolsVersion = 9.4.1;
						LastSwiftMigration = 1000;
					};
				};
			};
			buildConfigurationList = 3CE710162121827900EBF6A5 /* Build configuration list for PBXProject "YesplanVIP" */;
			compatibilityVersion = "Xcode 9.3";
			developmentRegion = en;
			hasScannedForEncodings = 0;
			knownRegions = (
				en,
				Base,
			);
			mainGroup = 3CE710122121827900EBF6A5;
			productRefGroup = 3CE7101C2121827900EBF6A5 /* Products */;
			projectDirPath = "";
			projectRoot = "";
			targets = (
				3CE7101A2121827900EBF6A5 /* YesplanVIP */,
			);
		};
/* End PBXProject section */

/* Begin PBXResourcesBuildPhase section */
		3CE710192121827900EBF6A5 /* Resources */ = {
			isa = PBXResourcesBuildPhase;
			buildActionMask = 2147483647;
			files = (
				3CE710292121827A00EBF6A5 /* Assets.xcassets in Resources */,
				3C9A5B6A2167E2CD00A5D35B /* Settings.bundle in Resources */,
				3C6AC8A0212703050010DFA5 /* LaunchScreen.storyboard in Resources */,
			);
			runOnlyForDeploymentPostprocessing = 0;
		};
/* End PBXResourcesBuildPhase section */

/* Begin PBXShellScriptBuildPhase section */
		3C41E928212D742700C2E242 /* ShellScript */ = {
			isa = PBXShellScriptBuildPhase;
			buildActionMask = 12;
			files = (
			);
			inputPaths = (
				"$(SRCROOT)/Carthage/Build/iOS/Alamofire.framework",
				"$(SRCROOT)/Carthage/Build/iOS/Kingfisher.framework",
				"$(SRCROOT)/Carthage/Build/iOS/Arrow.framework",
				"$(SRCROOT)/Carthage/Build/iOS/Stevia.framework",
				"$(SRCROOT)/Carthage/Build/iOS/then.framework",
				"$(SRCROOT)/Carthage/Build/iOS/ws.framework",
				"$(SRCROOT)/Carthage/Build/iOS/PureLayout.framework",
			);
			outputPaths = (
			);
			runOnlyForDeploymentPostprocessing = 0;
			shellPath = /bin/sh;
			shellScript = "/usr/local/bin/carthage copy-frameworks\n";
		};
		565C71D73C785F6F43099377 /* [CP] Copy Pods Resources */ = {
			isa = PBXShellScriptBuildPhase;
			buildActionMask = 2147483647;
			files = (
			);
			inputPaths = (
			);
			name = "[CP] Copy Pods Resources";
			outputPaths = (
			);
			runOnlyForDeploymentPostprocessing = 0;
			shellPath = /bin/sh;
			shellScript = "\"${SRCROOT}/Pods/Target Support Files/Pods-YesplanVIP/Pods-YesplanVIP-resources.sh\"\n";
			showEnvVarsInLog = 0;
		};
		E8F285C3B0DF587AD00060E5 /* [CP] Embed Pods Frameworks */ = {
			isa = PBXShellScriptBuildPhase;
			buildActionMask = 2147483647;
			files = (
			);
			inputPaths = (
				"${SRCROOT}/Pods/Target Support Files/Pods-YesplanVIP/Pods-YesplanVIP-frameworks.sh",
				"${BUILT_PRODUCTS_DIR}/SearchTextField/SearchTextField.framework",
				"${BUILT_PRODUCTS_DIR}/Squeaky/Squeaky.framework",
			);
			name = "[CP] Embed Pods Frameworks";
			outputPaths = (
				"${TARGET_BUILD_DIR}/${FRAMEWORKS_FOLDER_PATH}/SearchTextField.framework",
				"${TARGET_BUILD_DIR}/${FRAMEWORKS_FOLDER_PATH}/Squeaky.framework",
			);
			runOnlyForDeploymentPostprocessing = 0;
			shellPath = /bin/sh;
			shellScript = "\"${SRCROOT}/Pods/Target Support Files/Pods-YesplanVIP/Pods-YesplanVIP-frameworks.sh\"\n";
			showEnvVarsInLog = 0;
		};
		E9250E09F3080259DD52CD7D /* [CP] Check Pods Manifest.lock */ = {
			isa = PBXShellScriptBuildPhase;
			buildActionMask = 2147483647;
			files = (
			);
			inputPaths = (
				"${PODS_PODFILE_DIR_PATH}/Podfile.lock",
				"${PODS_ROOT}/Manifest.lock",
			);
			name = "[CP] Check Pods Manifest.lock";
			outputPaths = (
				"$(DERIVED_FILE_DIR)/Pods-YesplanVIP-checkManifestLockResult.txt",
			);
			runOnlyForDeploymentPostprocessing = 0;
			shellPath = /bin/sh;
			shellScript = "diff \"${PODS_PODFILE_DIR_PATH}/Podfile.lock\" \"${PODS_ROOT}/Manifest.lock\" > /dev/null\nif [ $? != 0 ] ; then\n    # print error to STDERR\n    echo \"error: The sandbox is not in sync with the Podfile.lock. Run 'pod install' or update your CocoaPods installation.\" >&2\n    exit 1\nfi\n# This output is used by Xcode 'outputs' to avoid re-running this script phase.\necho \"SUCCESS\" > \"${SCRIPT_OUTPUT_FILE_0}\"\n";
			showEnvVarsInLog = 0;
		};
/* End PBXShellScriptBuildPhase section */

/* Begin PBXSourcesBuildPhase section */
		3CE710172121827900EBF6A5 /* Sources */ = {
			isa = PBXSourcesBuildPhase;
			buildActionMask = 2147483647;
			files = (
				3CF2CA70215F588A00636180 /* TasksTabViewCell+Extensions.swift in Sources */,
				3C40AEF2212D8E550077DDC5 /* EventsTabModels.swift in Sources */,
				3CC37771216A2FB90020236D /* BulkResourceUse.swift in Sources */,
				3C24BAEC215613AB00E28966 /* String+Extensions.swift in Sources */,
				3C40AED8212D8C090077DDC5 /* Events.swift in Sources */,
				3CC3776D216A20F30020236D /* ResourceSetUse.swift in Sources */,
				3CE710AA2121A7A900EBF6A5 /* ContactsWorker.swift in Sources */,
				3C40AEFD212D8E920077DDC5 /* EventsTabView.swift in Sources */,
				3CC377622169E94E0020236D /* Resourceinstance.swift in Sources */,
				3C40AF06212D8EE50077DDC5 /* EventsTabViewHeader.swift in Sources */,
				3CE710272121827900EBF6A5 /* YesplanVIP.xcdatamodeld in Sources */,
				3CD714F42163C26800CC370A /* Task.swift in Sources */,
				3CE710FE2121A84400EBF6A5 /* HelpViewController.swift in Sources */,
				3CE9D1D2212382B100BFA730 /* UIStackView+Extension.swift in Sources */,
				3CE710FB2121A84400EBF6A5 /* HelpModels.swift in Sources */,
				3CC3774A2168BDB90020236D /* TeamplannerTabViewCell.swift in Sources */,
				3CC377662169F0090020236D /* ResourceSet.swift in Sources */,
				3C7337A92150427C0045F9E1 /* EventsTabViewController+Extensions.swift in Sources */,
				3CC377552168D0450020236D /* TeamplannerTabViewController+Extensions.swift in Sources */,
				3C043F33214D5E6A00A91AE3 /* ErrorViewModel.swift in Sources */,
				3C40AEF8212D8E550077DDC5 /* EventsTabInteractor.swift in Sources */,
				3C40AF29212D91F30077DDC5 /* UserTabViewController.swift in Sources */,
				3CC3774321688D870020236D /* AppConfig.swift in Sources */,
				3CC377602169E8BE0020236D /* InstantiableResource.swift in Sources */,
				3C18E52D215B9751009523AC /* TasksTabViewCell.swift in Sources */,
				3CE7108E2121A78800EBF6A5 /* TasksPresenter.swift in Sources */,
				3CC377502168CB010020236D /* Resourcebookings.swift in Sources */,
				3CD714F82164038A00CC370A /* TasksTabViewController+Extensions.swift in Sources */,
				3CB59E61213FC4D900B6E458 /* EventsTabViewCell+Extensions.swift in Sources */,
				3CE710912121A78800EBF6A5 /* TasksWorker.swift in Sources */,
				3CB59E77214079D300B6E458 /* MainTabBarWorker.swift in Sources */,
				3CE710F22121A84400EBF6A5 /* HelpPresenter.swift in Sources */,
				3CB59E6E2140797D00B6E458 /* MainTabBarInteractor.swift in Sources */,
				3C570A502165589100154B93 /* ToDosTabViewCell+Extensions.swift in Sources */,
				3CE9D1C221237C1800BFA730 /* LoginModels.swift in Sources */,
				3C40AF1D212D91F30077DDC5 /* UserTabPresenter.swift in Sources */,
				3C40AF37212DAE8E0077DDC5 /* Base.swift in Sources */,
				3CD59298212AC57B005BBF71 /* LogoutPresenter.swift in Sources */,
				3CC37757216946810020236D /* Resource.swift in Sources */,
				3CD714F62163E8DE00CC370A /* Tasks.swift in Sources */,
				3CD592A7212AC57B005BBF71 /* LogoutInteractor.swift in Sources */,
				3CE710C92121A7E300EBF6A5 /* ToDosModels.swift in Sources */,
				3CD592A1212AC57B005BBF71 /* LogoutModels.swift in Sources */,
				3C0DD7A82125FFA500F8FBDC /* RootViewController.swift in Sources */,
				3CF142EB212DE32A001FC532 /* Children.swift in Sources */,
				3CF142DF212DDFF9001FC532 /* Status.swift in Sources */,
				3CE710B62121A7A900EBF6A5 /* ContactsInteractor.swift in Sources */,
				3CE710F82121A84400EBF6A5 /* HelpRouter.swift in Sources */,
				3C40AF23212D91F30077DDC5 /* UserTabRouter.swift in Sources */,
				3C40AEE9212D8E550077DDC5 /* EventsTabPresenter.swift in Sources */,
				3C40AEE0212D8C2F0077DDC5 /* Event.swift in Sources */,
				3CB468C121479A330088A8B8 /* LoginView.swift in Sources */,
				3CC3775C2169E6270020236D /* BulkResource.swift in Sources */,
				3C18E52F215B97C0009523AC /* TasksTabViewHeader.swift in Sources */,
				3CE711012121A84400EBF6A5 /* HelpInteractor.swift in Sources */,
				3C2D8FDC21270AF100BDEA18 /* MainTabBarVwController.swift in Sources */,
				3CC3774521688E720020236D /* Notifications+Util.swift in Sources */,
				3CE710C62121A7E300EBF6A5 /* ToDosRouter.swift in Sources */,
				3C862BF62157C1DB00428BF9 /* Profile.swift in Sources */,
				3CE9D1E32123835600BFA730 /* UIColor+Extension.swift in Sources */,
				3CE710C32121A7E300EBF6A5 /* ToDosWorker.swift in Sources */,
				3C570A46216552E100154B93 /* ToDosTabView.swift in Sources */,
				3C40AF31212D92610077DDC5 /* Usergroup.swift in Sources */,
				3CE710972121A78800EBF6A5 /* TasksModels.swift in Sources */,
				3C570A492165533300154B93 /* ToDosTabViewCell.swift in Sources */,
				3CC3775E2169E8290020236D /* AdHocResource.swift in Sources */,
				3CE710B02121A7A900EBF6A5 /* ContactsModels.swift in Sources */,
				3C570A4B2165537900154B93 /* ToDosTabViewHeader.swift in Sources */,
				3C40AEEF212D8E550077DDC5 /* EventsTabRouter.swift in Sources */,
				3CC3774E2168C2BE0020236D /* Resourcebooking.swift in Sources */,
				3CE9D1DF2123834100BFA730 /* UIButton+Extension.swift in Sources */,
				3CE9D1D72123830900BFA730 /* SafeAreaLayout+Extension.swift in Sources */,
				3CE7101F2121827900EBF6A5 /* AppDelegate.swift in Sources */,
				3CB59E7B214079E000B6E458 /* MainTabBarPresenter.swift in Sources */,
				3CE7109D2121A78800EBF6A5 /* TasksInteractor.swift in Sources */,
				3CE710CF2121A7E300EBF6A5 /* ToDosInteractor.swift in Sources */,
				3C043F37214D5E8B00A91AE3 /* ErrorPresenter.swift in Sources */,
				3CD592A4212AC57B005BBF71 /* LogoutViewController.swift in Sources */,
				3CE710782121A76400EBF6A5 /* TeamplannerWorker.swift in Sources */,
				3C40AEF5212D8E550077DDC5 /* EventsTabViewController.swift in Sources */,
				3CF142E7212DE2AE001FC532 /* Group.swift in Sources */,
				3CD5929B212AC57B005BBF71 /* LogoutWorker.swift in Sources */,
				3C230AA821558BA5004477A3 /* Statuses.swift in Sources */,
				3CC3776B216A12A50020236D /* InstantiableResourceUseGroup.swift in Sources */,
				3CE710B32121A7A900EBF6A5 /* ContactsViewController.swift in Sources */,
				3CB59E6A2140794800B6E458 /* MainTabBarRouter.swift in Sources */,
				3C40AEDC212D8C1F0077DDC5 /* Pagination.swift in Sources */,
				3CB59E72214079AD00B6E458 /* MainTabBarModels.swift in Sources */,
				3CC425B32132140200DCD981 /* ArrowParsable+Extension.swift in Sources */,
				3CF8F617215A4B340016EDC7 /* TasksTabView.swift in Sources */,
				3CE9D1C521237C1800BFA730 /* LoginViewController.swift in Sources */,
				3CE710A72121A7A900EBF6A5 /* ContactsPresenter.swift in Sources */,
				3CE710AD2121A7A900EBF6A5 /* ContactsRouter.swift in Sources */,
				3CE710842121A76400EBF6A5 /* TeamplannerInteractor.swift in Sources */,
				3CE710CC2121A7E300EBF6A5 /* ToDosViewController.swift in Sources */,
				3CE9D1DB2123832900BFA730 /* UITextField+Extension.swift in Sources */,
				3CE710812121A76400EBF6A5 /* TeamplannerViewController.swift in Sources */,
				3CE9D1C821237C1800BFA730 /* LoginInteractor.swift in Sources */,
				3CC3774C2168BDF80020236D /* TeamplannerTabViewHeader.swift in Sources */,
				3CE710942121A78800EBF6A5 /* TasksRouter.swift in Sources */,
				3C40AF14212D917B0077DDC5 /* User.swift in Sources */,
				3CD5929E212AC57B005BBF71 /* LogoutRouter.swift in Sources */,
				3CE9D1B921237C1800BFA730 /* LoginPresenter.swift in Sources */,
				3CF142E3212DE257001FC532 /* Groups.swift in Sources */,
				3CD7DBAC21332379001C1B6E /* RestResource.swift in Sources */,
				3CE7107B2121A76400EBF6A5 /* TeamplannerRouter.swift in Sources */,
				3C6AC89321260EEC0010DFA5 /* SplashViewController.swift in Sources */,
				3CBE94A3212D75C700CE518C /* Api.swift in Sources */,
				3C570A4D2165587500154B93 /* ToDosTabViewController+Extensions.swift in Sources */,
				3CE710C02121A7E300EBF6A5 /* ToDosPresenter.swift in Sources */,
				3CC377592169E59C0020236D /* Costmodel.swift in Sources */,
				3CE710F52121A84400EBF6A5 /* HelpWorker.swift in Sources */,
				3CE9D1BF21237C1800BFA730 /* LoginRouter.swift in Sources */,
				3C40AF20212D91F30077DDC5 /* UserTabWorker.swift in Sources */,
				3CC3776F216A2DC80020236D /* FreeFormResourceUse.swift in Sources */,
				3CC377472168BD480020236D /* TeamplannerTabView.swift in Sources */,
				3C40AF02212D8EB90077DDC5 /* EventsTabViewCell.swift in Sources */,
				3CE711062121AD7100EBF6A5 /* Dictionary+Extension.swift in Sources */,
				3C2D8FE3212819E200BDEA18 /* UserDefaults+Extension.swift in Sources */,
				3CF142EF212E0422001FC532 /* ApiError.swift in Sources */,
				3CE710752121A76400EBF6A5 /* TeamplannerPresenter.swift in Sources */,
				3CE7109A2121A78800EBF6A5 /* TasksViewController.swift in Sources */,
				3C41E924212D723E00C2E242 /* Basic.swift in Sources */,
				3C40AEEC212D8E550077DDC5 /* EventsTabWorker.swift in Sources */,
				3C40AF26212D91F30077DDC5 /* UserTabModels.swift in Sources */,
				3CE7107E2121A76400EBF6A5 /* TeamplannerModels.swift in Sources */,
				3C862BF82157C2F700428BF9 /* Profiles.swift in Sources */,
				3CC377522168CFEE0020236D /* TeamplannerTabViewCell+Extensions.swift in Sources */,
				3CE9D1BC21237C1800BFA730 /* LoginWorker.swift in Sources */,
				3CC37769216A124B0020236D /* InstantiableResourceUse.swift in Sources */,
				3C40AF2C212D91F30077DDC5 /* UserTabInteractor.swift in Sources */,
			);
			runOnlyForDeploymentPostprocessing = 0;
		};
/* End PBXSourcesBuildPhase section */

/* Begin XCBuildConfiguration section */
		3CE710442121827A00EBF6A5 /* Debug */ = {
			isa = XCBuildConfiguration;
			buildSettings = {
				ALWAYS_SEARCH_USER_PATHS = NO;
				CLANG_ANALYZER_NONNULL = YES;
				CLANG_ANALYZER_NUMBER_OBJECT_CONVERSION = YES_AGGRESSIVE;
				CLANG_CXX_LANGUAGE_STANDARD = "gnu++14";
				CLANG_CXX_LIBRARY = "libc++";
				CLANG_ENABLE_MODULES = YES;
				CLANG_ENABLE_OBJC_ARC = YES;
				CLANG_ENABLE_OBJC_WEAK = YES;
				CLANG_WARN_BLOCK_CAPTURE_AUTORELEASING = YES;
				CLANG_WARN_BOOL_CONVERSION = YES;
				CLANG_WARN_COMMA = YES;
				CLANG_WARN_CONSTANT_CONVERSION = YES;
				CLANG_WARN_DEPRECATED_OBJC_IMPLEMENTATIONS = YES;
				CLANG_WARN_DIRECT_OBJC_ISA_USAGE = YES_ERROR;
				CLANG_WARN_DOCUMENTATION_COMMENTS = YES;
				CLANG_WARN_EMPTY_BODY = YES;
				CLANG_WARN_ENUM_CONVERSION = YES;
				CLANG_WARN_INFINITE_RECURSION = YES;
				CLANG_WARN_INT_CONVERSION = YES;
				CLANG_WARN_NON_LITERAL_NULL_CONVERSION = YES;
				CLANG_WARN_OBJC_IMPLICIT_RETAIN_SELF = YES;
				CLANG_WARN_OBJC_LITERAL_CONVERSION = YES;
				CLANG_WARN_OBJC_ROOT_CLASS = YES_ERROR;
				CLANG_WARN_RANGE_LOOP_ANALYSIS = YES;
				CLANG_WARN_STRICT_PROTOTYPES = YES;
				CLANG_WARN_SUSPICIOUS_MOVE = YES;
				CLANG_WARN_UNGUARDED_AVAILABILITY = YES_AGGRESSIVE;
				CLANG_WARN_UNREACHABLE_CODE = YES;
				CLANG_WARN__DUPLICATE_METHOD_MATCH = YES;
				CODE_SIGN_IDENTITY = "iPhone Developer";
				COPY_PHASE_STRIP = NO;
				DEBUG_INFORMATION_FORMAT = dwarf;
				ENABLE_STRICT_OBJC_MSGSEND = YES;
				ENABLE_TESTABILITY = YES;
				GCC_C_LANGUAGE_STANDARD = gnu11;
				GCC_DYNAMIC_NO_PIC = NO;
				GCC_NO_COMMON_BLOCKS = YES;
				GCC_OPTIMIZATION_LEVEL = 0;
				GCC_PREPROCESSOR_DEFINITIONS = (
					"DEBUG=1",
					"$(inherited)",
				);
				GCC_WARN_64_TO_32_BIT_CONVERSION = YES;
				GCC_WARN_ABOUT_RETURN_TYPE = YES_ERROR;
				GCC_WARN_UNDECLARED_SELECTOR = YES;
				GCC_WARN_UNINITIALIZED_AUTOS = YES_AGGRESSIVE;
				GCC_WARN_UNUSED_FUNCTION = YES;
				GCC_WARN_UNUSED_VARIABLE = YES;
				IPHONEOS_DEPLOYMENT_TARGET = 11.4;
				MTL_ENABLE_DEBUG_INFO = YES;
				ONLY_ACTIVE_ARCH = YES;
				SDKROOT = iphoneos;
				SWIFT_ACTIVE_COMPILATION_CONDITIONS = DEBUG;
				SWIFT_OPTIMIZATION_LEVEL = "-Onone";
			};
			name = Debug;
		};
		3CE710452121827A00EBF6A5 /* Release */ = {
			isa = XCBuildConfiguration;
			buildSettings = {
				ALWAYS_SEARCH_USER_PATHS = NO;
				CLANG_ANALYZER_NONNULL = YES;
				CLANG_ANALYZER_NUMBER_OBJECT_CONVERSION = YES_AGGRESSIVE;
				CLANG_CXX_LANGUAGE_STANDARD = "gnu++14";
				CLANG_CXX_LIBRARY = "libc++";
				CLANG_ENABLE_MODULES = YES;
				CLANG_ENABLE_OBJC_ARC = YES;
				CLANG_ENABLE_OBJC_WEAK = YES;
				CLANG_WARN_BLOCK_CAPTURE_AUTORELEASING = YES;
				CLANG_WARN_BOOL_CONVERSION = YES;
				CLANG_WARN_COMMA = YES;
				CLANG_WARN_CONSTANT_CONVERSION = YES;
				CLANG_WARN_DEPRECATED_OBJC_IMPLEMENTATIONS = YES;
				CLANG_WARN_DIRECT_OBJC_ISA_USAGE = YES_ERROR;
				CLANG_WARN_DOCUMENTATION_COMMENTS = YES;
				CLANG_WARN_EMPTY_BODY = YES;
				CLANG_WARN_ENUM_CONVERSION = YES;
				CLANG_WARN_INFINITE_RECURSION = YES;
				CLANG_WARN_INT_CONVERSION = YES;
				CLANG_WARN_NON_LITERAL_NULL_CONVERSION = YES;
				CLANG_WARN_OBJC_IMPLICIT_RETAIN_SELF = YES;
				CLANG_WARN_OBJC_LITERAL_CONVERSION = YES;
				CLANG_WARN_OBJC_ROOT_CLASS = YES_ERROR;
				CLANG_WARN_RANGE_LOOP_ANALYSIS = YES;
				CLANG_WARN_STRICT_PROTOTYPES = YES;
				CLANG_WARN_SUSPICIOUS_MOVE = YES;
				CLANG_WARN_UNGUARDED_AVAILABILITY = YES_AGGRESSIVE;
				CLANG_WARN_UNREACHABLE_CODE = YES;
				CLANG_WARN__DUPLICATE_METHOD_MATCH = YES;
				CODE_SIGN_IDENTITY = "iPhone Developer";
				COPY_PHASE_STRIP = NO;
				DEBUG_INFORMATION_FORMAT = "dwarf-with-dsym";
				ENABLE_NS_ASSERTIONS = NO;
				ENABLE_STRICT_OBJC_MSGSEND = YES;
				GCC_C_LANGUAGE_STANDARD = gnu11;
				GCC_NO_COMMON_BLOCKS = YES;
				GCC_WARN_64_TO_32_BIT_CONVERSION = YES;
				GCC_WARN_ABOUT_RETURN_TYPE = YES_ERROR;
				GCC_WARN_UNDECLARED_SELECTOR = YES;
				GCC_WARN_UNINITIALIZED_AUTOS = YES_AGGRESSIVE;
				GCC_WARN_UNUSED_FUNCTION = YES;
				GCC_WARN_UNUSED_VARIABLE = YES;
				IPHONEOS_DEPLOYMENT_TARGET = 11.4;
				MTL_ENABLE_DEBUG_INFO = NO;
				SDKROOT = iphoneos;
				SWIFT_COMPILATION_MODE = wholemodule;
				SWIFT_OPTIMIZATION_LEVEL = "-O";
				VALIDATE_PRODUCT = YES;
			};
			name = Release;
		};
		3CE710472121827A00EBF6A5 /* Debug */ = {
			isa = XCBuildConfiguration;
			baseConfigurationReference = 6FE5CE4C7D32C7169114F61E /* Pods-YesplanVIP.debug.xcconfig */;
			buildSettings = {
				ALWAYS_SEARCH_USER_PATHS = NO;
				ASSETCATALOG_COMPILER_APPICON_NAME = AppIcon;
				CODE_SIGN_STYLE = Automatic;
				DEVELOPMENT_TEAM = 9WC44CBGXS;
				FRAMEWORK_SEARCH_PATHS = (
					"$(inherited)",
					"\"$(SRCROOT)/Carthage/Build/iOS\"",
					"$(PROJECT_DIR)/Carthage/Build/iOS",
				);
				"FRAMEWORK_SEARCH_PATHS[arch=*]" = (
					"$(inherited)",
					"\"$(PROJECT_DIR)/Carthage/Build/iOS\"",
				);
				INFOPLIST_FILE = YesplanVIP/Info.plist;
				IPHONEOS_DEPLOYMENT_TARGET = 11.0;
				LD_RUNPATH_SEARCH_PATHS = (
					"$(inherited)",
					"@executable_path/Frameworks",
				);
				PRODUCT_BUNDLE_IDENTIFIER = Yesplan.YesplanVIP;
				PRODUCT_NAME = "$(TARGET_NAME)";
				SWIFT_VERSION = 4.2;
				TARGETED_DEVICE_FAMILY = "1,2";
			};
			name = Debug;
		};
		3CE710482121827A00EBF6A5 /* Release */ = {
			isa = XCBuildConfiguration;
			baseConfigurationReference = 75E8E8DE73CA0BD5E92077AC /* Pods-YesplanVIP.release.xcconfig */;
			buildSettings = {
				ALWAYS_SEARCH_USER_PATHS = NO;
				ASSETCATALOG_COMPILER_APPICON_NAME = AppIcon;
				CODE_SIGN_STYLE = Automatic;
				DEVELOPMENT_TEAM = 9WC44CBGXS;
				FRAMEWORK_SEARCH_PATHS = (
					"$(inherited)",
					"\"$(SRCROOT)/Carthage/Build/iOS\"",
					"$(PROJECT_DIR)/Carthage/Build/iOS",
				);
				"FRAMEWORK_SEARCH_PATHS[arch=*]" = (
					"$(inherited)",
					"\"$(PROJECT_DIR)/path-to-framework-parent-directory/Carthage/Build/iOS\"",
				);
				INFOPLIST_FILE = YesplanVIP/Info.plist;
				IPHONEOS_DEPLOYMENT_TARGET = 11.0;
				LD_RUNPATH_SEARCH_PATHS = (
					"$(inherited)",
					"@executable_path/Frameworks",
				);
				PRODUCT_BUNDLE_IDENTIFIER = Yesplan.YesplanVIP;
				PRODUCT_NAME = "$(TARGET_NAME)";
				SWIFT_VERSION = 4.2;
				TARGETED_DEVICE_FAMILY = "1,2";
			};
			name = Release;
		};
/* End XCBuildConfiguration section */

/* Begin XCConfigurationList section */
		3CE710162121827900EBF6A5 /* Build configuration list for PBXProject "YesplanVIP" */ = {
			isa = XCConfigurationList;
			buildConfigurations = (
				3CE710442121827A00EBF6A5 /* Debug */,
				3CE710452121827A00EBF6A5 /* Release */,
			);
			defaultConfigurationIsVisible = 0;
			defaultConfigurationName = Release;
		};
		3CE710462121827A00EBF6A5 /* Build configuration list for PBXNativeTarget "YesplanVIP" */ = {
			isa = XCConfigurationList;
			buildConfigurations = (
				3CE710472121827A00EBF6A5 /* Debug */,
				3CE710482121827A00EBF6A5 /* Release */,
			);
			defaultConfigurationIsVisible = 0;
			defaultConfigurationName = Release;
		};
/* End XCConfigurationList section */

/* Begin XCVersionGroup section */
		3CE710252121827900EBF6A5 /* YesplanVIP.xcdatamodeld */ = {
			isa = XCVersionGroup;
			children = (
				3CE710262121827900EBF6A5 /* YesplanVIP.xcdatamodel */,
			);
			currentVersion = 3CE710262121827900EBF6A5 /* YesplanVIP.xcdatamodel */;
			path = YesplanVIP.xcdatamodeld;
			sourceTree = "<group>";
			versionGroupType = wrapper.xcdatamodel;
		};
/* End XCVersionGroup section */
	};
	rootObject = 3CE710132121827900EBF6A5 /* Project object */;
}
