// !$*UTF8*$!
{
	archiveVersion = 1;
	classes = {
	};
	objectVersion = 50;
	objects = {

/* Begin PBXBuildFile section */
		0F4228F21F967962BA1CD4FB /* Pods_YesplanVIPTests.framework in Frameworks */ = {isa = PBXBuildFile; fileRef = 1976DFD84BC50D4BDB69A694 /* Pods_YesplanVIPTests.framework */; };
		3CE7101F2121827900EBF6A5 /* AppDelegate.swift in Sources */ = {isa = PBXBuildFile; fileRef = 3CE7101E2121827900EBF6A5 /* AppDelegate.swift */; };
		3CE710242121827900EBF6A5 /* Main.storyboard in Resources */ = {isa = PBXBuildFile; fileRef = 3CE710222121827900EBF6A5 /* Main.storyboard */; };
		3CE710272121827900EBF6A5 /* YesplanVIP.xcdatamodeld in Sources */ = {isa = PBXBuildFile; fileRef = 3CE710252121827900EBF6A5 /* YesplanVIP.xcdatamodeld */; };
		3CE710292121827A00EBF6A5 /* Assets.xcassets in Resources */ = {isa = PBXBuildFile; fileRef = 3CE710282121827A00EBF6A5 /* Assets.xcassets */; };
		3CE7102C2121827A00EBF6A5 /* LaunchScreen.storyboard in Resources */ = {isa = PBXBuildFile; fileRef = 3CE7102A2121827A00EBF6A5 /* LaunchScreen.storyboard */; };
		3CE710372121827A00EBF6A5 /* YesplanVIPTests.swift in Sources */ = {isa = PBXBuildFile; fileRef = 3CE710362121827A00EBF6A5 /* YesplanVIPTests.swift */; };
		3CE710422121827A00EBF6A5 /* YesplanVIPUITests.swift in Sources */ = {isa = PBXBuildFile; fileRef = 3CE710412121827A00EBF6A5 /* YesplanVIPUITests.swift */; };
		3CE710502121860F00EBF6A5 /* teset.swift in Sources */ = {isa = PBXBuildFile; fileRef = 3CE7104F2121860F00EBF6A5 /* teset.swift */; };
		3CE710522121A68000EBF6A5 /* MainTabBarController.swift in Sources */ = {isa = PBXBuildFile; fileRef = 3CE710512121A68000EBF6A5 /* MainTabBarController.swift */; };
		3CE710532121A68000EBF6A5 /* MainTabBarController.swift in Sources */ = {isa = PBXBuildFile; fileRef = 3CE710512121A68000EBF6A5 /* MainTabBarController.swift */; };
		3CE710542121A68000EBF6A5 /* MainTabBarController.swift in Sources */ = {isa = PBXBuildFile; fileRef = 3CE710512121A68000EBF6A5 /* MainTabBarController.swift */; };
		3CE7105B2121A6D100EBF6A5 /* EventsPresenter.swift in Sources */ = {isa = PBXBuildFile; fileRef = 3CE710552121A6D100EBF6A5 /* EventsPresenter.swift */; };
		3CE7105C2121A6D100EBF6A5 /* EventsPresenter.swift in Sources */ = {isa = PBXBuildFile; fileRef = 3CE710552121A6D100EBF6A5 /* EventsPresenter.swift */; };
		3CE7105D2121A6D100EBF6A5 /* EventsPresenter.swift in Sources */ = {isa = PBXBuildFile; fileRef = 3CE710552121A6D100EBF6A5 /* EventsPresenter.swift */; };
		3CE7105E2121A6D100EBF6A5 /* EventsWorker.swift in Sources */ = {isa = PBXBuildFile; fileRef = 3CE710562121A6D100EBF6A5 /* EventsWorker.swift */; };
		3CE7105F2121A6D100EBF6A5 /* EventsWorker.swift in Sources */ = {isa = PBXBuildFile; fileRef = 3CE710562121A6D100EBF6A5 /* EventsWorker.swift */; };
		3CE710602121A6D100EBF6A5 /* EventsWorker.swift in Sources */ = {isa = PBXBuildFile; fileRef = 3CE710562121A6D100EBF6A5 /* EventsWorker.swift */; };
		3CE710612121A6D100EBF6A5 /* EventsRouter.swift in Sources */ = {isa = PBXBuildFile; fileRef = 3CE710572121A6D100EBF6A5 /* EventsRouter.swift */; };
		3CE710622121A6D100EBF6A5 /* EventsRouter.swift in Sources */ = {isa = PBXBuildFile; fileRef = 3CE710572121A6D100EBF6A5 /* EventsRouter.swift */; };
		3CE710632121A6D100EBF6A5 /* EventsRouter.swift in Sources */ = {isa = PBXBuildFile; fileRef = 3CE710572121A6D100EBF6A5 /* EventsRouter.swift */; };
		3CE710642121A6D100EBF6A5 /* EventsModels.swift in Sources */ = {isa = PBXBuildFile; fileRef = 3CE710582121A6D100EBF6A5 /* EventsModels.swift */; };
		3CE710652121A6D100EBF6A5 /* EventsModels.swift in Sources */ = {isa = PBXBuildFile; fileRef = 3CE710582121A6D100EBF6A5 /* EventsModels.swift */; };
		3CE710662121A6D100EBF6A5 /* EventsModels.swift in Sources */ = {isa = PBXBuildFile; fileRef = 3CE710582121A6D100EBF6A5 /* EventsModels.swift */; };
		3CE710672121A6D100EBF6A5 /* EventsViewController.swift in Sources */ = {isa = PBXBuildFile; fileRef = 3CE710592121A6D100EBF6A5 /* EventsViewController.swift */; };
		3CE710682121A6D100EBF6A5 /* EventsViewController.swift in Sources */ = {isa = PBXBuildFile; fileRef = 3CE710592121A6D100EBF6A5 /* EventsViewController.swift */; };
		3CE710692121A6D100EBF6A5 /* EventsViewController.swift in Sources */ = {isa = PBXBuildFile; fileRef = 3CE710592121A6D100EBF6A5 /* EventsViewController.swift */; };
		3CE7106A2121A6D100EBF6A5 /* EventsInteractor.swift in Sources */ = {isa = PBXBuildFile; fileRef = 3CE7105A2121A6D100EBF6A5 /* EventsInteractor.swift */; };
		3CE7106B2121A6D100EBF6A5 /* EventsInteractor.swift in Sources */ = {isa = PBXBuildFile; fileRef = 3CE7105A2121A6D100EBF6A5 /* EventsInteractor.swift */; };
		3CE7106C2121A6D100EBF6A5 /* EventsInteractor.swift in Sources */ = {isa = PBXBuildFile; fileRef = 3CE7105A2121A6D100EBF6A5 /* EventsInteractor.swift */; };
		3CE710752121A76400EBF6A5 /* TeamplannerPresenter.swift in Sources */ = {isa = PBXBuildFile; fileRef = 3CE7106F2121A76400EBF6A5 /* TeamplannerPresenter.swift */; };
		3CE710762121A76400EBF6A5 /* TeamplannerPresenter.swift in Sources */ = {isa = PBXBuildFile; fileRef = 3CE7106F2121A76400EBF6A5 /* TeamplannerPresenter.swift */; };
		3CE710772121A76400EBF6A5 /* TeamplannerPresenter.swift in Sources */ = {isa = PBXBuildFile; fileRef = 3CE7106F2121A76400EBF6A5 /* TeamplannerPresenter.swift */; };
		3CE710782121A76400EBF6A5 /* TeamplannerWorker.swift in Sources */ = {isa = PBXBuildFile; fileRef = 3CE710702121A76400EBF6A5 /* TeamplannerWorker.swift */; };
		3CE710792121A76400EBF6A5 /* TeamplannerWorker.swift in Sources */ = {isa = PBXBuildFile; fileRef = 3CE710702121A76400EBF6A5 /* TeamplannerWorker.swift */; };
		3CE7107A2121A76400EBF6A5 /* TeamplannerWorker.swift in Sources */ = {isa = PBXBuildFile; fileRef = 3CE710702121A76400EBF6A5 /* TeamplannerWorker.swift */; };
		3CE7107B2121A76400EBF6A5 /* TeamplannerRouter.swift in Sources */ = {isa = PBXBuildFile; fileRef = 3CE710712121A76400EBF6A5 /* TeamplannerRouter.swift */; };
		3CE7107C2121A76400EBF6A5 /* TeamplannerRouter.swift in Sources */ = {isa = PBXBuildFile; fileRef = 3CE710712121A76400EBF6A5 /* TeamplannerRouter.swift */; };
		3CE7107D2121A76400EBF6A5 /* TeamplannerRouter.swift in Sources */ = {isa = PBXBuildFile; fileRef = 3CE710712121A76400EBF6A5 /* TeamplannerRouter.swift */; };
		3CE7107E2121A76400EBF6A5 /* TeamplannerModels.swift in Sources */ = {isa = PBXBuildFile; fileRef = 3CE710722121A76400EBF6A5 /* TeamplannerModels.swift */; };
		3CE7107F2121A76400EBF6A5 /* TeamplannerModels.swift in Sources */ = {isa = PBXBuildFile; fileRef = 3CE710722121A76400EBF6A5 /* TeamplannerModels.swift */; };
		3CE710802121A76400EBF6A5 /* TeamplannerModels.swift in Sources */ = {isa = PBXBuildFile; fileRef = 3CE710722121A76400EBF6A5 /* TeamplannerModels.swift */; };
		3CE710812121A76400EBF6A5 /* TeamplannerViewController.swift in Sources */ = {isa = PBXBuildFile; fileRef = 3CE710732121A76400EBF6A5 /* TeamplannerViewController.swift */; };
		3CE710822121A76400EBF6A5 /* TeamplannerViewController.swift in Sources */ = {isa = PBXBuildFile; fileRef = 3CE710732121A76400EBF6A5 /* TeamplannerViewController.swift */; };
		3CE710832121A76400EBF6A5 /* TeamplannerViewController.swift in Sources */ = {isa = PBXBuildFile; fileRef = 3CE710732121A76400EBF6A5 /* TeamplannerViewController.swift */; };
		3CE710842121A76400EBF6A5 /* TeamplannerInteractor.swift in Sources */ = {isa = PBXBuildFile; fileRef = 3CE710742121A76400EBF6A5 /* TeamplannerInteractor.swift */; };
		3CE710852121A76400EBF6A5 /* TeamplannerInteractor.swift in Sources */ = {isa = PBXBuildFile; fileRef = 3CE710742121A76400EBF6A5 /* TeamplannerInteractor.swift */; };
		3CE710862121A76400EBF6A5 /* TeamplannerInteractor.swift in Sources */ = {isa = PBXBuildFile; fileRef = 3CE710742121A76400EBF6A5 /* TeamplannerInteractor.swift */; };
		3CE7108E2121A78800EBF6A5 /* TasksPresenter.swift in Sources */ = {isa = PBXBuildFile; fileRef = 3CE710882121A78800EBF6A5 /* TasksPresenter.swift */; };
		3CE7108F2121A78800EBF6A5 /* TasksPresenter.swift in Sources */ = {isa = PBXBuildFile; fileRef = 3CE710882121A78800EBF6A5 /* TasksPresenter.swift */; };
		3CE710902121A78800EBF6A5 /* TasksPresenter.swift in Sources */ = {isa = PBXBuildFile; fileRef = 3CE710882121A78800EBF6A5 /* TasksPresenter.swift */; };
		3CE710912121A78800EBF6A5 /* TasksWorker.swift in Sources */ = {isa = PBXBuildFile; fileRef = 3CE710892121A78800EBF6A5 /* TasksWorker.swift */; };
		3CE710922121A78800EBF6A5 /* TasksWorker.swift in Sources */ = {isa = PBXBuildFile; fileRef = 3CE710892121A78800EBF6A5 /* TasksWorker.swift */; };
		3CE710932121A78800EBF6A5 /* TasksWorker.swift in Sources */ = {isa = PBXBuildFile; fileRef = 3CE710892121A78800EBF6A5 /* TasksWorker.swift */; };
		3CE710942121A78800EBF6A5 /* TasksRouter.swift in Sources */ = {isa = PBXBuildFile; fileRef = 3CE7108A2121A78800EBF6A5 /* TasksRouter.swift */; };
		3CE710952121A78800EBF6A5 /* TasksRouter.swift in Sources */ = {isa = PBXBuildFile; fileRef = 3CE7108A2121A78800EBF6A5 /* TasksRouter.swift */; };
		3CE710962121A78800EBF6A5 /* TasksRouter.swift in Sources */ = {isa = PBXBuildFile; fileRef = 3CE7108A2121A78800EBF6A5 /* TasksRouter.swift */; };
		3CE710972121A78800EBF6A5 /* TasksModels.swift in Sources */ = {isa = PBXBuildFile; fileRef = 3CE7108B2121A78800EBF6A5 /* TasksModels.swift */; };
		3CE710982121A78800EBF6A5 /* TasksModels.swift in Sources */ = {isa = PBXBuildFile; fileRef = 3CE7108B2121A78800EBF6A5 /* TasksModels.swift */; };
		3CE710992121A78800EBF6A5 /* TasksModels.swift in Sources */ = {isa = PBXBuildFile; fileRef = 3CE7108B2121A78800EBF6A5 /* TasksModels.swift */; };
		3CE7109A2121A78800EBF6A5 /* TasksViewController.swift in Sources */ = {isa = PBXBuildFile; fileRef = 3CE7108C2121A78800EBF6A5 /* TasksViewController.swift */; };
		3CE7109B2121A78800EBF6A5 /* TasksViewController.swift in Sources */ = {isa = PBXBuildFile; fileRef = 3CE7108C2121A78800EBF6A5 /* TasksViewController.swift */; };
		3CE7109C2121A78800EBF6A5 /* TasksViewController.swift in Sources */ = {isa = PBXBuildFile; fileRef = 3CE7108C2121A78800EBF6A5 /* TasksViewController.swift */; };
		3CE7109D2121A78800EBF6A5 /* TasksInteractor.swift in Sources */ = {isa = PBXBuildFile; fileRef = 3CE7108D2121A78800EBF6A5 /* TasksInteractor.swift */; };
		3CE7109E2121A78800EBF6A5 /* TasksInteractor.swift in Sources */ = {isa = PBXBuildFile; fileRef = 3CE7108D2121A78800EBF6A5 /* TasksInteractor.swift */; };
		3CE7109F2121A78800EBF6A5 /* TasksInteractor.swift in Sources */ = {isa = PBXBuildFile; fileRef = 3CE7108D2121A78800EBF6A5 /* TasksInteractor.swift */; };
		3CE710A72121A7A900EBF6A5 /* ContactsPresenter.swift in Sources */ = {isa = PBXBuildFile; fileRef = 3CE710A12121A7A900EBF6A5 /* ContactsPresenter.swift */; };
		3CE710A82121A7A900EBF6A5 /* ContactsPresenter.swift in Sources */ = {isa = PBXBuildFile; fileRef = 3CE710A12121A7A900EBF6A5 /* ContactsPresenter.swift */; };
		3CE710A92121A7A900EBF6A5 /* ContactsPresenter.swift in Sources */ = {isa = PBXBuildFile; fileRef = 3CE710A12121A7A900EBF6A5 /* ContactsPresenter.swift */; };
		3CE710AA2121A7A900EBF6A5 /* ContactsWorker.swift in Sources */ = {isa = PBXBuildFile; fileRef = 3CE710A22121A7A900EBF6A5 /* ContactsWorker.swift */; };
		3CE710AB2121A7A900EBF6A5 /* ContactsWorker.swift in Sources */ = {isa = PBXBuildFile; fileRef = 3CE710A22121A7A900EBF6A5 /* ContactsWorker.swift */; };
		3CE710AC2121A7A900EBF6A5 /* ContactsWorker.swift in Sources */ = {isa = PBXBuildFile; fileRef = 3CE710A22121A7A900EBF6A5 /* ContactsWorker.swift */; };
		3CE710AD2121A7A900EBF6A5 /* ContactsRouter.swift in Sources */ = {isa = PBXBuildFile; fileRef = 3CE710A32121A7A900EBF6A5 /* ContactsRouter.swift */; };
		3CE710AE2121A7A900EBF6A5 /* ContactsRouter.swift in Sources */ = {isa = PBXBuildFile; fileRef = 3CE710A32121A7A900EBF6A5 /* ContactsRouter.swift */; };
		3CE710AF2121A7A900EBF6A5 /* ContactsRouter.swift in Sources */ = {isa = PBXBuildFile; fileRef = 3CE710A32121A7A900EBF6A5 /* ContactsRouter.swift */; };
		3CE710B02121A7A900EBF6A5 /* ContactsModels.swift in Sources */ = {isa = PBXBuildFile; fileRef = 3CE710A42121A7A900EBF6A5 /* ContactsModels.swift */; };
		3CE710B12121A7A900EBF6A5 /* ContactsModels.swift in Sources */ = {isa = PBXBuildFile; fileRef = 3CE710A42121A7A900EBF6A5 /* ContactsModels.swift */; };
		3CE710B22121A7A900EBF6A5 /* ContactsModels.swift in Sources */ = {isa = PBXBuildFile; fileRef = 3CE710A42121A7A900EBF6A5 /* ContactsModels.swift */; };
		3CE710B32121A7A900EBF6A5 /* ContactsViewController.swift in Sources */ = {isa = PBXBuildFile; fileRef = 3CE710A52121A7A900EBF6A5 /* ContactsViewController.swift */; };
		3CE710B42121A7A900EBF6A5 /* ContactsViewController.swift in Sources */ = {isa = PBXBuildFile; fileRef = 3CE710A52121A7A900EBF6A5 /* ContactsViewController.swift */; };
		3CE710B52121A7A900EBF6A5 /* ContactsViewController.swift in Sources */ = {isa = PBXBuildFile; fileRef = 3CE710A52121A7A900EBF6A5 /* ContactsViewController.swift */; };
		3CE710B62121A7A900EBF6A5 /* ContactsInteractor.swift in Sources */ = {isa = PBXBuildFile; fileRef = 3CE710A62121A7A900EBF6A5 /* ContactsInteractor.swift */; };
		3CE710B72121A7A900EBF6A5 /* ContactsInteractor.swift in Sources */ = {isa = PBXBuildFile; fileRef = 3CE710A62121A7A900EBF6A5 /* ContactsInteractor.swift */; };
		3CE710B82121A7A900EBF6A5 /* ContactsInteractor.swift in Sources */ = {isa = PBXBuildFile; fileRef = 3CE710A62121A7A900EBF6A5 /* ContactsInteractor.swift */; };
		3CE710C02121A7E300EBF6A5 /* ToDoPresenter.swift in Sources */ = {isa = PBXBuildFile; fileRef = 3CE710BA2121A7E300EBF6A5 /* ToDoPresenter.swift */; };
		3CE710C12121A7E300EBF6A5 /* ToDoPresenter.swift in Sources */ = {isa = PBXBuildFile; fileRef = 3CE710BA2121A7E300EBF6A5 /* ToDoPresenter.swift */; };
		3CE710C22121A7E300EBF6A5 /* ToDoPresenter.swift in Sources */ = {isa = PBXBuildFile; fileRef = 3CE710BA2121A7E300EBF6A5 /* ToDoPresenter.swift */; };
		3CE710C32121A7E300EBF6A5 /* ToDoWorker.swift in Sources */ = {isa = PBXBuildFile; fileRef = 3CE710BB2121A7E300EBF6A5 /* ToDoWorker.swift */; };
		3CE710C42121A7E300EBF6A5 /* ToDoWorker.swift in Sources */ = {isa = PBXBuildFile; fileRef = 3CE710BB2121A7E300EBF6A5 /* ToDoWorker.swift */; };
		3CE710C52121A7E300EBF6A5 /* ToDoWorker.swift in Sources */ = {isa = PBXBuildFile; fileRef = 3CE710BB2121A7E300EBF6A5 /* ToDoWorker.swift */; };
		3CE710C62121A7E300EBF6A5 /* ToDoRouter.swift in Sources */ = {isa = PBXBuildFile; fileRef = 3CE710BC2121A7E300EBF6A5 /* ToDoRouter.swift */; };
		3CE710C72121A7E300EBF6A5 /* ToDoRouter.swift in Sources */ = {isa = PBXBuildFile; fileRef = 3CE710BC2121A7E300EBF6A5 /* ToDoRouter.swift */; };
		3CE710C82121A7E300EBF6A5 /* ToDoRouter.swift in Sources */ = {isa = PBXBuildFile; fileRef = 3CE710BC2121A7E300EBF6A5 /* ToDoRouter.swift */; };
		3CE710C92121A7E300EBF6A5 /* ToDoModels.swift in Sources */ = {isa = PBXBuildFile; fileRef = 3CE710BD2121A7E300EBF6A5 /* ToDoModels.swift */; };
		3CE710CA2121A7E300EBF6A5 /* ToDoModels.swift in Sources */ = {isa = PBXBuildFile; fileRef = 3CE710BD2121A7E300EBF6A5 /* ToDoModels.swift */; };
		3CE710CB2121A7E300EBF6A5 /* ToDoModels.swift in Sources */ = {isa = PBXBuildFile; fileRef = 3CE710BD2121A7E300EBF6A5 /* ToDoModels.swift */; };
		3CE710CC2121A7E300EBF6A5 /* ToDoViewController.swift in Sources */ = {isa = PBXBuildFile; fileRef = 3CE710BE2121A7E300EBF6A5 /* ToDoViewController.swift */; };
		3CE710CD2121A7E300EBF6A5 /* ToDoViewController.swift in Sources */ = {isa = PBXBuildFile; fileRef = 3CE710BE2121A7E300EBF6A5 /* ToDoViewController.swift */; };
		3CE710CE2121A7E300EBF6A5 /* ToDoViewController.swift in Sources */ = {isa = PBXBuildFile; fileRef = 3CE710BE2121A7E300EBF6A5 /* ToDoViewController.swift */; };
		3CE710CF2121A7E300EBF6A5 /* ToDoInteractor.swift in Sources */ = {isa = PBXBuildFile; fileRef = 3CE710BF2121A7E300EBF6A5 /* ToDoInteractor.swift */; };
		3CE710D02121A7E300EBF6A5 /* ToDoInteractor.swift in Sources */ = {isa = PBXBuildFile; fileRef = 3CE710BF2121A7E300EBF6A5 /* ToDoInteractor.swift */; };
		3CE710D12121A7E300EBF6A5 /* ToDoInteractor.swift in Sources */ = {isa = PBXBuildFile; fileRef = 3CE710BF2121A7E300EBF6A5 /* ToDoInteractor.swift */; };
		3CE710D92121A82100EBF6A5 /* UserPresenter.swift in Sources */ = {isa = PBXBuildFile; fileRef = 3CE710D32121A82100EBF6A5 /* UserPresenter.swift */; };
		3CE710DA2121A82100EBF6A5 /* UserPresenter.swift in Sources */ = {isa = PBXBuildFile; fileRef = 3CE710D32121A82100EBF6A5 /* UserPresenter.swift */; };
		3CE710DB2121A82100EBF6A5 /* UserPresenter.swift in Sources */ = {isa = PBXBuildFile; fileRef = 3CE710D32121A82100EBF6A5 /* UserPresenter.swift */; };
		3CE710DC2121A82100EBF6A5 /* UserWorker.swift in Sources */ = {isa = PBXBuildFile; fileRef = 3CE710D42121A82100EBF6A5 /* UserWorker.swift */; };
		3CE710DD2121A82100EBF6A5 /* UserWorker.swift in Sources */ = {isa = PBXBuildFile; fileRef = 3CE710D42121A82100EBF6A5 /* UserWorker.swift */; };
		3CE710DE2121A82100EBF6A5 /* UserWorker.swift in Sources */ = {isa = PBXBuildFile; fileRef = 3CE710D42121A82100EBF6A5 /* UserWorker.swift */; };
		3CE710DF2121A82100EBF6A5 /* UserRouter.swift in Sources */ = {isa = PBXBuildFile; fileRef = 3CE710D52121A82100EBF6A5 /* UserRouter.swift */; };
		3CE710E02121A82100EBF6A5 /* UserRouter.swift in Sources */ = {isa = PBXBuildFile; fileRef = 3CE710D52121A82100EBF6A5 /* UserRouter.swift */; };
		3CE710E12121A82100EBF6A5 /* UserRouter.swift in Sources */ = {isa = PBXBuildFile; fileRef = 3CE710D52121A82100EBF6A5 /* UserRouter.swift */; };
		3CE710E22121A82100EBF6A5 /* UserModels.swift in Sources */ = {isa = PBXBuildFile; fileRef = 3CE710D62121A82100EBF6A5 /* UserModels.swift */; };
		3CE710E32121A82100EBF6A5 /* UserModels.swift in Sources */ = {isa = PBXBuildFile; fileRef = 3CE710D62121A82100EBF6A5 /* UserModels.swift */; };
		3CE710E42121A82100EBF6A5 /* UserModels.swift in Sources */ = {isa = PBXBuildFile; fileRef = 3CE710D62121A82100EBF6A5 /* UserModels.swift */; };
		3CE710E52121A82100EBF6A5 /* UserViewController.swift in Sources */ = {isa = PBXBuildFile; fileRef = 3CE710D72121A82100EBF6A5 /* UserViewController.swift */; };
		3CE710E62121A82100EBF6A5 /* UserViewController.swift in Sources */ = {isa = PBXBuildFile; fileRef = 3CE710D72121A82100EBF6A5 /* UserViewController.swift */; };
		3CE710E72121A82100EBF6A5 /* UserViewController.swift in Sources */ = {isa = PBXBuildFile; fileRef = 3CE710D72121A82100EBF6A5 /* UserViewController.swift */; };
		3CE710E82121A82100EBF6A5 /* UserInteractor.swift in Sources */ = {isa = PBXBuildFile; fileRef = 3CE710D82121A82100EBF6A5 /* UserInteractor.swift */; };
		3CE710E92121A82100EBF6A5 /* UserInteractor.swift in Sources */ = {isa = PBXBuildFile; fileRef = 3CE710D82121A82100EBF6A5 /* UserInteractor.swift */; };
		3CE710EA2121A82100EBF6A5 /* UserInteractor.swift in Sources */ = {isa = PBXBuildFile; fileRef = 3CE710D82121A82100EBF6A5 /* UserInteractor.swift */; };
		3CE710F22121A84400EBF6A5 /* HelpPresenter.swift in Sources */ = {isa = PBXBuildFile; fileRef = 3CE710EC2121A84400EBF6A5 /* HelpPresenter.swift */; };
		3CE710F32121A84400EBF6A5 /* HelpPresenter.swift in Sources */ = {isa = PBXBuildFile; fileRef = 3CE710EC2121A84400EBF6A5 /* HelpPresenter.swift */; };
		3CE710F42121A84400EBF6A5 /* HelpPresenter.swift in Sources */ = {isa = PBXBuildFile; fileRef = 3CE710EC2121A84400EBF6A5 /* HelpPresenter.swift */; };
		3CE710F52121A84400EBF6A5 /* HelpWorker.swift in Sources */ = {isa = PBXBuildFile; fileRef = 3CE710ED2121A84400EBF6A5 /* HelpWorker.swift */; };
		3CE710F62121A84400EBF6A5 /* HelpWorker.swift in Sources */ = {isa = PBXBuildFile; fileRef = 3CE710ED2121A84400EBF6A5 /* HelpWorker.swift */; };
		3CE710F72121A84400EBF6A5 /* HelpWorker.swift in Sources */ = {isa = PBXBuildFile; fileRef = 3CE710ED2121A84400EBF6A5 /* HelpWorker.swift */; };
		3CE710F82121A84400EBF6A5 /* HelpRouter.swift in Sources */ = {isa = PBXBuildFile; fileRef = 3CE710EE2121A84400EBF6A5 /* HelpRouter.swift */; };
		3CE710F92121A84400EBF6A5 /* HelpRouter.swift in Sources */ = {isa = PBXBuildFile; fileRef = 3CE710EE2121A84400EBF6A5 /* HelpRouter.swift */; };
		3CE710FA2121A84400EBF6A5 /* HelpRouter.swift in Sources */ = {isa = PBXBuildFile; fileRef = 3CE710EE2121A84400EBF6A5 /* HelpRouter.swift */; };
		3CE710FB2121A84400EBF6A5 /* HelpModels.swift in Sources */ = {isa = PBXBuildFile; fileRef = 3CE710EF2121A84400EBF6A5 /* HelpModels.swift */; };
		3CE710FC2121A84400EBF6A5 /* HelpModels.swift in Sources */ = {isa = PBXBuildFile; fileRef = 3CE710EF2121A84400EBF6A5 /* HelpModels.swift */; };
		3CE710FD2121A84400EBF6A5 /* HelpModels.swift in Sources */ = {isa = PBXBuildFile; fileRef = 3CE710EF2121A84400EBF6A5 /* HelpModels.swift */; };
		3CE710FE2121A84400EBF6A5 /* HelpViewController.swift in Sources */ = {isa = PBXBuildFile; fileRef = 3CE710F02121A84400EBF6A5 /* HelpViewController.swift */; };
		3CE710FF2121A84400EBF6A5 /* HelpViewController.swift in Sources */ = {isa = PBXBuildFile; fileRef = 3CE710F02121A84400EBF6A5 /* HelpViewController.swift */; };
		3CE711002121A84400EBF6A5 /* HelpViewController.swift in Sources */ = {isa = PBXBuildFile; fileRef = 3CE710F02121A84400EBF6A5 /* HelpViewController.swift */; };
		3CE711012121A84400EBF6A5 /* HelpInteractor.swift in Sources */ = {isa = PBXBuildFile; fileRef = 3CE710F12121A84400EBF6A5 /* HelpInteractor.swift */; };
		3CE711022121A84400EBF6A5 /* HelpInteractor.swift in Sources */ = {isa = PBXBuildFile; fileRef = 3CE710F12121A84400EBF6A5 /* HelpInteractor.swift */; };
		3CE711032121A84400EBF6A5 /* HelpInteractor.swift in Sources */ = {isa = PBXBuildFile; fileRef = 3CE710F12121A84400EBF6A5 /* HelpInteractor.swift */; };
		83379D76E58865BE931CA92B /* Pods_YesplanVIPUITests.framework in Frameworks */ = {isa = PBXBuildFile; fileRef = 1F26774F8EFAEB93EAF0F074 /* Pods_YesplanVIPUITests.framework */; };
		96D2045E3AAC4C7CD2A4377D /* Pods_YesplanVIP.framework in Frameworks */ = {isa = PBXBuildFile; fileRef = 0D92707E0DF9C4F638252B21 /* Pods_YesplanVIP.framework */; };
/* End PBXBuildFile section */

/* Begin PBXContainerItemProxy section */
		3CE710332121827A00EBF6A5 /* PBXContainerItemProxy */ = {
			isa = PBXContainerItemProxy;
			containerPortal = 3CE710132121827900EBF6A5 /* Project object */;
			proxyType = 1;
			remoteGlobalIDString = 3CE7101A2121827900EBF6A5;
			remoteInfo = YesplanVIP;
		};
		3CE7103E2121827A00EBF6A5 /* PBXContainerItemProxy */ = {
			isa = PBXContainerItemProxy;
			containerPortal = 3CE710132121827900EBF6A5 /* Project object */;
			proxyType = 1;
			remoteGlobalIDString = 3CE7101A2121827900EBF6A5;
			remoteInfo = YesplanVIP;
		};
/* End PBXContainerItemProxy section */

/* Begin PBXFileReference section */
		07715810F8C33A7564D73404 /* Pods-YesplanVIPTests.debug.xcconfig */ = {isa = PBXFileReference; includeInIndex = 1; lastKnownFileType = text.xcconfig; name = "Pods-YesplanVIPTests.debug.xcconfig"; path = "Pods/Target Support Files/Pods-YesplanVIPTests/Pods-YesplanVIPTests.debug.xcconfig"; sourceTree = "<group>"; };
		0D92707E0DF9C4F638252B21 /* Pods_YesplanVIP.framework */ = {isa = PBXFileReference; explicitFileType = wrapper.framework; includeInIndex = 0; path = Pods_YesplanVIP.framework; sourceTree = BUILT_PRODUCTS_DIR; };
		1976DFD84BC50D4BDB69A694 /* Pods_YesplanVIPTests.framework */ = {isa = PBXFileReference; explicitFileType = wrapper.framework; includeInIndex = 0; path = Pods_YesplanVIPTests.framework; sourceTree = BUILT_PRODUCTS_DIR; };
		1F26774F8EFAEB93EAF0F074 /* Pods_YesplanVIPUITests.framework */ = {isa = PBXFileReference; explicitFileType = wrapper.framework; includeInIndex = 0; path = Pods_YesplanVIPUITests.framework; sourceTree = BUILT_PRODUCTS_DIR; };
		3CE7101B2121827900EBF6A5 /* YesplanVIP.app */ = {isa = PBXFileReference; explicitFileType = wrapper.application; includeInIndex = 0; path = YesplanVIP.app; sourceTree = BUILT_PRODUCTS_DIR; };
		3CE7101E2121827900EBF6A5 /* AppDelegate.swift */ = {isa = PBXFileReference; lastKnownFileType = sourcecode.swift; path = AppDelegate.swift; sourceTree = "<group>"; };
		3CE710232121827900EBF6A5 /* Base */ = {isa = PBXFileReference; lastKnownFileType = file.storyboard; name = Base; path = Base.lproj/Main.storyboard; sourceTree = "<group>"; };
		3CE710262121827900EBF6A5 /* YesplanVIP.xcdatamodel */ = {isa = PBXFileReference; lastKnownFileType = wrapper.xcdatamodel; path = YesplanVIP.xcdatamodel; sourceTree = "<group>"; };
		3CE710282121827A00EBF6A5 /* Assets.xcassets */ = {isa = PBXFileReference; lastKnownFileType = folder.assetcatalog; path = Assets.xcassets; sourceTree = "<group>"; };
		3CE7102B2121827A00EBF6A5 /* Base */ = {isa = PBXFileReference; lastKnownFileType = file.storyboard; name = Base; path = Base.lproj/LaunchScreen.storyboard; sourceTree = "<group>"; };
		3CE7102D2121827A00EBF6A5 /* Info.plist */ = {isa = PBXFileReference; lastKnownFileType = text.plist.xml; path = Info.plist; sourceTree = "<group>"; };
		3CE710322121827A00EBF6A5 /* YesplanVIPTests.xctest */ = {isa = PBXFileReference; explicitFileType = wrapper.cfbundle; includeInIndex = 0; path = YesplanVIPTests.xctest; sourceTree = BUILT_PRODUCTS_DIR; };
		3CE710362121827A00EBF6A5 /* YesplanVIPTests.swift */ = {isa = PBXFileReference; lastKnownFileType = sourcecode.swift; path = YesplanVIPTests.swift; sourceTree = "<group>"; };
		3CE710382121827A00EBF6A5 /* Info.plist */ = {isa = PBXFileReference; lastKnownFileType = text.plist.xml; path = Info.plist; sourceTree = "<group>"; };
		3CE7103D2121827A00EBF6A5 /* YesplanVIPUITests.xctest */ = {isa = PBXFileReference; explicitFileType = wrapper.cfbundle; includeInIndex = 0; path = YesplanVIPUITests.xctest; sourceTree = BUILT_PRODUCTS_DIR; };
		3CE710412121827A00EBF6A5 /* YesplanVIPUITests.swift */ = {isa = PBXFileReference; lastKnownFileType = sourcecode.swift; path = YesplanVIPUITests.swift; sourceTree = "<group>"; };
		3CE710432121827A00EBF6A5 /* Info.plist */ = {isa = PBXFileReference; lastKnownFileType = text.plist.xml; path = Info.plist; sourceTree = "<group>"; };
		3CE7104F2121860F00EBF6A5 /* teset.swift */ = {isa = PBXFileReference; lastKnownFileType = sourcecode.swift; path = teset.swift; sourceTree = "<group>"; };
		3CE710512121A68000EBF6A5 /* MainTabBarController.swift */ = {isa = PBXFileReference; lastKnownFileType = sourcecode.swift; path = MainTabBarController.swift; sourceTree = "<group>"; };
		3CE710552121A6D100EBF6A5 /* EventsPresenter.swift */ = {isa = PBXFileReference; lastKnownFileType = sourcecode.swift; path = EventsPresenter.swift; sourceTree = "<group>"; };
		3CE710562121A6D100EBF6A5 /* EventsWorker.swift */ = {isa = PBXFileReference; lastKnownFileType = sourcecode.swift; path = EventsWorker.swift; sourceTree = "<group>"; };
		3CE710572121A6D100EBF6A5 /* EventsRouter.swift */ = {isa = PBXFileReference; lastKnownFileType = sourcecode.swift; path = EventsRouter.swift; sourceTree = "<group>"; };
		3CE710582121A6D100EBF6A5 /* EventsModels.swift */ = {isa = PBXFileReference; lastKnownFileType = sourcecode.swift; path = EventsModels.swift; sourceTree = "<group>"; };
		3CE710592121A6D100EBF6A5 /* EventsViewController.swift */ = {isa = PBXFileReference; lastKnownFileType = sourcecode.swift; path = EventsViewController.swift; sourceTree = "<group>"; };
		3CE7105A2121A6D100EBF6A5 /* EventsInteractor.swift */ = {isa = PBXFileReference; lastKnownFileType = sourcecode.swift; path = EventsInteractor.swift; sourceTree = "<group>"; };
		3CE7106F2121A76400EBF6A5 /* TeamplannerPresenter.swift */ = {isa = PBXFileReference; lastKnownFileType = sourcecode.swift; path = TeamplannerPresenter.swift; sourceTree = "<group>"; };
		3CE710702121A76400EBF6A5 /* TeamplannerWorker.swift */ = {isa = PBXFileReference; lastKnownFileType = sourcecode.swift; path = TeamplannerWorker.swift; sourceTree = "<group>"; };
		3CE710712121A76400EBF6A5 /* TeamplannerRouter.swift */ = {isa = PBXFileReference; lastKnownFileType = sourcecode.swift; path = TeamplannerRouter.swift; sourceTree = "<group>"; };
		3CE710722121A76400EBF6A5 /* TeamplannerModels.swift */ = {isa = PBXFileReference; lastKnownFileType = sourcecode.swift; path = TeamplannerModels.swift; sourceTree = "<group>"; };
		3CE710732121A76400EBF6A5 /* TeamplannerViewController.swift */ = {isa = PBXFileReference; lastKnownFileType = sourcecode.swift; path = TeamplannerViewController.swift; sourceTree = "<group>"; };
		3CE710742121A76400EBF6A5 /* TeamplannerInteractor.swift */ = {isa = PBXFileReference; lastKnownFileType = sourcecode.swift; path = TeamplannerInteractor.swift; sourceTree = "<group>"; };
		3CE710882121A78800EBF6A5 /* TasksPresenter.swift */ = {isa = PBXFileReference; lastKnownFileType = sourcecode.swift; path = TasksPresenter.swift; sourceTree = "<group>"; };
		3CE710892121A78800EBF6A5 /* TasksWorker.swift */ = {isa = PBXFileReference; lastKnownFileType = sourcecode.swift; path = TasksWorker.swift; sourceTree = "<group>"; };
		3CE7108A2121A78800EBF6A5 /* TasksRouter.swift */ = {isa = PBXFileReference; lastKnownFileType = sourcecode.swift; path = TasksRouter.swift; sourceTree = "<group>"; };
		3CE7108B2121A78800EBF6A5 /* TasksModels.swift */ = {isa = PBXFileReference; lastKnownFileType = sourcecode.swift; path = TasksModels.swift; sourceTree = "<group>"; };
		3CE7108C2121A78800EBF6A5 /* TasksViewController.swift */ = {isa = PBXFileReference; lastKnownFileType = sourcecode.swift; path = TasksViewController.swift; sourceTree = "<group>"; };
		3CE7108D2121A78800EBF6A5 /* TasksInteractor.swift */ = {isa = PBXFileReference; lastKnownFileType = sourcecode.swift; path = TasksInteractor.swift; sourceTree = "<group>"; };
		3CE710A12121A7A900EBF6A5 /* ContactsPresenter.swift */ = {isa = PBXFileReference; lastKnownFileType = sourcecode.swift; path = ContactsPresenter.swift; sourceTree = "<group>"; };
		3CE710A22121A7A900EBF6A5 /* ContactsWorker.swift */ = {isa = PBXFileReference; lastKnownFileType = sourcecode.swift; path = ContactsWorker.swift; sourceTree = "<group>"; };
		3CE710A32121A7A900EBF6A5 /* ContactsRouter.swift */ = {isa = PBXFileReference; lastKnownFileType = sourcecode.swift; path = ContactsRouter.swift; sourceTree = "<group>"; };
		3CE710A42121A7A900EBF6A5 /* ContactsModels.swift */ = {isa = PBXFileReference; lastKnownFileType = sourcecode.swift; path = ContactsModels.swift; sourceTree = "<group>"; };
		3CE710A52121A7A900EBF6A5 /* ContactsViewController.swift */ = {isa = PBXFileReference; lastKnownFileType = sourcecode.swift; path = ContactsViewController.swift; sourceTree = "<group>"; };
		3CE710A62121A7A900EBF6A5 /* ContactsInteractor.swift */ = {isa = PBXFileReference; lastKnownFileType = sourcecode.swift; path = ContactsInteractor.swift; sourceTree = "<group>"; };
		3CE710BA2121A7E300EBF6A5 /* ToDoPresenter.swift */ = {isa = PBXFileReference; lastKnownFileType = sourcecode.swift; path = ToDoPresenter.swift; sourceTree = "<group>"; };
		3CE710BB2121A7E300EBF6A5 /* ToDoWorker.swift */ = {isa = PBXFileReference; lastKnownFileType = sourcecode.swift; path = ToDoWorker.swift; sourceTree = "<group>"; };
		3CE710BC2121A7E300EBF6A5 /* ToDoRouter.swift */ = {isa = PBXFileReference; lastKnownFileType = sourcecode.swift; path = ToDoRouter.swift; sourceTree = "<group>"; };
		3CE710BD2121A7E300EBF6A5 /* ToDoModels.swift */ = {isa = PBXFileReference; lastKnownFileType = sourcecode.swift; path = ToDoModels.swift; sourceTree = "<group>"; };
		3CE710BE2121A7E300EBF6A5 /* ToDoViewController.swift */ = {isa = PBXFileReference; lastKnownFileType = sourcecode.swift; path = ToDoViewController.swift; sourceTree = "<group>"; };
		3CE710BF2121A7E300EBF6A5 /* ToDoInteractor.swift */ = {isa = PBXFileReference; lastKnownFileType = sourcecode.swift; path = ToDoInteractor.swift; sourceTree = "<group>"; };
		3CE710D32121A82100EBF6A5 /* UserPresenter.swift */ = {isa = PBXFileReference; lastKnownFileType = sourcecode.swift; path = UserPresenter.swift; sourceTree = "<group>"; };
		3CE710D42121A82100EBF6A5 /* UserWorker.swift */ = {isa = PBXFileReference; lastKnownFileType = sourcecode.swift; path = UserWorker.swift; sourceTree = "<group>"; };
		3CE710D52121A82100EBF6A5 /* UserRouter.swift */ = {isa = PBXFileReference; lastKnownFileType = sourcecode.swift; path = UserRouter.swift; sourceTree = "<group>"; };
		3CE710D62121A82100EBF6A5 /* UserModels.swift */ = {isa = PBXFileReference; lastKnownFileType = sourcecode.swift; path = UserModels.swift; sourceTree = "<group>"; };
		3CE710D72121A82100EBF6A5 /* UserViewController.swift */ = {isa = PBXFileReference; lastKnownFileType = sourcecode.swift; path = UserViewController.swift; sourceTree = "<group>"; };
		3CE710D82121A82100EBF6A5 /* UserInteractor.swift */ = {isa = PBXFileReference; lastKnownFileType = sourcecode.swift; path = UserInteractor.swift; sourceTree = "<group>"; };
		3CE710EC2121A84400EBF6A5 /* HelpPresenter.swift */ = {isa = PBXFileReference; lastKnownFileType = sourcecode.swift; path = HelpPresenter.swift; sourceTree = "<group>"; };
		3CE710ED2121A84400EBF6A5 /* HelpWorker.swift */ = {isa = PBXFileReference; lastKnownFileType = sourcecode.swift; path = HelpWorker.swift; sourceTree = "<group>"; };
		3CE710EE2121A84400EBF6A5 /* HelpRouter.swift */ = {isa = PBXFileReference; lastKnownFileType = sourcecode.swift; path = HelpRouter.swift; sourceTree = "<group>"; };
		3CE710EF2121A84400EBF6A5 /* HelpModels.swift */ = {isa = PBXFileReference; lastKnownFileType = sourcecode.swift; path = HelpModels.swift; sourceTree = "<group>"; };
		3CE710F02121A84400EBF6A5 /* HelpViewController.swift */ = {isa = PBXFileReference; lastKnownFileType = sourcecode.swift; path = HelpViewController.swift; sourceTree = "<group>"; };
		3CE710F12121A84400EBF6A5 /* HelpInteractor.swift */ = {isa = PBXFileReference; lastKnownFileType = sourcecode.swift; path = HelpInteractor.swift; sourceTree = "<group>"; };
		6FE5CE4C7D32C7169114F61E /* Pods-YesplanVIP.debug.xcconfig */ = {isa = PBXFileReference; includeInIndex = 1; lastKnownFileType = text.xcconfig; name = "Pods-YesplanVIP.debug.xcconfig"; path = "Pods/Target Support Files/Pods-YesplanVIP/Pods-YesplanVIP.debug.xcconfig"; sourceTree = "<group>"; };
		75E8E8DE73CA0BD5E92077AC /* Pods-YesplanVIP.release.xcconfig */ = {isa = PBXFileReference; includeInIndex = 1; lastKnownFileType = text.xcconfig; name = "Pods-YesplanVIP.release.xcconfig"; path = "Pods/Target Support Files/Pods-YesplanVIP/Pods-YesplanVIP.release.xcconfig"; sourceTree = "<group>"; };
		CEF2A0577CF15C1A88C11CD1 /* Pods-YesplanVIPUITests.release.xcconfig */ = {isa = PBXFileReference; includeInIndex = 1; lastKnownFileType = text.xcconfig; name = "Pods-YesplanVIPUITests.release.xcconfig"; path = "Pods/Target Support Files/Pods-YesplanVIPUITests/Pods-YesplanVIPUITests.release.xcconfig"; sourceTree = "<group>"; };
		E55F0A741FF245F7CF3BFD19 /* Pods-YesplanVIPTests.release.xcconfig */ = {isa = PBXFileReference; includeInIndex = 1; lastKnownFileType = text.xcconfig; name = "Pods-YesplanVIPTests.release.xcconfig"; path = "Pods/Target Support Files/Pods-YesplanVIPTests/Pods-YesplanVIPTests.release.xcconfig"; sourceTree = "<group>"; };
		FF4F76BAFA49A7D1E327D553 /* Pods-YesplanVIPUITests.debug.xcconfig */ = {isa = PBXFileReference; includeInIndex = 1; lastKnownFileType = text.xcconfig; name = "Pods-YesplanVIPUITests.debug.xcconfig"; path = "Pods/Target Support Files/Pods-YesplanVIPUITests/Pods-YesplanVIPUITests.debug.xcconfig"; sourceTree = "<group>"; };
/* End PBXFileReference section */

/* Begin PBXFrameworksBuildPhase section */
		3CE710182121827900EBF6A5 /* Frameworks */ = {
			isa = PBXFrameworksBuildPhase;
			buildActionMask = 2147483647;
			files = (
				96D2045E3AAC4C7CD2A4377D /* Pods_YesplanVIP.framework in Frameworks */,
			);
			runOnlyForDeploymentPostprocessing = 0;
		};
		3CE7102F2121827A00EBF6A5 /* Frameworks */ = {
			isa = PBXFrameworksBuildPhase;
			buildActionMask = 2147483647;
			files = (
				0F4228F21F967962BA1CD4FB /* Pods_YesplanVIPTests.framework in Frameworks */,
			);
			runOnlyForDeploymentPostprocessing = 0;
		};
		3CE7103A2121827A00EBF6A5 /* Frameworks */ = {
			isa = PBXFrameworksBuildPhase;
			buildActionMask = 2147483647;
			files = (
				83379D76E58865BE931CA92B /* Pods_YesplanVIPUITests.framework in Frameworks */,
			);
			runOnlyForDeploymentPostprocessing = 0;
		};
/* End PBXFrameworksBuildPhase section */

/* Begin PBXGroup section */
		067B5A996D35E6233F0B75A4 /* Frameworks */ = {
			isa = PBXGroup;
			children = (
				0D92707E0DF9C4F638252B21 /* Pods_YesplanVIP.framework */,
				1976DFD84BC50D4BDB69A694 /* Pods_YesplanVIPTests.framework */,
				1F26774F8EFAEB93EAF0F074 /* Pods_YesplanVIPUITests.framework */,
			);
			name = Frameworks;
			sourceTree = "<group>";
		};
		3CE710122121827900EBF6A5 = {
			isa = PBXGroup;
			children = (
				3CE7101D2121827900EBF6A5 /* YesplanVIP */,
				3CE710352121827A00EBF6A5 /* YesplanVIPTests */,
				3CE710402121827A00EBF6A5 /* YesplanVIPUITests */,
				3CE7101C2121827900EBF6A5 /* Products */,
				8270B23A3095913C66C9DB3C /* Pods */,
				067B5A996D35E6233F0B75A4 /* Frameworks */,
			);
			sourceTree = "<group>";
		};
		3CE7101C2121827900EBF6A5 /* Products */ = {
			isa = PBXGroup;
			children = (
				3CE7101B2121827900EBF6A5 /* YesplanVIP.app */,
				3CE710322121827A00EBF6A5 /* YesplanVIPTests.xctest */,
				3CE7103D2121827A00EBF6A5 /* YesplanVIPUITests.xctest */,
			);
			name = Products;
			sourceTree = "<group>";
		};
		3CE7101D2121827900EBF6A5 /* YesplanVIP */ = {
			isa = PBXGroup;
			children = (
				3CE7101E2121827900EBF6A5 /* AppDelegate.swift */,
				3CE710512121A68000EBF6A5 /* MainTabBarController.swift */,
				3CE7106E2121A74600EBF6A5 /* Scenes */,
				3CE710222121827900EBF6A5 /* Main.storyboard */,
				3CE710282121827A00EBF6A5 /* Assets.xcassets */,
				3CE7102A2121827A00EBF6A5 /* LaunchScreen.storyboard */,
				3CE7102D2121827A00EBF6A5 /* Info.plist */,
				3CE710252121827900EBF6A5 /* YesplanVIP.xcdatamodeld */,
				3CE7104F2121860F00EBF6A5 /* teset.swift */,
			);
			path = YesplanVIP;
			sourceTree = "<group>";
		};
		3CE710352121827A00EBF6A5 /* YesplanVIPTests */ = {
			isa = PBXGroup;
			children = (
				3CE710362121827A00EBF6A5 /* YesplanVIPTests.swift */,
				3CE710382121827A00EBF6A5 /* Info.plist */,
			);
			path = YesplanVIPTests;
			sourceTree = "<group>";
		};
		3CE710402121827A00EBF6A5 /* YesplanVIPUITests */ = {
			isa = PBXGroup;
			children = (
				3CE710412121827A00EBF6A5 /* YesplanVIPUITests.swift */,
				3CE710432121827A00EBF6A5 /* Info.plist */,
			);
			path = YesplanVIPUITests;
			sourceTree = "<group>";
		};
		3CE7106D2121A6DC00EBF6A5 /* Events */ = {
			isa = PBXGroup;
			children = (
				3CE710552121A6D100EBF6A5 /* EventsPresenter.swift */,
				3CE710562121A6D100EBF6A5 /* EventsWorker.swift */,
				3CE710572121A6D100EBF6A5 /* EventsRouter.swift */,
				3CE710582121A6D100EBF6A5 /* EventsModels.swift */,
				3CE710592121A6D100EBF6A5 /* EventsViewController.swift */,
				3CE7105A2121A6D100EBF6A5 /* EventsInteractor.swift */,
			);
			path = Events;
			sourceTree = "<group>";
		};
		3CE7106E2121A74600EBF6A5 /* Scenes */ = {
			isa = PBXGroup;
			children = (
				3CE7106D2121A6DC00EBF6A5 /* Events */,
				3CE710872121A76B00EBF6A5 /* Teamplanner */,
				3CE710A02121A79200EBF6A5 /* Tasks */,
				3CE710B92121A7B200EBF6A5 /* Contacts */,
				3CE710D22121A7EB00EBF6A5 /* ToDo */,
				3CE710EB2121A82A00EBF6A5 /* User */,
				3CE711042121A84C00EBF6A5 /* Help */,
			);
			path = Scenes;
			sourceTree = "<group>";
		};
		3CE710872121A76B00EBF6A5 /* Teamplanner */ = {
			isa = PBXGroup;
			children = (
				3CE7106F2121A76400EBF6A5 /* TeamplannerPresenter.swift */,
				3CE710702121A76400EBF6A5 /* TeamplannerWorker.swift */,
				3CE710712121A76400EBF6A5 /* TeamplannerRouter.swift */,
				3CE710722121A76400EBF6A5 /* TeamplannerModels.swift */,
				3CE710732121A76400EBF6A5 /* TeamplannerViewController.swift */,
				3CE710742121A76400EBF6A5 /* TeamplannerInteractor.swift */,
			);
			path = Teamplanner;
			sourceTree = "<group>";
		};
		3CE710A02121A79200EBF6A5 /* Tasks */ = {
			isa = PBXGroup;
			children = (
				3CE710882121A78800EBF6A5 /* TasksPresenter.swift */,
				3CE710892121A78800EBF6A5 /* TasksWorker.swift */,
				3CE7108A2121A78800EBF6A5 /* TasksRouter.swift */,
				3CE7108B2121A78800EBF6A5 /* TasksModels.swift */,
				3CE7108C2121A78800EBF6A5 /* TasksViewController.swift */,
				3CE7108D2121A78800EBF6A5 /* TasksInteractor.swift */,
			);
			path = Tasks;
			sourceTree = "<group>";
		};
		3CE710B92121A7B200EBF6A5 /* Contacts */ = {
			isa = PBXGroup;
			children = (
				3CE710A12121A7A900EBF6A5 /* ContactsPresenter.swift */,
				3CE710A22121A7A900EBF6A5 /* ContactsWorker.swift */,
				3CE710A32121A7A900EBF6A5 /* ContactsRouter.swift */,
				3CE710A42121A7A900EBF6A5 /* ContactsModels.swift */,
				3CE710A52121A7A900EBF6A5 /* ContactsViewController.swift */,
				3CE710A62121A7A900EBF6A5 /* ContactsInteractor.swift */,
			);
			path = Contacts;
			sourceTree = "<group>";
		};
		3CE710D22121A7EB00EBF6A5 /* ToDo */ = {
			isa = PBXGroup;
			children = (
				3CE710BA2121A7E300EBF6A5 /* ToDoPresenter.swift */,
				3CE710BB2121A7E300EBF6A5 /* ToDoWorker.swift */,
				3CE710BC2121A7E300EBF6A5 /* ToDoRouter.swift */,
				3CE710BD2121A7E300EBF6A5 /* ToDoModels.swift */,
				3CE710BE2121A7E300EBF6A5 /* ToDoViewController.swift */,
				3CE710BF2121A7E300EBF6A5 /* ToDoInteractor.swift */,
			);
			path = ToDo;
			sourceTree = "<group>";
		};
		3CE710EB2121A82A00EBF6A5 /* User */ = {
			isa = PBXGroup;
			children = (
				3CE710D32121A82100EBF6A5 /* UserPresenter.swift */,
				3CE710D42121A82100EBF6A5 /* UserWorker.swift */,
				3CE710D52121A82100EBF6A5 /* UserRouter.swift */,
				3CE710D62121A82100EBF6A5 /* UserModels.swift */,
				3CE710D72121A82100EBF6A5 /* UserViewController.swift */,
				3CE710D82121A82100EBF6A5 /* UserInteractor.swift */,
			);
			path = User;
			sourceTree = "<group>";
		};
		3CE711042121A84C00EBF6A5 /* Help */ = {
			isa = PBXGroup;
			children = (
				3CE710EC2121A84400EBF6A5 /* HelpPresenter.swift */,
				3CE710ED2121A84400EBF6A5 /* HelpWorker.swift */,
				3CE710EE2121A84400EBF6A5 /* HelpRouter.swift */,
				3CE710EF2121A84400EBF6A5 /* HelpModels.swift */,
				3CE710F02121A84400EBF6A5 /* HelpViewController.swift */,
				3CE710F12121A84400EBF6A5 /* HelpInteractor.swift */,
			);
			path = Help;
			sourceTree = "<group>";
		};
		8270B23A3095913C66C9DB3C /* Pods */ = {
			isa = PBXGroup;
			children = (
				6FE5CE4C7D32C7169114F61E /* Pods-YesplanVIP.debug.xcconfig */,
				75E8E8DE73CA0BD5E92077AC /* Pods-YesplanVIP.release.xcconfig */,
				07715810F8C33A7564D73404 /* Pods-YesplanVIPTests.debug.xcconfig */,
				E55F0A741FF245F7CF3BFD19 /* Pods-YesplanVIPTests.release.xcconfig */,
				FF4F76BAFA49A7D1E327D553 /* Pods-YesplanVIPUITests.debug.xcconfig */,
				CEF2A0577CF15C1A88C11CD1 /* Pods-YesplanVIPUITests.release.xcconfig */,
			);
			name = Pods;
			sourceTree = "<group>";
		};
/* End PBXGroup section */

/* Begin PBXNativeTarget section */
		3CE7101A2121827900EBF6A5 /* YesplanVIP */ = {
			isa = PBXNativeTarget;
			buildConfigurationList = 3CE710462121827A00EBF6A5 /* Build configuration list for PBXNativeTarget "YesplanVIP" */;
			buildPhases = (
				E9250E09F3080259DD52CD7D /* [CP] Check Pods Manifest.lock */,
				3CE710172121827900EBF6A5 /* Sources */,
				3CE710182121827900EBF6A5 /* Frameworks */,
				3CE710192121827900EBF6A5 /* Resources */,
				E8F285C3B0DF587AD00060E5 /* [CP] Embed Pods Frameworks */,
				565C71D73C785F6F43099377 /* [CP] Copy Pods Resources */,
			);
			buildRules = (
			);
			dependencies = (
			);
			name = YesplanVIP;
			productName = YesplanVIP;
			productReference = 3CE7101B2121827900EBF6A5 /* YesplanVIP.app */;
			productType = "com.apple.product-type.application";
		};
		3CE710312121827A00EBF6A5 /* YesplanVIPTests */ = {
			isa = PBXNativeTarget;
			buildConfigurationList = 3CE710492121827A00EBF6A5 /* Build configuration list for PBXNativeTarget "YesplanVIPTests" */;
			buildPhases = (
				2A3F1511170C400032804029 /* [CP] Check Pods Manifest.lock */,
				3CE7102E2121827A00EBF6A5 /* Sources */,
				3CE7102F2121827A00EBF6A5 /* Frameworks */,
				3CE710302121827A00EBF6A5 /* Resources */,
				9550D9A890C1E1792014DBD3 /* [CP] Embed Pods Frameworks */,
				ECF1923DEB66AC306C2CCBB2 /* [CP] Copy Pods Resources */,
			);
			buildRules = (
			);
			dependencies = (
				3CE710342121827A00EBF6A5 /* PBXTargetDependency */,
			);
			name = YesplanVIPTests;
			productName = YesplanVIPTests;
			productReference = 3CE710322121827A00EBF6A5 /* YesplanVIPTests.xctest */;
			productType = "com.apple.product-type.bundle.unit-test";
		};
		3CE7103C2121827A00EBF6A5 /* YesplanVIPUITests */ = {
			isa = PBXNativeTarget;
			buildConfigurationList = 3CE7104C2121827A00EBF6A5 /* Build configuration list for PBXNativeTarget "YesplanVIPUITests" */;
			buildPhases = (
				D8ED761C398DDA580B1A6494 /* [CP] Check Pods Manifest.lock */,
				3CE710392121827A00EBF6A5 /* Sources */,
				3CE7103A2121827A00EBF6A5 /* Frameworks */,
				3CE7103B2121827A00EBF6A5 /* Resources */,
				444C0A9C4411CF3DB4A3303D /* [CP] Embed Pods Frameworks */,
				6D82532F876669AEB7E50C17 /* [CP] Copy Pods Resources */,
			);
			buildRules = (
			);
			dependencies = (
				3CE7103F2121827A00EBF6A5 /* PBXTargetDependency */,
			);
			name = YesplanVIPUITests;
			productName = YesplanVIPUITests;
			productReference = 3CE7103D2121827A00EBF6A5 /* YesplanVIPUITests.xctest */;
			productType = "com.apple.product-type.bundle.ui-testing";
		};
/* End PBXNativeTarget section */

/* Begin PBXProject section */
		3CE710132121827900EBF6A5 /* Project object */ = {
			isa = PBXProject;
			attributes = {
				LastSwiftUpdateCheck = 0940;
				LastUpgradeCheck = 0940;
				ORGANIZATIONNAME = Yesplan;
				TargetAttributes = {
					3CE7101A2121827900EBF6A5 = {
						CreatedOnToolsVersion = 9.4.1;
					};
					3CE710312121827A00EBF6A5 = {
						CreatedOnToolsVersion = 9.4.1;
						TestTargetID = 3CE7101A2121827900EBF6A5;
					};
					3CE7103C2121827A00EBF6A5 = {
						CreatedOnToolsVersion = 9.4.1;
						TestTargetID = 3CE7101A2121827900EBF6A5;
					};
				};
			};
			buildConfigurationList = 3CE710162121827900EBF6A5 /* Build configuration list for PBXProject "YesplanVIP" */;
			compatibilityVersion = "Xcode 9.3";
			developmentRegion = en;
			hasScannedForEncodings = 0;
			knownRegions = (
				en,
				Base,
			);
			mainGroup = 3CE710122121827900EBF6A5;
			productRefGroup = 3CE7101C2121827900EBF6A5 /* Products */;
			projectDirPath = "";
			projectRoot = "";
			targets = (
				3CE7101A2121827900EBF6A5 /* YesplanVIP */,
				3CE710312121827A00EBF6A5 /* YesplanVIPTests */,
				3CE7103C2121827A00EBF6A5 /* YesplanVIPUITests */,
			);
		};
/* End PBXProject section */

/* Begin PBXResourcesBuildPhase section */
		3CE710192121827900EBF6A5 /* Resources */ = {
			isa = PBXResourcesBuildPhase;
			buildActionMask = 2147483647;
			files = (
				3CE7102C2121827A00EBF6A5 /* LaunchScreen.storyboard in Resources */,
				3CE710292121827A00EBF6A5 /* Assets.xcassets in Resources */,
				3CE710242121827900EBF6A5 /* Main.storyboard in Resources */,
			);
			runOnlyForDeploymentPostprocessing = 0;
		};
		3CE710302121827A00EBF6A5 /* Resources */ = {
			isa = PBXResourcesBuildPhase;
			buildActionMask = 2147483647;
			files = (
			);
			runOnlyForDeploymentPostprocessing = 0;
		};
		3CE7103B2121827A00EBF6A5 /* Resources */ = {
			isa = PBXResourcesBuildPhase;
			buildActionMask = 2147483647;
			files = (
			);
			runOnlyForDeploymentPostprocessing = 0;
		};
/* End PBXResourcesBuildPhase section */

/* Begin PBXShellScriptBuildPhase section */
		2A3F1511170C400032804029 /* [CP] Check Pods Manifest.lock */ = {
			isa = PBXShellScriptBuildPhase;
			buildActionMask = 2147483647;
			files = (
			);
			inputPaths = (
				"${PODS_PODFILE_DIR_PATH}/Podfile.lock",
				"${PODS_ROOT}/Manifest.lock",
			);
			name = "[CP] Check Pods Manifest.lock";
			outputPaths = (
				"$(DERIVED_FILE_DIR)/Pods-YesplanVIPTests-checkManifestLockResult.txt",
			);
			runOnlyForDeploymentPostprocessing = 0;
			shellPath = /bin/sh;
			shellScript = "diff \"${PODS_PODFILE_DIR_PATH}/Podfile.lock\" \"${PODS_ROOT}/Manifest.lock\" > /dev/null\nif [ $? != 0 ] ; then\n    # print error to STDERR\n    echo \"error: The sandbox is not in sync with the Podfile.lock. Run 'pod install' or update your CocoaPods installation.\" >&2\n    exit 1\nfi\n# This output is used by Xcode 'outputs' to avoid re-running this script phase.\necho \"SUCCESS\" > \"${SCRIPT_OUTPUT_FILE_0}\"\n";
			showEnvVarsInLog = 0;
		};
		444C0A9C4411CF3DB4A3303D /* [CP] Embed Pods Frameworks */ = {
			isa = PBXShellScriptBuildPhase;
			buildActionMask = 2147483647;
			files = (
			);
			inputPaths = (
			);
			name = "[CP] Embed Pods Frameworks";
			outputPaths = (
			);
			runOnlyForDeploymentPostprocessing = 0;
			shellPath = /bin/sh;
			shellScript = "\"${SRCROOT}/Pods/Target Support Files/Pods-YesplanVIPUITests/Pods-YesplanVIPUITests-frameworks.sh\"\n";
			showEnvVarsInLog = 0;
		};
		565C71D73C785F6F43099377 /* [CP] Copy Pods Resources */ = {
			isa = PBXShellScriptBuildPhase;
			buildActionMask = 2147483647;
			files = (
			);
			inputPaths = (
			);
			name = "[CP] Copy Pods Resources";
			outputPaths = (
			);
			runOnlyForDeploymentPostprocessing = 0;
			shellPath = /bin/sh;
			shellScript = "\"${SRCROOT}/Pods/Target Support Files/Pods-YesplanVIP/Pods-YesplanVIP-resources.sh\"\n";
			showEnvVarsInLog = 0;
		};
		6D82532F876669AEB7E50C17 /* [CP] Copy Pods Resources */ = {
			isa = PBXShellScriptBuildPhase;
			buildActionMask = 2147483647;
			files = (
			);
			inputPaths = (
			);
			name = "[CP] Copy Pods Resources";
			outputPaths = (
			);
			runOnlyForDeploymentPostprocessing = 0;
			shellPath = /bin/sh;
			shellScript = "\"${SRCROOT}/Pods/Target Support Files/Pods-YesplanVIPUITests/Pods-YesplanVIPUITests-resources.sh\"\n";
			showEnvVarsInLog = 0;
		};
		9550D9A890C1E1792014DBD3 /* [CP] Embed Pods Frameworks */ = {
			isa = PBXShellScriptBuildPhase;
			buildActionMask = 2147483647;
			files = (
			);
			inputPaths = (
			);
			name = "[CP] Embed Pods Frameworks";
			outputPaths = (
			);
			runOnlyForDeploymentPostprocessing = 0;
			shellPath = /bin/sh;
			shellScript = "\"${SRCROOT}/Pods/Target Support Files/Pods-YesplanVIPTests/Pods-YesplanVIPTests-frameworks.sh\"\n";
			showEnvVarsInLog = 0;
		};
		D8ED761C398DDA580B1A6494 /* [CP] Check Pods Manifest.lock */ = {
			isa = PBXShellScriptBuildPhase;
			buildActionMask = 2147483647;
			files = (
			);
			inputPaths = (
				"${PODS_PODFILE_DIR_PATH}/Podfile.lock",
				"${PODS_ROOT}/Manifest.lock",
			);
			name = "[CP] Check Pods Manifest.lock";
			outputPaths = (
				"$(DERIVED_FILE_DIR)/Pods-YesplanVIPUITests-checkManifestLockResult.txt",
			);
			runOnlyForDeploymentPostprocessing = 0;
			shellPath = /bin/sh;
			shellScript = "diff \"${PODS_PODFILE_DIR_PATH}/Podfile.lock\" \"${PODS_ROOT}/Manifest.lock\" > /dev/null\nif [ $? != 0 ] ; then\n    # print error to STDERR\n    echo \"error: The sandbox is not in sync with the Podfile.lock. Run 'pod install' or update your CocoaPods installation.\" >&2\n    exit 1\nfi\n# This output is used by Xcode 'outputs' to avoid re-running this script phase.\necho \"SUCCESS\" > \"${SCRIPT_OUTPUT_FILE_0}\"\n";
			showEnvVarsInLog = 0;
		};
		E8F285C3B0DF587AD00060E5 /* [CP] Embed Pods Frameworks */ = {
			isa = PBXShellScriptBuildPhase;
			buildActionMask = 2147483647;
			files = (
			);
			inputPaths = (
				"${SRCROOT}/Pods/Target Support Files/Pods-YesplanVIP/Pods-YesplanVIP-frameworks.sh",
				"${BUILT_PRODUCTS_DIR}/Alamofire/Alamofire.framework",
				"${BUILT_PRODUCTS_DIR}/PromiseKit/PromiseKit.framework",
				"${BUILT_PRODUCTS_DIR}/SwiftyJSON/SwiftyJSON.framework",
			);
			name = "[CP] Embed Pods Frameworks";
			outputPaths = (
				"${TARGET_BUILD_DIR}/${FRAMEWORKS_FOLDER_PATH}/Alamofire.framework",
				"${TARGET_BUILD_DIR}/${FRAMEWORKS_FOLDER_PATH}/PromiseKit.framework",
				"${TARGET_BUILD_DIR}/${FRAMEWORKS_FOLDER_PATH}/SwiftyJSON.framework",
			);
			runOnlyForDeploymentPostprocessing = 0;
			shellPath = /bin/sh;
			shellScript = "\"${SRCROOT}/Pods/Target Support Files/Pods-YesplanVIP/Pods-YesplanVIP-frameworks.sh\"\n";
			showEnvVarsInLog = 0;
		};
		E9250E09F3080259DD52CD7D /* [CP] Check Pods Manifest.lock */ = {
			isa = PBXShellScriptBuildPhase;
			buildActionMask = 2147483647;
			files = (
			);
			inputPaths = (
				"${PODS_PODFILE_DIR_PATH}/Podfile.lock",
				"${PODS_ROOT}/Manifest.lock",
			);
			name = "[CP] Check Pods Manifest.lock";
			outputPaths = (
				"$(DERIVED_FILE_DIR)/Pods-YesplanVIP-checkManifestLockResult.txt",
			);
			runOnlyForDeploymentPostprocessing = 0;
			shellPath = /bin/sh;
			shellScript = "diff \"${PODS_PODFILE_DIR_PATH}/Podfile.lock\" \"${PODS_ROOT}/Manifest.lock\" > /dev/null\nif [ $? != 0 ] ; then\n    # print error to STDERR\n    echo \"error: The sandbox is not in sync with the Podfile.lock. Run 'pod install' or update your CocoaPods installation.\" >&2\n    exit 1\nfi\n# This output is used by Xcode 'outputs' to avoid re-running this script phase.\necho \"SUCCESS\" > \"${SCRIPT_OUTPUT_FILE_0}\"\n";
			showEnvVarsInLog = 0;
		};
		ECF1923DEB66AC306C2CCBB2 /* [CP] Copy Pods Resources */ = {
			isa = PBXShellScriptBuildPhase;
			buildActionMask = 2147483647;
			files = (
			);
			inputPaths = (
			);
			name = "[CP] Copy Pods Resources";
			outputPaths = (
			);
			runOnlyForDeploymentPostprocessing = 0;
			shellPath = /bin/sh;
			shellScript = "\"${SRCROOT}/Pods/Target Support Files/Pods-YesplanVIPTests/Pods-YesplanVIPTests-resources.sh\"\n";
			showEnvVarsInLog = 0;
		};
/* End PBXShellScriptBuildPhase section */

/* Begin PBXSourcesBuildPhase section */
		3CE710172121827900EBF6A5 /* Sources */ = {
			isa = PBXSourcesBuildPhase;
			buildActionMask = 2147483647;
			files = (
				3CE710DC2121A82100EBF6A5 /* UserWorker.swift in Sources */,
				3CE710E82121A82100EBF6A5 /* UserInteractor.swift in Sources */,
				3CE710AA2121A7A900EBF6A5 /* ContactsWorker.swift in Sources */,
				3CE710272121827900EBF6A5 /* YesplanVIP.xcdatamodeld in Sources */,
				3CE710FE2121A84400EBF6A5 /* HelpViewController.swift in Sources */,
				3CE710FB2121A84400EBF6A5 /* HelpModels.swift in Sources */,
				3CE7108E2121A78800EBF6A5 /* TasksPresenter.swift in Sources */,
				3CE710D92121A82100EBF6A5 /* UserPresenter.swift in Sources */,
				3CE710912121A78800EBF6A5 /* TasksWorker.swift in Sources */,
				3CE710F22121A84400EBF6A5 /* HelpPresenter.swift in Sources */,
				3CE710612121A6D100EBF6A5 /* EventsRouter.swift in Sources */,
				3CE710C92121A7E300EBF6A5 /* ToDoModels.swift in Sources */,
				3CE710B62121A7A900EBF6A5 /* ContactsInteractor.swift in Sources */,
				3CE710F82121A84400EBF6A5 /* HelpRouter.swift in Sources */,
				3CE7105B2121A6D100EBF6A5 /* EventsPresenter.swift in Sources */,
				3CE711012121A84400EBF6A5 /* HelpInteractor.swift in Sources */,
				3CE710C62121A7E300EBF6A5 /* ToDoRouter.swift in Sources */,
				3CE710C32121A7E300EBF6A5 /* ToDoWorker.swift in Sources */,
				3CE710522121A68000EBF6A5 /* MainTabBarController.swift in Sources */,
				3CE710972121A78800EBF6A5 /* TasksModels.swift in Sources */,
				3CE710B02121A7A900EBF6A5 /* ContactsModels.swift in Sources */,
				3CE7101F2121827900EBF6A5 /* AppDelegate.swift in Sources */,
				3CE710E22121A82100EBF6A5 /* UserModels.swift in Sources */,
				3CE7105E2121A6D100EBF6A5 /* EventsWorker.swift in Sources */,
				3CE7109D2121A78800EBF6A5 /* TasksInteractor.swift in Sources */,
				3CE710CF2121A7E300EBF6A5 /* ToDoInteractor.swift in Sources */,
				3CE710642121A6D100EBF6A5 /* EventsModels.swift in Sources */,
				3CE710782121A76400EBF6A5 /* TeamplannerWorker.swift in Sources */,
				3CE710B32121A7A900EBF6A5 /* ContactsViewController.swift in Sources */,
				3CE710A72121A7A900EBF6A5 /* ContactsPresenter.swift in Sources */,
				3CE710AD2121A7A900EBF6A5 /* ContactsRouter.swift in Sources */,
				3CE710842121A76400EBF6A5 /* TeamplannerInteractor.swift in Sources */,
				3CE710CC2121A7E300EBF6A5 /* ToDoViewController.swift in Sources */,
				3CE710812121A76400EBF6A5 /* TeamplannerViewController.swift in Sources */,
				3CE710E52121A82100EBF6A5 /* UserViewController.swift in Sources */,
				3CE710942121A78800EBF6A5 /* TasksRouter.swift in Sources */,
				3CE7107B2121A76400EBF6A5 /* TeamplannerRouter.swift in Sources */,
				3CE710C02121A7E300EBF6A5 /* ToDoPresenter.swift in Sources */,
				3CE710F52121A84400EBF6A5 /* HelpWorker.swift in Sources */,
				3CE710DF2121A82100EBF6A5 /* UserRouter.swift in Sources */,
				3CE7106A2121A6D100EBF6A5 /* EventsInteractor.swift in Sources */,
				3CE710752121A76400EBF6A5 /* TeamplannerPresenter.swift in Sources */,
				3CE7109A2121A78800EBF6A5 /* TasksViewController.swift in Sources */,
				3CE710502121860F00EBF6A5 /* teset.swift in Sources */,
				3CE710672121A6D100EBF6A5 /* EventsViewController.swift in Sources */,
				3CE7107E2121A76400EBF6A5 /* TeamplannerModels.swift in Sources */,
			);
			runOnlyForDeploymentPostprocessing = 0;
		};
		3CE7102E2121827A00EBF6A5 /* Sources */ = {
			isa = PBXSourcesBuildPhase;
			buildActionMask = 2147483647;
			files = (
				3CE710D02121A7E300EBF6A5 /* ToDoInteractor.swift in Sources */,
				3CE710622121A6D100EBF6A5 /* EventsRouter.swift in Sources */,
				3CE7109E2121A78800EBF6A5 /* TasksInteractor.swift in Sources */,
				3CE710E92121A82100EBF6A5 /* UserInteractor.swift in Sources */,
				3CE710FF2121A84400EBF6A5 /* HelpViewController.swift in Sources */,
				3CE710FC2121A84400EBF6A5 /* HelpModels.swift in Sources */,
				3CE710762121A76400EBF6A5 /* TeamplannerPresenter.swift in Sources */,
				3CE710E02121A82100EBF6A5 /* UserRouter.swift in Sources */,
				3CE710F62121A84400EBF6A5 /* HelpWorker.swift in Sources */,
				3CE710F92121A84400EBF6A5 /* HelpRouter.swift in Sources */,
				3CE710C42121A7E300EBF6A5 /* ToDoWorker.swift in Sources */,
				3CE710852121A76400EBF6A5 /* TeamplannerInteractor.swift in Sources */,
				3CE710C12121A7E300EBF6A5 /* ToDoPresenter.swift in Sources */,
				3CE710AB2121A7A900EBF6A5 /* ContactsWorker.swift in Sources */,
				3CE710952121A78800EBF6A5 /* TasksRouter.swift in Sources */,
				3CE7106B2121A6D100EBF6A5 /* EventsInteractor.swift in Sources */,
				3CE710CD2121A7E300EBF6A5 /* ToDoViewController.swift in Sources */,
				3CE710822121A76400EBF6A5 /* TeamplannerViewController.swift in Sources */,
				3CE7105F2121A6D100EBF6A5 /* EventsWorker.swift in Sources */,
				3CE710CA2121A7E300EBF6A5 /* ToDoModels.swift in Sources */,
				3CE7108F2121A78800EBF6A5 /* TasksPresenter.swift in Sources */,
				3CE710532121A68000EBF6A5 /* MainTabBarController.swift in Sources */,
				3CE710A82121A7A900EBF6A5 /* ContactsPresenter.swift in Sources */,
				3CE711022121A84400EBF6A5 /* HelpInteractor.swift in Sources */,
				3CE710792121A76400EBF6A5 /* TeamplannerWorker.swift in Sources */,
				3CE710372121827A00EBF6A5 /* YesplanVIPTests.swift in Sources */,
				3CE710F32121A84400EBF6A5 /* HelpPresenter.swift in Sources */,
				3CE710682121A6D100EBF6A5 /* EventsViewController.swift in Sources */,
				3CE710B72121A7A900EBF6A5 /* ContactsInteractor.swift in Sources */,
				3CE710E62121A82100EBF6A5 /* UserViewController.swift in Sources */,
				3CE710DA2121A82100EBF6A5 /* UserPresenter.swift in Sources */,
				3CE710982121A78800EBF6A5 /* TasksModels.swift in Sources */,
				3CE710652121A6D100EBF6A5 /* EventsModels.swift in Sources */,
				3CE710922121A78800EBF6A5 /* TasksWorker.swift in Sources */,
				3CE710B12121A7A900EBF6A5 /* ContactsModels.swift in Sources */,
				3CE7109B2121A78800EBF6A5 /* TasksViewController.swift in Sources */,
				3CE7107F2121A76400EBF6A5 /* TeamplannerModels.swift in Sources */,
				3CE710DD2121A82100EBF6A5 /* UserWorker.swift in Sources */,
				3CE710C72121A7E300EBF6A5 /* ToDoRouter.swift in Sources */,
				3CE710AE2121A7A900EBF6A5 /* ContactsRouter.swift in Sources */,
				3CE7105C2121A6D100EBF6A5 /* EventsPresenter.swift in Sources */,
				3CE7107C2121A76400EBF6A5 /* TeamplannerRouter.swift in Sources */,
				3CE710E32121A82100EBF6A5 /* UserModels.swift in Sources */,
				3CE710B42121A7A900EBF6A5 /* ContactsViewController.swift in Sources */,
			);
			runOnlyForDeploymentPostprocessing = 0;
		};
		3CE710392121827A00EBF6A5 /* Sources */ = {
			isa = PBXSourcesBuildPhase;
			buildActionMask = 2147483647;
			files = (
				3CE710D12121A7E300EBF6A5 /* ToDoInteractor.swift in Sources */,
				3CE710632121A6D100EBF6A5 /* EventsRouter.swift in Sources */,
				3CE7109F2121A78800EBF6A5 /* TasksInteractor.swift in Sources */,
				3CE710EA2121A82100EBF6A5 /* UserInteractor.swift in Sources */,
				3CE711002121A84400EBF6A5 /* HelpViewController.swift in Sources */,
				3CE710FD2121A84400EBF6A5 /* HelpModels.swift in Sources */,
				3CE710772121A76400EBF6A5 /* TeamplannerPresenter.swift in Sources */,
				3CE710E12121A82100EBF6A5 /* UserRouter.swift in Sources */,
				3CE710F72121A84400EBF6A5 /* HelpWorker.swift in Sources */,
				3CE710FA2121A84400EBF6A5 /* HelpRouter.swift in Sources */,
				3CE710C52121A7E300EBF6A5 /* ToDoWorker.swift in Sources */,
				3CE710862121A76400EBF6A5 /* TeamplannerInteractor.swift in Sources */,
				3CE710C22121A7E300EBF6A5 /* ToDoPresenter.swift in Sources */,
				3CE710AC2121A7A900EBF6A5 /* ContactsWorker.swift in Sources */,
				3CE710962121A78800EBF6A5 /* TasksRouter.swift in Sources */,
				3CE7106C2121A6D100EBF6A5 /* EventsInteractor.swift in Sources */,
				3CE710CE2121A7E300EBF6A5 /* ToDoViewController.swift in Sources */,
				3CE710832121A76400EBF6A5 /* TeamplannerViewController.swift in Sources */,
				3CE710602121A6D100EBF6A5 /* EventsWorker.swift in Sources */,
				3CE710CB2121A7E300EBF6A5 /* ToDoModels.swift in Sources */,
				3CE710902121A78800EBF6A5 /* TasksPresenter.swift in Sources */,
				3CE710542121A68000EBF6A5 /* MainTabBarController.swift in Sources */,
				3CE710A92121A7A900EBF6A5 /* ContactsPresenter.swift in Sources */,
				3CE711032121A84400EBF6A5 /* HelpInteractor.swift in Sources */,
				3CE7107A2121A76400EBF6A5 /* TeamplannerWorker.swift in Sources */,
				3CE710422121827A00EBF6A5 /* YesplanVIPUITests.swift in Sources */,
				3CE710F42121A84400EBF6A5 /* HelpPresenter.swift in Sources */,
				3CE710692121A6D100EBF6A5 /* EventsViewController.swift in Sources */,
				3CE710B82121A7A900EBF6A5 /* ContactsInteractor.swift in Sources */,
				3CE710E72121A82100EBF6A5 /* UserViewController.swift in Sources */,
				3CE710DB2121A82100EBF6A5 /* UserPresenter.swift in Sources */,
				3CE710992121A78800EBF6A5 /* TasksModels.swift in Sources */,
				3CE710662121A6D100EBF6A5 /* EventsModels.swift in Sources */,
				3CE710932121A78800EBF6A5 /* TasksWorker.swift in Sources */,
				3CE710B22121A7A900EBF6A5 /* ContactsModels.swift in Sources */,
				3CE7109C2121A78800EBF6A5 /* TasksViewController.swift in Sources */,
				3CE710802121A76400EBF6A5 /* TeamplannerModels.swift in Sources */,
				3CE710DE2121A82100EBF6A5 /* UserWorker.swift in Sources */,
				3CE710C82121A7E300EBF6A5 /* ToDoRouter.swift in Sources */,
				3CE710AF2121A7A900EBF6A5 /* ContactsRouter.swift in Sources */,
				3CE7105D2121A6D100EBF6A5 /* EventsPresenter.swift in Sources */,
				3CE7107D2121A76400EBF6A5 /* TeamplannerRouter.swift in Sources */,
				3CE710E42121A82100EBF6A5 /* UserModels.swift in Sources */,
				3CE710B52121A7A900EBF6A5 /* ContactsViewController.swift in Sources */,
			);
			runOnlyForDeploymentPostprocessing = 0;
		};
/* End PBXSourcesBuildPhase section */

/* Begin PBXTargetDependency section */
		3CE710342121827A00EBF6A5 /* PBXTargetDependency */ = {
			isa = PBXTargetDependency;
			target = 3CE7101A2121827900EBF6A5 /* YesplanVIP */;
			targetProxy = 3CE710332121827A00EBF6A5 /* PBXContainerItemProxy */;
		};
		3CE7103F2121827A00EBF6A5 /* PBXTargetDependency */ = {
			isa = PBXTargetDependency;
			target = 3CE7101A2121827900EBF6A5 /* YesplanVIP */;
			targetProxy = 3CE7103E2121827A00EBF6A5 /* PBXContainerItemProxy */;
		};
/* End PBXTargetDependency section */

/* Begin PBXVariantGroup section */
		3CE710222121827900EBF6A5 /* Main.storyboard */ = {
			isa = PBXVariantGroup;
			children = (
				3CE710232121827900EBF6A5 /* Base */,
			);
			name = Main.storyboard;
			sourceTree = "<group>";
		};
		3CE7102A2121827A00EBF6A5 /* LaunchScreen.storyboard */ = {
			isa = PBXVariantGroup;
			children = (
				3CE7102B2121827A00EBF6A5 /* Base */,
			);
			name = LaunchScreen.storyboard;
			sourceTree = "<group>";
		};
/* End PBXVariantGroup section */

/* Begin XCBuildConfiguration section */
		3CE710442121827A00EBF6A5 /* Debug */ = {
			isa = XCBuildConfiguration;
			buildSettings = {
				ALWAYS_SEARCH_USER_PATHS = NO;
				CLANG_ANALYZER_NONNULL = YES;
				CLANG_ANALYZER_NUMBER_OBJECT_CONVERSION = YES_AGGRESSIVE;
				CLANG_CXX_LANGUAGE_STANDARD = "gnu++14";
				CLANG_CXX_LIBRARY = "libc++";
				CLANG_ENABLE_MODULES = YES;
				CLANG_ENABLE_OBJC_ARC = YES;
				CLANG_ENABLE_OBJC_WEAK = YES;
				CLANG_WARN_BLOCK_CAPTURE_AUTORELEASING = YES;
				CLANG_WARN_BOOL_CONVERSION = YES;
				CLANG_WARN_COMMA = YES;
				CLANG_WARN_CONSTANT_CONVERSION = YES;
				CLANG_WARN_DEPRECATED_OBJC_IMPLEMENTATIONS = YES;
				CLANG_WARN_DIRECT_OBJC_ISA_USAGE = YES_ERROR;
				CLANG_WARN_DOCUMENTATION_COMMENTS = YES;
				CLANG_WARN_EMPTY_BODY = YES;
				CLANG_WARN_ENUM_CONVERSION = YES;
				CLANG_WARN_INFINITE_RECURSION = YES;
				CLANG_WARN_INT_CONVERSION = YES;
				CLANG_WARN_NON_LITERAL_NULL_CONVERSION = YES;
				CLANG_WARN_OBJC_IMPLICIT_RETAIN_SELF = YES;
				CLANG_WARN_OBJC_LITERAL_CONVERSION = YES;
				CLANG_WARN_OBJC_ROOT_CLASS = YES_ERROR;
				CLANG_WARN_RANGE_LOOP_ANALYSIS = YES;
				CLANG_WARN_STRICT_PROTOTYPES = YES;
				CLANG_WARN_SUSPICIOUS_MOVE = YES;
				CLANG_WARN_UNGUARDED_AVAILABILITY = YES_AGGRESSIVE;
				CLANG_WARN_UNREACHABLE_CODE = YES;
				CLANG_WARN__DUPLICATE_METHOD_MATCH = YES;
				CODE_SIGN_IDENTITY = "iPhone Developer";
				COPY_PHASE_STRIP = NO;
				DEBUG_INFORMATION_FORMAT = dwarf;
				ENABLE_STRICT_OBJC_MSGSEND = YES;
				ENABLE_TESTABILITY = YES;
				GCC_C_LANGUAGE_STANDARD = gnu11;
				GCC_DYNAMIC_NO_PIC = NO;
				GCC_NO_COMMON_BLOCKS = YES;
				GCC_OPTIMIZATION_LEVEL = 0;
				GCC_PREPROCESSOR_DEFINITIONS = (
					"DEBUG=1",
					"$(inherited)",
				);
				GCC_WARN_64_TO_32_BIT_CONVERSION = YES;
				GCC_WARN_ABOUT_RETURN_TYPE = YES_ERROR;
				GCC_WARN_UNDECLARED_SELECTOR = YES;
				GCC_WARN_UNINITIALIZED_AUTOS = YES_AGGRESSIVE;
				GCC_WARN_UNUSED_FUNCTION = YES;
				GCC_WARN_UNUSED_VARIABLE = YES;
				IPHONEOS_DEPLOYMENT_TARGET = 11.4;
				MTL_ENABLE_DEBUG_INFO = YES;
				ONLY_ACTIVE_ARCH = YES;
				SDKROOT = iphoneos;
				SWIFT_ACTIVE_COMPILATION_CONDITIONS = DEBUG;
				SWIFT_OPTIMIZATION_LEVEL = "-Onone";
			};
			name = Debug;
		};
		3CE710452121827A00EBF6A5 /* Release */ = {
			isa = XCBuildConfiguration;
			buildSettings = {
				ALWAYS_SEARCH_USER_PATHS = NO;
				CLANG_ANALYZER_NONNULL = YES;
				CLANG_ANALYZER_NUMBER_OBJECT_CONVERSION = YES_AGGRESSIVE;
				CLANG_CXX_LANGUAGE_STANDARD = "gnu++14";
				CLANG_CXX_LIBRARY = "libc++";
				CLANG_ENABLE_MODULES = YES;
				CLANG_ENABLE_OBJC_ARC = YES;
				CLANG_ENABLE_OBJC_WEAK = YES;
				CLANG_WARN_BLOCK_CAPTURE_AUTORELEASING = YES;
				CLANG_WARN_BOOL_CONVERSION = YES;
				CLANG_WARN_COMMA = YES;
				CLANG_WARN_CONSTANT_CONVERSION = YES;
				CLANG_WARN_DEPRECATED_OBJC_IMPLEMENTATIONS = YES;
				CLANG_WARN_DIRECT_OBJC_ISA_USAGE = YES_ERROR;
				CLANG_WARN_DOCUMENTATION_COMMENTS = YES;
				CLANG_WARN_EMPTY_BODY = YES;
				CLANG_WARN_ENUM_CONVERSION = YES;
				CLANG_WARN_INFINITE_RECURSION = YES;
				CLANG_WARN_INT_CONVERSION = YES;
				CLANG_WARN_NON_LITERAL_NULL_CONVERSION = YES;
				CLANG_WARN_OBJC_IMPLICIT_RETAIN_SELF = YES;
				CLANG_WARN_OBJC_LITERAL_CONVERSION = YES;
				CLANG_WARN_OBJC_ROOT_CLASS = YES_ERROR;
				CLANG_WARN_RANGE_LOOP_ANALYSIS = YES;
				CLANG_WARN_STRICT_PROTOTYPES = YES;
				CLANG_WARN_SUSPICIOUS_MOVE = YES;
				CLANG_WARN_UNGUARDED_AVAILABILITY = YES_AGGRESSIVE;
				CLANG_WARN_UNREACHABLE_CODE = YES;
				CLANG_WARN__DUPLICATE_METHOD_MATCH = YES;
				CODE_SIGN_IDENTITY = "iPhone Developer";
				COPY_PHASE_STRIP = NO;
				DEBUG_INFORMATION_FORMAT = "dwarf-with-dsym";
				ENABLE_NS_ASSERTIONS = NO;
				ENABLE_STRICT_OBJC_MSGSEND = YES;
				GCC_C_LANGUAGE_STANDARD = gnu11;
				GCC_NO_COMMON_BLOCKS = YES;
				GCC_WARN_64_TO_32_BIT_CONVERSION = YES;
				GCC_WARN_ABOUT_RETURN_TYPE = YES_ERROR;
				GCC_WARN_UNDECLARED_SELECTOR = YES;
				GCC_WARN_UNINITIALIZED_AUTOS = YES_AGGRESSIVE;
				GCC_WARN_UNUSED_FUNCTION = YES;
				GCC_WARN_UNUSED_VARIABLE = YES;
				IPHONEOS_DEPLOYMENT_TARGET = 11.4;
				MTL_ENABLE_DEBUG_INFO = NO;
				SDKROOT = iphoneos;
				SWIFT_COMPILATION_MODE = wholemodule;
				SWIFT_OPTIMIZATION_LEVEL = "-O";
				VALIDATE_PRODUCT = YES;
			};
			name = Release;
		};
		3CE710472121827A00EBF6A5 /* Debug */ = {
			isa = XCBuildConfiguration;
			baseConfigurationReference = 6FE5CE4C7D32C7169114F61E /* Pods-YesplanVIP.debug.xcconfig */;
			buildSettings = {
				ASSETCATALOG_COMPILER_APPICON_NAME = AppIcon;
				CODE_SIGN_STYLE = Automatic;
				DEVELOPMENT_TEAM = 9WC44CBGXS;
				INFOPLIST_FILE = YesplanVIP/Info.plist;
				LD_RUNPATH_SEARCH_PATHS = (
					"$(inherited)",
					"@executable_path/Frameworks",
				);
				PRODUCT_BUNDLE_IDENTIFIER = Yesplan.YesplanVIP;
				PRODUCT_NAME = "$(TARGET_NAME)";
				SWIFT_VERSION = 4.0;
				TARGETED_DEVICE_FAMILY = "1,2";
			};
			name = Debug;
		};
		3CE710482121827A00EBF6A5 /* Release */ = {
			isa = XCBuildConfiguration;
			baseConfigurationReference = 75E8E8DE73CA0BD5E92077AC /* Pods-YesplanVIP.release.xcconfig */;
			buildSettings = {
				ASSETCATALOG_COMPILER_APPICON_NAME = AppIcon;
				CODE_SIGN_STYLE = Automatic;
				DEVELOPMENT_TEAM = 9WC44CBGXS;
				INFOPLIST_FILE = YesplanVIP/Info.plist;
				LD_RUNPATH_SEARCH_PATHS = (
					"$(inherited)",
					"@executable_path/Frameworks",
				);
				PRODUCT_BUNDLE_IDENTIFIER = Yesplan.YesplanVIP;
				PRODUCT_NAME = "$(TARGET_NAME)";
				SWIFT_VERSION = 4.0;
				TARGETED_DEVICE_FAMILY = "1,2";
			};
			name = Release;
		};
		3CE7104A2121827A00EBF6A5 /* Debug */ = {
			isa = XCBuildConfiguration;
			baseConfigurationReference = 07715810F8C33A7564D73404 /* Pods-YesplanVIPTests.debug.xcconfig */;
			buildSettings = {
				ALWAYS_EMBED_SWIFT_STANDARD_LIBRARIES = YES;
				BUNDLE_LOADER = "$(TEST_HOST)";
				CODE_SIGN_STYLE = Automatic;
				DEVELOPMENT_TEAM = 9WC44CBGXS;
				INFOPLIST_FILE = YesplanVIPTests/Info.plist;
				LD_RUNPATH_SEARCH_PATHS = (
					"$(inherited)",
					"@executable_path/Frameworks",
					"@loader_path/Frameworks",
				);
				PRODUCT_BUNDLE_IDENTIFIER = Yesplan.YesplanVIPTests;
				PRODUCT_NAME = "$(TARGET_NAME)";
				SWIFT_VERSION = 4.0;
				TARGETED_DEVICE_FAMILY = "1,2";
				TEST_HOST = "$(BUILT_PRODUCTS_DIR)/YesplanVIP.app/YesplanVIP";
			};
			name = Debug;
		};
		3CE7104B2121827A00EBF6A5 /* Release */ = {
			isa = XCBuildConfiguration;
			baseConfigurationReference = E55F0A741FF245F7CF3BFD19 /* Pods-YesplanVIPTests.release.xcconfig */;
			buildSettings = {
				ALWAYS_EMBED_SWIFT_STANDARD_LIBRARIES = YES;
				BUNDLE_LOADER = "$(TEST_HOST)";
				CODE_SIGN_STYLE = Automatic;
				DEVELOPMENT_TEAM = 9WC44CBGXS;
				INFOPLIST_FILE = YesplanVIPTests/Info.plist;
				LD_RUNPATH_SEARCH_PATHS = (
					"$(inherited)",
					"@executable_path/Frameworks",
					"@loader_path/Frameworks",
				);
				PRODUCT_BUNDLE_IDENTIFIER = Yesplan.YesplanVIPTests;
				PRODUCT_NAME = "$(TARGET_NAME)";
				SWIFT_VERSION = 4.0;
				TARGETED_DEVICE_FAMILY = "1,2";
				TEST_HOST = "$(BUILT_PRODUCTS_DIR)/YesplanVIP.app/YesplanVIP";
			};
			name = Release;
		};
		3CE7104D2121827A00EBF6A5 /* Debug */ = {
			isa = XCBuildConfiguration;
			baseConfigurationReference = FF4F76BAFA49A7D1E327D553 /* Pods-YesplanVIPUITests.debug.xcconfig */;
			buildSettings = {
				ALWAYS_EMBED_SWIFT_STANDARD_LIBRARIES = YES;
				CODE_SIGN_STYLE = Automatic;
				DEVELOPMENT_TEAM = 9WC44CBGXS;
				INFOPLIST_FILE = YesplanVIPUITests/Info.plist;
				LD_RUNPATH_SEARCH_PATHS = (
					"$(inherited)",
					"@executable_path/Frameworks",
					"@loader_path/Frameworks",
				);
				PRODUCT_BUNDLE_IDENTIFIER = Yesplan.YesplanVIPUITests;
				PRODUCT_NAME = "$(TARGET_NAME)";
				SWIFT_VERSION = 4.0;
				TARGETED_DEVICE_FAMILY = "1,2";
				TEST_TARGET_NAME = YesplanVIP;
			};
			name = Debug;
		};
		3CE7104E2121827A00EBF6A5 /* Release */ = {
			isa = XCBuildConfiguration;
			baseConfigurationReference = CEF2A0577CF15C1A88C11CD1 /* Pods-YesplanVIPUITests.release.xcconfig */;
			buildSettings = {
				ALWAYS_EMBED_SWIFT_STANDARD_LIBRARIES = YES;
				CODE_SIGN_STYLE = Automatic;
				DEVELOPMENT_TEAM = 9WC44CBGXS;
				INFOPLIST_FILE = YesplanVIPUITests/Info.plist;
				LD_RUNPATH_SEARCH_PATHS = (
					"$(inherited)",
					"@executable_path/Frameworks",
					"@loader_path/Frameworks",
				);
				PRODUCT_BUNDLE_IDENTIFIER = Yesplan.YesplanVIPUITests;
				PRODUCT_NAME = "$(TARGET_NAME)";
				SWIFT_VERSION = 4.0;
				TARGETED_DEVICE_FAMILY = "1,2";
				TEST_TARGET_NAME = YesplanVIP;
			};
			name = Release;
		};
/* End XCBuildConfiguration section */

/* Begin XCConfigurationList section */
		3CE710162121827900EBF6A5 /* Build configuration list for PBXProject "YesplanVIP" */ = {
			isa = XCConfigurationList;
			buildConfigurations = (
				3CE710442121827A00EBF6A5 /* Debug */,
				3CE710452121827A00EBF6A5 /* Release */,
			);
			defaultConfigurationIsVisible = 0;
			defaultConfigurationName = Release;
		};
		3CE710462121827A00EBF6A5 /* Build configuration list for PBXNativeTarget "YesplanVIP" */ = {
			isa = XCConfigurationList;
			buildConfigurations = (
				3CE710472121827A00EBF6A5 /* Debug */,
				3CE710482121827A00EBF6A5 /* Release */,
			);
			defaultConfigurationIsVisible = 0;
			defaultConfigurationName = Release;
		};
		3CE710492121827A00EBF6A5 /* Build configuration list for PBXNativeTarget "YesplanVIPTests" */ = {
			isa = XCConfigurationList;
			buildConfigurations = (
				3CE7104A2121827A00EBF6A5 /* Debug */,
				3CE7104B2121827A00EBF6A5 /* Release */,
			);
			defaultConfigurationIsVisible = 0;
			defaultConfigurationName = Release;
		};
		3CE7104C2121827A00EBF6A5 /* Build configuration list for PBXNativeTarget "YesplanVIPUITests" */ = {
			isa = XCConfigurationList;
			buildConfigurations = (
				3CE7104D2121827A00EBF6A5 /* Debug */,
				3CE7104E2121827A00EBF6A5 /* Release */,
			);
			defaultConfigurationIsVisible = 0;
			defaultConfigurationName = Release;
		};
/* End XCConfigurationList section */

/* Begin XCVersionGroup section */
		3CE710252121827900EBF6A5 /* YesplanVIP.xcdatamodeld */ = {
			isa = XCVersionGroup;
			children = (
				3CE710262121827900EBF6A5 /* YesplanVIP.xcdatamodel */,
			);
			currentVersion = 3CE710262121827900EBF6A5 /* YesplanVIP.xcdatamodel */;
			path = YesplanVIP.xcdatamodeld;
			sourceTree = "<group>";
			versionGroupType = wrapper.xcdatamodel;
		};
/* End XCVersionGroup section */
	};
	rootObject = 3CE710132121827900EBF6A5 /* Project object */;
}
